// !$*UTF8*$!
{
	archiveVersion = 1;
	classes = {
	};
	objectVersion = 60;
	objects = {

/* Begin PBXBuildFile section */
		BC09F7E52D58916300F0EC6A /* DI.swift in Sources */ = {isa = PBXBuildFile; fileRef = BC09F7E42D58916300F0EC6A /* DI.swift */; };
		BC251F2B2A76A2F8004CE9CF /* LoadingLottie.json in Resources */ = {isa = PBXBuildFile; fileRef = BC251F2A2A76A2F8004CE9CF /* LoadingLottie.json */; };
		BC307E202A7935D60008800A /* LocationLottie.json in Resources */ = {isa = PBXBuildFile; fileRef = BC307E1F2A7935D60008800A /* LocationLottie.json */; };
		BC5D13752C9588AA0076F6C8 /* Env.xcconfig in Resources */ = {isa = PBXBuildFile; fileRef = BC5D13742C9588AA0076F6C8 /* Env.xcconfig */; };
		BC5D13792C9594E30076F6C8 /* WeeklyWeatherFeature in Frameworks */ = {isa = PBXBuildFile; productRef = BC5D13782C9594E30076F6C8 /* WeeklyWeatherFeature */; };
		BC5D137D2C9597FF0076F6C8 /* SettingFeature in Frameworks */ = {isa = PBXBuildFile; productRef = BC5D137C2C9597FF0076F6C8 /* SettingFeature */; };
		BC5EF9052AE6AF7300636A95 /* LaunchScreen.swift in Sources */ = {isa = PBXBuildFile; fileRef = BC5EF9042AE6AF7300636A95 /* LaunchScreen.swift */; };
		BC71DEE72C72C4F200313D6F /* Core in Frameworks */ = {isa = PBXBuildFile; productRef = BC71DEE62C72C4F200313D6F /* Core */; };
		BC723C652B57D25A0086BAAB /* RainSnowLottie.json in Resources */ = {isa = PBXBuildFile; fileRef = BC723C642B57D25A0086BAAB /* RainSnowLottie.json */; };
		BC76BABE2BAB048400DA19A8 /* VeryShortForecastUnitTests.swift in Sources */ = {isa = PBXBuildFile; fileRef = BC76BABD2BAB048400DA19A8 /* VeryShortForecastUnitTests.swift */; };
		BC76BACA2BAB071900DA19A8 /* VeryShortForecastServiceMock.swift in Sources */ = {isa = PBXBuildFile; fileRef = BC76BAC92BAB071900DA19A8 /* VeryShortForecastServiceMock.swift */; };
		BC76BACD2BAB087E00DA19A8 /* ApiRequesterMock.swift in Sources */ = {isa = PBXBuildFile; fileRef = BC76BACC2BAB087E00DA19A8 /* ApiRequesterMock.swift */; };
		BC76BACF2BAB0D9300DA19A8 /* VeryShortForecastMockData.swift in Sources */ = {isa = PBXBuildFile; fileRef = BC76BACE2BAB0D9300DA19A8 /* VeryShortForecastMockData.swift */; };
		BC76BAD32BAB189E00DA19A8 /* VeryShortForecastUtilMock.swift in Sources */ = {isa = PBXBuildFile; fileRef = BC76BAD22BAB189E00DA19A8 /* VeryShortForecastUtilMock.swift */; };
		BC956E142C7A211800600330 /* Widget in Frameworks */ = {isa = PBXBuildFile; productRef = BC956E132C7A211800600330 /* Widget */; };
		BC9C76D72C650F2800EFA0FE /* Data in Frameworks */ = {isa = PBXBuildFile; productRef = BC9C76D62C650F2800EFA0FE /* Data */; };
		BC9C76D92C65106A00EFA0FE /* Domain in Frameworks */ = {isa = PBXBuildFile; productRef = BC9C76D82C65106A00EFA0FE /* Domain */; };
		BC9DC8572C5FB1D0004B968D /* Core in Frameworks */ = {isa = PBXBuildFile; productRef = BC9DC8562C5FB1D0004B968D /* Core */; };
		BC9DC85A2C5FB1E2004B968D /* Data in Frameworks */ = {isa = PBXBuildFile; productRef = BC9DC8592C5FB1E2004B968D /* Data */; };
		BC9DC85D2C5FB1EF004B968D /* Domain in Frameworks */ = {isa = PBXBuildFile; productRef = BC9DC85C2C5FB1EF004B968D /* Domain */; };
		BC9DC8602C5FB204004B968D /* CurrentWeatherFeature in Frameworks */ = {isa = PBXBuildFile; productRef = BC9DC85F2C5FB204004B968D /* CurrentWeatherFeature */; };
		BC9DC8632C5FB214004B968D /* AdditionalLocationFeature in Frameworks */ = {isa = PBXBuildFile; productRef = BC9DC8622C5FB214004B968D /* AdditionalLocationFeature */; };
		BCA30F7A29FE203A0078D0B1 /* MyDedicatedWeatherAppApp.swift in Sources */ = {isa = PBXBuildFile; fileRef = BCA30F7929FE203A0078D0B1 /* MyDedicatedWeatherAppApp.swift */; };
		BCA30F7C29FE203A0078D0B1 /* MainTabView.swift in Sources */ = {isa = PBXBuildFile; fileRef = BCA30F7B29FE203A0078D0B1 /* MainTabView.swift */; };
		BCA30F7E29FE203A0078D0B1 /* Assets.xcassets in Resources */ = {isa = PBXBuildFile; fileRef = BCA30F7D29FE203A0078D0B1 /* Assets.xcassets */; };
		BCA30F8129FE203B0078D0B1 /* Preview Assets.xcassets in Resources */ = {isa = PBXBuildFile; fileRef = BCA30F8029FE203B0078D0B1 /* Preview Assets.xcassets */; };
		BCAADFD92CF7721D000CD396 /* BackgroundRainyLottie.json in Resources */ = {isa = PBXBuildFile; fileRef = BCAADFD42CF7721D000CD396 /* BackgroundRainyLottie.json */; };
		BCAADFDA2CF7721D000CD396 /* BackgroundCloudyLottie.json in Resources */ = {isa = PBXBuildFile; fileRef = BCAADFD52CF7721D000CD396 /* BackgroundCloudyLottie.json */; };
		BCAADFDB2CF7721D000CD396 /* BackgroundSunnyNightLottie.json in Resources */ = {isa = PBXBuildFile; fileRef = BCAADFD62CF7721D000CD396 /* BackgroundSunnyNightLottie.json */; };
		BCAADFDC2CF7721D000CD396 /* BackgroundSnowLottie.json in Resources */ = {isa = PBXBuildFile; fileRef = BCAADFD72CF7721D000CD396 /* BackgroundSnowLottie.json */; };
		BCAADFDD2CF7721D000CD396 /* BackgroundSunnyDayLottie.json in Resources */ = {isa = PBXBuildFile; fileRef = BCAADFD82CF7721D000CD396 /* BackgroundSunnyDayLottie.json */; };
		BCB532132A75114100DC2B33 /* CloudManyNightLottie.json in Resources */ = {isa = PBXBuildFile; fileRef = BCB532062A75114100DC2B33 /* CloudManyNightLottie.json */; };
		BCB532142A75114100DC2B33 /* SunnyLottie.json in Resources */ = {isa = PBXBuildFile; fileRef = BCB532072A75114100DC2B33 /* SunnyLottie.json */; };
		BCB532152A75114100DC2B33 /* LoadFailLottie.json in Resources */ = {isa = PBXBuildFile; fileRef = BCB532082A75114100DC2B33 /* LoadFailLottie.json */; };
		BCB532162A75114100DC2B33 /* RainShowerNightLottie.json in Resources */ = {isa = PBXBuildFile; fileRef = BCB532092A75114100DC2B33 /* RainShowerNightLottie.json */; };
		BCB532172A75114100DC2B33 /* SunnyNightLottie.json in Resources */ = {isa = PBXBuildFile; fileRef = BCB5320A2A75114100DC2B33 /* SunnyNightLottie.json */; };
		BCB532182A75114100DC2B33 /* RainShowerLottie.json in Resources */ = {isa = PBXBuildFile; fileRef = BCB5320B2A75114100DC2B33 /* RainShowerLottie.json */; };
		BCB532192A75114100DC2B33 /* ThunderLottie.json in Resources */ = {isa = PBXBuildFile; fileRef = BCB5320C2A75114100DC2B33 /* ThunderLottie.json */; };
		BCB5321A2A75114100DC2B33 /* CloudManyLottie.json in Resources */ = {isa = PBXBuildFile; fileRef = BCB5320D2A75114100DC2B33 /* CloudManyLottie.json */; };
		BCB5321B2A75114100DC2B33 /* SnowLottie.json in Resources */ = {isa = PBXBuildFile; fileRef = BCB5320E2A75114100DC2B33 /* SnowLottie.json */; };
		BCB5321C2A75114100DC2B33 /* SnowNightLottie.json in Resources */ = {isa = PBXBuildFile; fileRef = BCB5320F2A75114100DC2B33 /* SnowNightLottie.json */; };
		BCB5321D2A75114100DC2B33 /* ThunderRainLottie.json in Resources */ = {isa = PBXBuildFile; fileRef = BCB532102A75114100DC2B33 /* ThunderRainLottie.json */; };
		BCB5321E2A75114100DC2B33 /* BlurLottie.json in Resources */ = {isa = PBXBuildFile; fileRef = BCB532112A75114100DC2B33 /* BlurLottie.json */; };
		BCB5321F2A75114100DC2B33 /* RainManyLottie.json in Resources */ = {isa = PBXBuildFile; fileRef = BCB532122A75114100DC2B33 /* RainManyLottie.json */; };
		BCE4899C2A4EA32400A18B2B /* LICENSE in Resources */ = {isa = PBXBuildFile; fileRef = BCE489962A4EA32200A18B2B /* LICENSE */; };
		BCE4899D2A4EA32400A18B2B /* SpoqaHanSansNeo-Light.otf in Resources */ = {isa = PBXBuildFile; fileRef = BCE489972A4EA32200A18B2B /* SpoqaHanSansNeo-Light.otf */; };
		BCE4899E2A4EA32400A18B2B /* SpoqaHanSansNeo-Bold.otf in Resources */ = {isa = PBXBuildFile; fileRef = BCE489982A4EA32300A18B2B /* SpoqaHanSansNeo-Bold.otf */; };
		BCE4899F2A4EA32400A18B2B /* SpoqaHanSansNeo-Medium.otf in Resources */ = {isa = PBXBuildFile; fileRef = BCE489992A4EA32300A18B2B /* SpoqaHanSansNeo-Medium.otf */; };
		BCE489A02A4EA32400A18B2B /* SpoqaHanSansNeo-Regular.otf in Resources */ = {isa = PBXBuildFile; fileRef = BCE4899A2A4EA32300A18B2B /* SpoqaHanSansNeo-Regular.otf */; };
		BCE489A12A4EA32400A18B2B /* SpoqaHanSansNeo-Thin.otf in Resources */ = {isa = PBXBuildFile; fileRef = BCE4899B2A4EA32400A18B2B /* SpoqaHanSansNeo-Thin.otf */; };
		BCE489B72A4EA33400A18B2B /* SpoqaHanSansNeo-Regular.woff in Resources */ = {isa = PBXBuildFile; fileRef = BCE489A22A4EA33300A18B2B /* SpoqaHanSansNeo-Regular.woff */; };
		BCE489B82A4EA33400A18B2B /* SpoqaHanSansNeo-Bold.eot in Resources */ = {isa = PBXBuildFile; fileRef = BCE489A32A4EA33300A18B2B /* SpoqaHanSansNeo-Bold.eot */; };
		BCE489B92A4EA33400A18B2B /* SpoqaHanSansNeo-Bold.woff in Resources */ = {isa = PBXBuildFile; fileRef = BCE489A42A4EA33400A18B2B /* SpoqaHanSansNeo-Bold.woff */; };
		BCE489BA2A4EA33400A18B2B /* SpoqaHanSansNeo-Light.woff2 in Resources */ = {isa = PBXBuildFile; fileRef = BCE489A52A4EA33400A18B2B /* SpoqaHanSansNeo-Light.woff2 */; };
		BCE489BC2A4EA33400A18B2B /* SpoqaHanSansNeo-Thin.woff2 in Resources */ = {isa = PBXBuildFile; fileRef = BCE489A72A4EA33400A18B2B /* SpoqaHanSansNeo-Thin.woff2 */; };
		BCE489BD2A4EA33400A18B2B /* SpoqaHanSansNeo-Regular.woff2 in Resources */ = {isa = PBXBuildFile; fileRef = BCE489A82A4EA33400A18B2B /* SpoqaHanSansNeo-Regular.woff2 */; };
		BCE489BE2A4EA33400A18B2B /* SpoqaHanSansNeo-Bold.woff2 in Resources */ = {isa = PBXBuildFile; fileRef = BCE489A92A4EA33400A18B2B /* SpoqaHanSansNeo-Bold.woff2 */; };
		BCE489BF2A4EA33400A18B2B /* SpoqaHanSansNeo-Medium.woff in Resources */ = {isa = PBXBuildFile; fileRef = BCE489AA2A4EA33400A18B2B /* SpoqaHanSansNeo-Medium.woff */; };
		BCE489C12A4EA33400A18B2B /* SpoqaHanSansNeo-Thin.woff in Resources */ = {isa = PBXBuildFile; fileRef = BCE489AC2A4EA33400A18B2B /* SpoqaHanSansNeo-Thin.woff */; };
		BCE489C22A4EA33400A18B2B /* SpoqaHanSansNeo-Light.woff in Resources */ = {isa = PBXBuildFile; fileRef = BCE489AD2A4EA33400A18B2B /* SpoqaHanSansNeo-Light.woff */; };
		BCE489C42A4EA33400A18B2B /* SpoqaHanSansNeo-Regular.eot in Resources */ = {isa = PBXBuildFile; fileRef = BCE489AF2A4EA33400A18B2B /* SpoqaHanSansNeo-Regular.eot */; };
		BCE489C62A4EA33400A18B2B /* SpoqaHanSansNeo-Light.eot in Resources */ = {isa = PBXBuildFile; fileRef = BCE489B12A4EA33400A18B2B /* SpoqaHanSansNeo-Light.eot */; };
		BCE489C72A4EA33400A18B2B /* SpoqaHanSansNeo-Medium.woff2 in Resources */ = {isa = PBXBuildFile; fileRef = BCE489B22A4EA33400A18B2B /* SpoqaHanSansNeo-Medium.woff2 */; };
		BCE489C82A4EA33400A18B2B /* SpoqaHanSansNeo-Thin.eot in Resources */ = {isa = PBXBuildFile; fileRef = BCE489B32A4EA33400A18B2B /* SpoqaHanSansNeo-Thin.eot */; };
		BCE489C92A4EA33400A18B2B /* SpoqaHanSansNeo-Medium.eot in Resources */ = {isa = PBXBuildFile; fileRef = BCE489B42A4EA33400A18B2B /* SpoqaHanSansNeo-Medium.eot */; };
		BCFB3EE42A9F90860043C26B /* WidgetKit.framework in Frameworks */ = {isa = PBXBuildFile; fileRef = BCFB3EE32A9F90860043C26B /* WidgetKit.framework */; };
		BCFB3EE62A9F90860043C26B /* SwiftUI.framework in Frameworks */ = {isa = PBXBuildFile; fileRef = BCFB3EE52A9F90860043C26B /* SwiftUI.framework */; };
		BCFB3EE92A9F90860043C26B /* WeatherWidgetBundle.swift in Sources */ = {isa = PBXBuildFile; fileRef = BCFB3EE82A9F90860043C26B /* WeatherWidgetBundle.swift */; };
		BCFB3EF12A9F90870043C26B /* WeatherWidgetExtension.appex in Embed Foundation Extensions */ = {isa = PBXBuildFile; fileRef = BCFB3EE12A9F90860043C26B /* WeatherWidgetExtension.appex */; settings = {ATTRIBUTES = (RemoveHeadersOnCopy, ); }; };
/* End PBXBuildFile section */

/* Begin PBXContainerItemProxy section */
		BC76BABF2BAB048400DA19A8 /* PBXContainerItemProxy */ = {
			isa = PBXContainerItemProxy;
			containerPortal = BCA30F6E29FE20390078D0B1 /* Project object */;
			proxyType = 1;
			remoteGlobalIDString = BCA30F7529FE20390078D0B1;
			remoteInfo = MyDedicatedWeatherApp;
		};
		BCFB3EEF2A9F90870043C26B /* PBXContainerItemProxy */ = {
			isa = PBXContainerItemProxy;
			containerPortal = BCA30F6E29FE20390078D0B1 /* Project object */;
			proxyType = 1;
			remoteGlobalIDString = BCFB3EE02A9F90860043C26B;
			remoteInfo = WeatherWidgetExtension;
		};
/* End PBXContainerItemProxy section */

/* Begin PBXCopyFilesBuildPhase section */
		BCFB3EF22A9F90870043C26B /* Embed Foundation Extensions */ = {
			isa = PBXCopyFilesBuildPhase;
			buildActionMask = 2147483647;
			dstPath = "";
			dstSubfolderSpec = 13;
			files = (
				BCFB3EF12A9F90870043C26B /* WeatherWidgetExtension.appex in Embed Foundation Extensions */,
			);
			name = "Embed Foundation Extensions";
			runOnlyForDeploymentPostprocessing = 0;
		};
/* End PBXCopyFilesBuildPhase section */

/* Begin PBXFileReference section */
		BC09F7E42D58916300F0EC6A /* DI.swift */ = {isa = PBXFileReference; lastKnownFileType = sourcecode.swift; path = DI.swift; sourceTree = "<group>"; };
		BC15D43C2AA60AC8006DC537 /* MyDedicatedWeatherApp.entitlements */ = {isa = PBXFileReference; lastKnownFileType = text.plist.entitlements; path = MyDedicatedWeatherApp.entitlements; sourceTree = "<group>"; };
		BC15D43D2AA60B00006DC537 /* WeatherWidgetExtension.entitlements */ = {isa = PBXFileReference; lastKnownFileType = text.plist.entitlements; path = WeatherWidgetExtension.entitlements; sourceTree = "<group>"; };
		BC251F2A2A76A2F8004CE9CF /* LoadingLottie.json */ = {isa = PBXFileReference; fileEncoding = 4; lastKnownFileType = text.json; path = LoadingLottie.json; sourceTree = "<group>"; };
		BC307E1F2A7935D60008800A /* LocationLottie.json */ = {isa = PBXFileReference; fileEncoding = 4; lastKnownFileType = text.json; path = LocationLottie.json; sourceTree = "<group>"; };
		BC4928072C5BC9E2008ECD9D /* Data */ = {isa = PBXFileReference; lastKnownFileType = wrapper; name = Data; path = MyDedicatedWeatherApp/Data; sourceTree = "<group>"; };
		BC4928082C5BCA0D008ECD9D /* CurrentWeatherFeature */ = {isa = PBXFileReference; lastKnownFileType = wrapper; name = CurrentWeatherFeature; path = MyDedicatedWeatherApp/CurrentWeatherFeature; sourceTree = "<group>"; };
		BC4928092C5BCB53008ECD9D /* Core */ = {isa = PBXFileReference; lastKnownFileType = wrapper; name = Core; path = MyDedicatedWeatherApp/Core; sourceTree = "<group>"; };
		BC49280A2C5BCE9B008ECD9D /* Domain */ = {isa = PBXFileReference; lastKnownFileType = wrapper; name = Domain; path = MyDedicatedWeatherApp/Domain; sourceTree = "<group>"; };
		BC4EFFA12C5FA30C00FF0ECC /* AdditionalLocationFeature */ = {isa = PBXFileReference; lastKnownFileType = wrapper; name = AdditionalLocationFeature; path = MyDedicatedWeatherApp/AdditionalLocationFeature; sourceTree = "<group>"; };
		BC5D13742C9588AA0076F6C8 /* Env.xcconfig */ = {isa = PBXFileReference; lastKnownFileType = text.xcconfig; path = Env.xcconfig; sourceTree = "<group>"; };
		BC5D13762C9592840076F6C8 /* WeeklyWeatherFeature */ = {isa = PBXFileReference; lastKnownFileType = wrapper; name = WeeklyWeatherFeature; path = MyDedicatedWeatherApp/WeeklyWeatherFeature; sourceTree = "<group>"; };
		BC5D137A2C9596DE0076F6C8 /* SettingFeature */ = {isa = PBXFileReference; lastKnownFileType = wrapper; name = SettingFeature; path = MyDedicatedWeatherApp/SettingFeature; sourceTree = "<group>"; };
		BC5EF9042AE6AF7300636A95 /* LaunchScreen.swift */ = {isa = PBXFileReference; lastKnownFileType = sourcecode.swift; path = LaunchScreen.swift; sourceTree = "<group>"; };
		BC723C642B57D25A0086BAAB /* RainSnowLottie.json */ = {isa = PBXFileReference; fileEncoding = 4; lastKnownFileType = text.json; path = RainSnowLottie.json; sourceTree = "<group>"; };
		BC76BABB2BAB048400DA19A8 /* MyDedicatedWeatherUnitTests.xctest */ = {isa = PBXFileReference; explicitFileType = wrapper.cfbundle; includeInIndex = 0; path = MyDedicatedWeatherUnitTests.xctest; sourceTree = BUILT_PRODUCTS_DIR; };
		BC76BABD2BAB048400DA19A8 /* VeryShortForecastUnitTests.swift */ = {isa = PBXFileReference; lastKnownFileType = sourcecode.swift; path = VeryShortForecastUnitTests.swift; sourceTree = "<group>"; };
		BC76BAC92BAB071900DA19A8 /* VeryShortForecastServiceMock.swift */ = {isa = PBXFileReference; lastKnownFileType = sourcecode.swift; path = VeryShortForecastServiceMock.swift; sourceTree = "<group>"; };
		BC76BACC2BAB087E00DA19A8 /* ApiRequesterMock.swift */ = {isa = PBXFileReference; lastKnownFileType = sourcecode.swift; path = ApiRequesterMock.swift; sourceTree = "<group>"; };
		BC76BACE2BAB0D9300DA19A8 /* VeryShortForecastMockData.swift */ = {isa = PBXFileReference; lastKnownFileType = sourcecode.swift; path = VeryShortForecastMockData.swift; sourceTree = "<group>"; };
		BC76BAD22BAB189E00DA19A8 /* VeryShortForecastUtilMock.swift */ = {isa = PBXFileReference; lastKnownFileType = sourcecode.swift; path = VeryShortForecastUtilMock.swift; sourceTree = "<group>"; };
		BC956E122C7A200000600330 /* Widget */ = {isa = PBXFileReference; lastKnownFileType = wrapper; name = Widget; path = MyDedicatedWeatherApp/Widget; sourceTree = "<group>"; };
		BCA30F7629FE20390078D0B1 /* MyDedicatedWeatherApp.app */ = {isa = PBXFileReference; explicitFileType = wrapper.application; includeInIndex = 0; path = MyDedicatedWeatherApp.app; sourceTree = BUILT_PRODUCTS_DIR; };
		BCA30F7929FE203A0078D0B1 /* MyDedicatedWeatherAppApp.swift */ = {isa = PBXFileReference; lastKnownFileType = sourcecode.swift; path = MyDedicatedWeatherAppApp.swift; sourceTree = "<group>"; };
		BCA30F7B29FE203A0078D0B1 /* MainTabView.swift */ = {isa = PBXFileReference; lastKnownFileType = sourcecode.swift; path = MainTabView.swift; sourceTree = "<group>"; };
		BCA30F7D29FE203A0078D0B1 /* Assets.xcassets */ = {isa = PBXFileReference; lastKnownFileType = folder.assetcatalog; path = Assets.xcassets; sourceTree = "<group>"; };
		BCA30F8029FE203B0078D0B1 /* Preview Assets.xcassets */ = {isa = PBXFileReference; lastKnownFileType = folder.assetcatalog; path = "Preview Assets.xcassets"; sourceTree = "<group>"; };
		BCA30FA829FE7D780078D0B1 /* Info.plist */ = {isa = PBXFileReference; lastKnownFileType = text.plist.xml; path = Info.plist; sourceTree = "<group>"; };
		BCAADFD42CF7721D000CD396 /* BackgroundRainyLottie.json */ = {isa = PBXFileReference; fileEncoding = 4; lastKnownFileType = text.json; path = BackgroundRainyLottie.json; sourceTree = "<group>"; };
		BCAADFD52CF7721D000CD396 /* BackgroundCloudyLottie.json */ = {isa = PBXFileReference; fileEncoding = 4; lastKnownFileType = text.json; path = BackgroundCloudyLottie.json; sourceTree = "<group>"; };
		BCAADFD62CF7721D000CD396 /* BackgroundSunnyNightLottie.json */ = {isa = PBXFileReference; fileEncoding = 4; lastKnownFileType = text.json; path = BackgroundSunnyNightLottie.json; sourceTree = "<group>"; };
		BCAADFD72CF7721D000CD396 /* BackgroundSnowLottie.json */ = {isa = PBXFileReference; fileEncoding = 4; lastKnownFileType = text.json; path = BackgroundSnowLottie.json; sourceTree = "<group>"; };
		BCAADFD82CF7721D000CD396 /* BackgroundSunnyDayLottie.json */ = {isa = PBXFileReference; fileEncoding = 4; lastKnownFileType = text.json; path = BackgroundSunnyDayLottie.json; sourceTree = "<group>"; };
		BCB532062A75114100DC2B33 /* CloudManyNightLottie.json */ = {isa = PBXFileReference; fileEncoding = 4; lastKnownFileType = text.json; path = CloudManyNightLottie.json; sourceTree = "<group>"; };
		BCB532072A75114100DC2B33 /* SunnyLottie.json */ = {isa = PBXFileReference; fileEncoding = 4; lastKnownFileType = text.json; path = SunnyLottie.json; sourceTree = "<group>"; };
		BCB532082A75114100DC2B33 /* LoadFailLottie.json */ = {isa = PBXFileReference; fileEncoding = 4; lastKnownFileType = text.json; path = LoadFailLottie.json; sourceTree = "<group>"; };
		BCB532092A75114100DC2B33 /* RainShowerNightLottie.json */ = {isa = PBXFileReference; fileEncoding = 4; lastKnownFileType = text.json; path = RainShowerNightLottie.json; sourceTree = "<group>"; };
		BCB5320A2A75114100DC2B33 /* SunnyNightLottie.json */ = {isa = PBXFileReference; fileEncoding = 4; lastKnownFileType = text.json; path = SunnyNightLottie.json; sourceTree = "<group>"; };
		BCB5320B2A75114100DC2B33 /* RainShowerLottie.json */ = {isa = PBXFileReference; fileEncoding = 4; lastKnownFileType = text.json; path = RainShowerLottie.json; sourceTree = "<group>"; };
		BCB5320C2A75114100DC2B33 /* ThunderLottie.json */ = {isa = PBXFileReference; fileEncoding = 4; lastKnownFileType = text.json; path = ThunderLottie.json; sourceTree = "<group>"; };
		BCB5320D2A75114100DC2B33 /* CloudManyLottie.json */ = {isa = PBXFileReference; fileEncoding = 4; lastKnownFileType = text.json; path = CloudManyLottie.json; sourceTree = "<group>"; };
		BCB5320E2A75114100DC2B33 /* SnowLottie.json */ = {isa = PBXFileReference; fileEncoding = 4; lastKnownFileType = text.json; path = SnowLottie.json; sourceTree = "<group>"; };
		BCB5320F2A75114100DC2B33 /* SnowNightLottie.json */ = {isa = PBXFileReference; fileEncoding = 4; lastKnownFileType = text.json; path = SnowNightLottie.json; sourceTree = "<group>"; };
		BCB532102A75114100DC2B33 /* ThunderRainLottie.json */ = {isa = PBXFileReference; fileEncoding = 4; lastKnownFileType = text.json; path = ThunderRainLottie.json; sourceTree = "<group>"; };
		BCB532112A75114100DC2B33 /* BlurLottie.json */ = {isa = PBXFileReference; fileEncoding = 4; lastKnownFileType = text.json; path = BlurLottie.json; sourceTree = "<group>"; };
		BCB532122A75114100DC2B33 /* RainManyLottie.json */ = {isa = PBXFileReference; fileEncoding = 4; lastKnownFileType = text.json; path = RainManyLottie.json; sourceTree = "<group>"; };
		BCE489962A4EA32200A18B2B /* LICENSE */ = {isa = PBXFileReference; fileEncoding = 4; lastKnownFileType = text; path = LICENSE; sourceTree = "<group>"; };
		BCE489972A4EA32200A18B2B /* SpoqaHanSansNeo-Light.otf */ = {isa = PBXFileReference; lastKnownFileType = file; path = "SpoqaHanSansNeo-Light.otf"; sourceTree = "<group>"; };
		BCE489982A4EA32300A18B2B /* SpoqaHanSansNeo-Bold.otf */ = {isa = PBXFileReference; lastKnownFileType = file; path = "SpoqaHanSansNeo-Bold.otf"; sourceTree = "<group>"; };
		BCE489992A4EA32300A18B2B /* SpoqaHanSansNeo-Medium.otf */ = {isa = PBXFileReference; lastKnownFileType = file; path = "SpoqaHanSansNeo-Medium.otf"; sourceTree = "<group>"; };
		BCE4899A2A4EA32300A18B2B /* SpoqaHanSansNeo-Regular.otf */ = {isa = PBXFileReference; lastKnownFileType = file; path = "SpoqaHanSansNeo-Regular.otf"; sourceTree = "<group>"; };
		BCE4899B2A4EA32400A18B2B /* SpoqaHanSansNeo-Thin.otf */ = {isa = PBXFileReference; lastKnownFileType = file; path = "SpoqaHanSansNeo-Thin.otf"; sourceTree = "<group>"; };
		BCE489A22A4EA33300A18B2B /* SpoqaHanSansNeo-Regular.woff */ = {isa = PBXFileReference; lastKnownFileType = file; path = "SpoqaHanSansNeo-Regular.woff"; sourceTree = "<group>"; };
		BCE489A32A4EA33300A18B2B /* SpoqaHanSansNeo-Bold.eot */ = {isa = PBXFileReference; lastKnownFileType = file; path = "SpoqaHanSansNeo-Bold.eot"; sourceTree = "<group>"; };
		BCE489A42A4EA33400A18B2B /* SpoqaHanSansNeo-Bold.woff */ = {isa = PBXFileReference; lastKnownFileType = file; path = "SpoqaHanSansNeo-Bold.woff"; sourceTree = "<group>"; };
		BCE489A52A4EA33400A18B2B /* SpoqaHanSansNeo-Light.woff2 */ = {isa = PBXFileReference; lastKnownFileType = file; path = "SpoqaHanSansNeo-Light.woff2"; sourceTree = "<group>"; };
		BCE489A62A4EA33400A18B2B /* SpoqaHanSansNeo-Regular.otf */ = {isa = PBXFileReference; lastKnownFileType = file; name = "SpoqaHanSansNeo-Regular.otf"; path = "../../../../Downloads/SpoqaHanSansNeo_OTF_subset/SpoqaHanSansNeo-Regular.otf"; sourceTree = "<group>"; };
		BCE489A72A4EA33400A18B2B /* SpoqaHanSansNeo-Thin.woff2 */ = {isa = PBXFileReference; lastKnownFileType = file; path = "SpoqaHanSansNeo-Thin.woff2"; sourceTree = "<group>"; };
		BCE489A82A4EA33400A18B2B /* SpoqaHanSansNeo-Regular.woff2 */ = {isa = PBXFileReference; lastKnownFileType = file; path = "SpoqaHanSansNeo-Regular.woff2"; sourceTree = "<group>"; };
		BCE489A92A4EA33400A18B2B /* SpoqaHanSansNeo-Bold.woff2 */ = {isa = PBXFileReference; lastKnownFileType = file; path = "SpoqaHanSansNeo-Bold.woff2"; sourceTree = "<group>"; };
		BCE489AA2A4EA33400A18B2B /* SpoqaHanSansNeo-Medium.woff */ = {isa = PBXFileReference; lastKnownFileType = file; path = "SpoqaHanSansNeo-Medium.woff"; sourceTree = "<group>"; };
		BCE489AB2A4EA33400A18B2B /* SpoqaHanSansNeo-Bold.otf */ = {isa = PBXFileReference; lastKnownFileType = file; name = "SpoqaHanSansNeo-Bold.otf"; path = "../../../../Downloads/SpoqaHanSansNeo_OTF_subset/SpoqaHanSansNeo-Bold.otf"; sourceTree = "<group>"; };
		BCE489AC2A4EA33400A18B2B /* SpoqaHanSansNeo-Thin.woff */ = {isa = PBXFileReference; lastKnownFileType = file; path = "SpoqaHanSansNeo-Thin.woff"; sourceTree = "<group>"; };
		BCE489AD2A4EA33400A18B2B /* SpoqaHanSansNeo-Light.woff */ = {isa = PBXFileReference; lastKnownFileType = file; path = "SpoqaHanSansNeo-Light.woff"; sourceTree = "<group>"; };
		BCE489AE2A4EA33400A18B2B /* SpoqaHanSansNeo-Light.otf */ = {isa = PBXFileReference; lastKnownFileType = file; name = "SpoqaHanSansNeo-Light.otf"; path = "../../../../Downloads/SpoqaHanSansNeo_OTF_subset/SpoqaHanSansNeo-Light.otf"; sourceTree = "<group>"; };
		BCE489AF2A4EA33400A18B2B /* SpoqaHanSansNeo-Regular.eot */ = {isa = PBXFileReference; lastKnownFileType = file; path = "SpoqaHanSansNeo-Regular.eot"; sourceTree = "<group>"; };
		BCE489B02A4EA33400A18B2B /* SpoqaHanSansNeo-Thin.otf */ = {isa = PBXFileReference; lastKnownFileType = file; name = "SpoqaHanSansNeo-Thin.otf"; path = "../../../../Downloads/SpoqaHanSansNeo_OTF_subset/SpoqaHanSansNeo-Thin.otf"; sourceTree = "<group>"; };
		BCE489B12A4EA33400A18B2B /* SpoqaHanSansNeo-Light.eot */ = {isa = PBXFileReference; lastKnownFileType = file; path = "SpoqaHanSansNeo-Light.eot"; sourceTree = "<group>"; };
		BCE489B22A4EA33400A18B2B /* SpoqaHanSansNeo-Medium.woff2 */ = {isa = PBXFileReference; lastKnownFileType = file; path = "SpoqaHanSansNeo-Medium.woff2"; sourceTree = "<group>"; };
		BCE489B32A4EA33400A18B2B /* SpoqaHanSansNeo-Thin.eot */ = {isa = PBXFileReference; lastKnownFileType = file; path = "SpoqaHanSansNeo-Thin.eot"; sourceTree = "<group>"; };
		BCE489B42A4EA33400A18B2B /* SpoqaHanSansNeo-Medium.eot */ = {isa = PBXFileReference; lastKnownFileType = file; path = "SpoqaHanSansNeo-Medium.eot"; sourceTree = "<group>"; };
		BCE489B52A4EA33400A18B2B /* LICENSE */ = {isa = PBXFileReference; fileEncoding = 4; lastKnownFileType = text; name = LICENSE; path = ../../../../Downloads/SpoqaHanSansNeo_OTF_subset/LICENSE; sourceTree = "<group>"; };
		BCE489B62A4EA33400A18B2B /* SpoqaHanSansNeo-Medium.otf */ = {isa = PBXFileReference; lastKnownFileType = file; name = "SpoqaHanSansNeo-Medium.otf"; path = "../../../../Downloads/SpoqaHanSansNeo_OTF_subset/SpoqaHanSansNeo-Medium.otf"; sourceTree = "<group>"; };
		BCFB3EE12A9F90860043C26B /* WeatherWidgetExtension.appex */ = {isa = PBXFileReference; explicitFileType = "wrapper.app-extension"; includeInIndex = 0; path = WeatherWidgetExtension.appex; sourceTree = BUILT_PRODUCTS_DIR; };
		BCFB3EE32A9F90860043C26B /* WidgetKit.framework */ = {isa = PBXFileReference; lastKnownFileType = wrapper.framework; name = WidgetKit.framework; path = System/Library/Frameworks/WidgetKit.framework; sourceTree = SDKROOT; };
		BCFB3EE52A9F90860043C26B /* SwiftUI.framework */ = {isa = PBXFileReference; lastKnownFileType = wrapper.framework; name = SwiftUI.framework; path = System/Library/Frameworks/SwiftUI.framework; sourceTree = SDKROOT; };
		BCFB3EE82A9F90860043C26B /* WeatherWidgetBundle.swift */ = {isa = PBXFileReference; lastKnownFileType = sourcecode.swift; path = WeatherWidgetBundle.swift; sourceTree = "<group>"; };
		BCFB3EEE2A9F90870043C26B /* Info.plist */ = {isa = PBXFileReference; lastKnownFileType = text.plist.xml; path = Info.plist; sourceTree = "<group>"; };
/* End PBXFileReference section */

/* Begin PBXFrameworksBuildPhase section */
		BC76BAB82BAB048400DA19A8 /* Frameworks */ = {
			isa = PBXFrameworksBuildPhase;
			buildActionMask = 2147483647;
			files = (
			);
			runOnlyForDeploymentPostprocessing = 0;
		};
		BCA30F7329FE20390078D0B1 /* Frameworks */ = {
			isa = PBXFrameworksBuildPhase;
			buildActionMask = 2147483647;
			files = (
				BC9DC85D2C5FB1EF004B968D /* Domain in Frameworks */,
				BC5D13792C9594E30076F6C8 /* WeeklyWeatherFeature in Frameworks */,
				BC9DC8632C5FB214004B968D /* AdditionalLocationFeature in Frameworks */,
				BC5D137D2C9597FF0076F6C8 /* SettingFeature in Frameworks */,
				BC9DC85A2C5FB1E2004B968D /* Data in Frameworks */,
				BC9DC8602C5FB204004B968D /* CurrentWeatherFeature in Frameworks */,
				BC9DC8572C5FB1D0004B968D /* Core in Frameworks */,
			);
			runOnlyForDeploymentPostprocessing = 0;
		};
		BCFB3EDE2A9F90860043C26B /* Frameworks */ = {
			isa = PBXFrameworksBuildPhase;
			buildActionMask = 2147483647;
			files = (
				BC956E142C7A211800600330 /* Widget in Frameworks */,
				BC9C76D92C65106A00EFA0FE /* Domain in Frameworks */,
				BCFB3EE62A9F90860043C26B /* SwiftUI.framework in Frameworks */,
				BC9C76D72C650F2800EFA0FE /* Data in Frameworks */,
				BCFB3EE42A9F90860043C26B /* WidgetKit.framework in Frameworks */,
				BC71DEE72C72C4F200313D6F /* Core in Frameworks */,
			);
			runOnlyForDeploymentPostprocessing = 0;
		};
/* End PBXFrameworksBuildPhase section */

/* Begin PBXGroup section */
		BC137CA62A1282A9002D6667 /* LottieAnimation */ = {
			isa = PBXGroup;
			children = (
				BC78EFEC2A7A9F3600DC3352 /* BackgroundLottie */,
				BC307E1F2A7935D60008800A /* LocationLottie.json */,
				BC251F2A2A76A2F8004CE9CF /* LoadingLottie.json */,
				BCB532112A75114100DC2B33 /* BlurLottie.json */,
				BCB5320D2A75114100DC2B33 /* CloudManyLottie.json */,
				BCB532062A75114100DC2B33 /* CloudManyNightLottie.json */,
				BCB532082A75114100DC2B33 /* LoadFailLottie.json */,
				BCB532122A75114100DC2B33 /* RainManyLottie.json */,
				BCB5320B2A75114100DC2B33 /* RainShowerLottie.json */,
				BCB532092A75114100DC2B33 /* RainShowerNightLottie.json */,
				BCB5320E2A75114100DC2B33 /* SnowLottie.json */,
				BCB5320F2A75114100DC2B33 /* SnowNightLottie.json */,
				BC723C642B57D25A0086BAAB /* RainSnowLottie.json */,
				BCB532072A75114100DC2B33 /* SunnyLottie.json */,
				BCB5320A2A75114100DC2B33 /* SunnyNightLottie.json */,
				BCB5320C2A75114100DC2B33 /* ThunderLottie.json */,
				BCB532102A75114100DC2B33 /* ThunderRainLottie.json */,
			);
			path = LottieAnimation;
			sourceTree = "<group>";
		};
		BC5D137E2C95990E0076F6C8 /* Resources */ = {
			isa = PBXGroup;
			children = (
				BCA30F7D29FE203A0078D0B1 /* Assets.xcassets */,
				BCA30FA829FE7D780078D0B1 /* Info.plist */,
				BCA30F7F29FE203B0078D0B1 /* Preview Content */,
				BCE489952A4EA2F900A18B2B /* CustomFont */,
				BC137CA62A1282A9002D6667 /* LottieAnimation */,
			);
			path = Resources;
			sourceTree = "<group>";
		};
		BC5D137F2C95994A0076F6C8 /* Components */ = {
			isa = PBXGroup;
			children = (
				BCA30F7B29FE203A0078D0B1 /* MainTabView.swift */,
				BC5EF9042AE6AF7300636A95 /* LaunchScreen.swift */,
				BC09F7E42D58916300F0EC6A /* DI.swift */,
			);
			path = Components;
			sourceTree = "<group>";
		};
		BC76BABC2BAB048400DA19A8 /* MyDedicatedWeatherUnitTests */ = {
			isa = PBXGroup;
			children = (
				BC76BAD42BAB1DB500DA19A8 /* UnitTests */,
				BC76BAC72BAB06C200DA19A8 /* MockObject */,
				BC76BAC42BAB066500DA19A8 /* MockData */,
			);
			path = MyDedicatedWeatherUnitTests;
			sourceTree = "<group>";
		};
		BC76BAC42BAB066500DA19A8 /* MockData */ = {
			isa = PBXGroup;
			children = (
				BC76BAC52BAB067200DA19A8 /* VeryShortForecast */,
			);
			path = MockData;
			sourceTree = "<group>";
		};
		BC76BAC52BAB067200DA19A8 /* VeryShortForecast */ = {
			isa = PBXGroup;
			children = (
				BC76BACE2BAB0D9300DA19A8 /* VeryShortForecastMockData.swift */,
			);
			path = VeryShortForecast;
			sourceTree = "<group>";
		};
		BC76BAC72BAB06C200DA19A8 /* MockObject */ = {
			isa = PBXGroup;
			children = (
				BC76BAD12BAB188800DA19A8 /* Util */,
				BC76BAD02BAB188200DA19A8 /* Service */,
				BC76BACB2BAB086C00DA19A8 /* Network */,
			);
			path = MockObject;
			sourceTree = "<group>";
		};
		BC76BAC82BAB06EB00DA19A8 /* VeryShortForecastService */ = {
			isa = PBXGroup;
			children = (
				BC76BAC92BAB071900DA19A8 /* VeryShortForecastServiceMock.swift */,
			);
			path = VeryShortForecastService;
			sourceTree = "<group>";
		};
		BC76BACB2BAB086C00DA19A8 /* Network */ = {
			isa = PBXGroup;
			children = (
				BC76BACC2BAB087E00DA19A8 /* ApiRequesterMock.swift */,
			);
			path = Network;
			sourceTree = "<group>";
		};
		BC76BAD02BAB188200DA19A8 /* Service */ = {
			isa = PBXGroup;
			children = (
				BC76BAC82BAB06EB00DA19A8 /* VeryShortForecastService */,
			);
			path = Service;
			sourceTree = "<group>";
		};
		BC76BAD12BAB188800DA19A8 /* Util */ = {
			isa = PBXGroup;
			children = (
				BC76BAD22BAB189E00DA19A8 /* VeryShortForecastUtilMock.swift */,
			);
			path = Util;
			sourceTree = "<group>";
		};
		BC76BAD42BAB1DB500DA19A8 /* UnitTests */ = {
			isa = PBXGroup;
			children = (
				BC76BABD2BAB048400DA19A8 /* VeryShortForecastUnitTests.swift */,
			);
			path = UnitTests;
			sourceTree = "<group>";
		};
		BC78EFEC2A7A9F3600DC3352 /* BackgroundLottie */ = {
			isa = PBXGroup;
			children = (
				BCAADFD52CF7721D000CD396 /* BackgroundCloudyLottie.json */,
				BCAADFD42CF7721D000CD396 /* BackgroundRainyLottie.json */,
				BCAADFD72CF7721D000CD396 /* BackgroundSnowLottie.json */,
				BCAADFD82CF7721D000CD396 /* BackgroundSunnyDayLottie.json */,
				BCAADFD62CF7721D000CD396 /* BackgroundSunnyNightLottie.json */,
			);
			path = BackgroundLottie;
			sourceTree = "<group>";
		};
		BCA30F6D29FE20390078D0B1 = {
			isa = PBXGroup;
			children = (
				BC5D137A2C9596DE0076F6C8 /* SettingFeature */,
				BC5D13762C9592840076F6C8 /* WeeklyWeatherFeature */,
				BC5D13742C9588AA0076F6C8 /* Env.xcconfig */,
				BC956E122C7A200000600330 /* Widget */,
				BC4EFFA12C5FA30C00FF0ECC /* AdditionalLocationFeature */,
				BC49280A2C5BCE9B008ECD9D /* Domain */,
				BC4928092C5BCB53008ECD9D /* Core */,
				BC4928072C5BC9E2008ECD9D /* Data */,
				BC4928082C5BCA0D008ECD9D /* CurrentWeatherFeature */,
				BC15D43D2AA60B00006DC537 /* WeatherWidgetExtension.entitlements */,
				BCA30F7829FE203A0078D0B1 /* MyDedicatedWeatherApp */,
				BCFB3EE72A9F90860043C26B /* WeatherWidget */,
				BC76BABC2BAB048400DA19A8 /* MyDedicatedWeatherUnitTests */,
				BCFB3EE22A9F90860043C26B /* Frameworks */,
				BCA30F7729FE20390078D0B1 /* Products */,
			);
			sourceTree = "<group>";
		};
		BCA30F7729FE20390078D0B1 /* Products */ = {
			isa = PBXGroup;
			children = (
				BCA30F7629FE20390078D0B1 /* MyDedicatedWeatherApp.app */,
				BCFB3EE12A9F90860043C26B /* WeatherWidgetExtension.appex */,
				BC76BABB2BAB048400DA19A8 /* MyDedicatedWeatherUnitTests.xctest */,
			);
			name = Products;
			sourceTree = "<group>";
		};
		BCA30F7829FE203A0078D0B1 /* MyDedicatedWeatherApp */ = {
			isa = PBXGroup;
			children = (
				BC5D137F2C95994A0076F6C8 /* Components */,
				BC5D137E2C95990E0076F6C8 /* Resources */,
				BC15D43C2AA60AC8006DC537 /* MyDedicatedWeatherApp.entitlements */,
				BCA30F7929FE203A0078D0B1 /* MyDedicatedWeatherAppApp.swift */,
			);
			path = MyDedicatedWeatherApp;
			sourceTree = "<group>";
		};
		BCA30F7F29FE203B0078D0B1 /* Preview Content */ = {
			isa = PBXGroup;
			children = (
				BCA30F8029FE203B0078D0B1 /* Preview Assets.xcassets */,
			);
			path = "Preview Content";
			sourceTree = "<group>";
		};
		BCE489952A4EA2F900A18B2B /* CustomFont */ = {
			isa = PBXGroup;
			children = (
				BCE489B52A4EA33400A18B2B /* LICENSE */,
				BCE489A32A4EA33300A18B2B /* SpoqaHanSansNeo-Bold.eot */,
				BCE489AB2A4EA33400A18B2B /* SpoqaHanSansNeo-Bold.otf */,
				BCE489A42A4EA33400A18B2B /* SpoqaHanSansNeo-Bold.woff */,
				BCE489A92A4EA33400A18B2B /* SpoqaHanSansNeo-Bold.woff2 */,
				BCE489B12A4EA33400A18B2B /* SpoqaHanSansNeo-Light.eot */,
				BCE489AE2A4EA33400A18B2B /* SpoqaHanSansNeo-Light.otf */,
				BCE489AD2A4EA33400A18B2B /* SpoqaHanSansNeo-Light.woff */,
				BCE489A52A4EA33400A18B2B /* SpoqaHanSansNeo-Light.woff2 */,
				BCE489B42A4EA33400A18B2B /* SpoqaHanSansNeo-Medium.eot */,
				BCE489B62A4EA33400A18B2B /* SpoqaHanSansNeo-Medium.otf */,
				BCE489AA2A4EA33400A18B2B /* SpoqaHanSansNeo-Medium.woff */,
				BCE489B22A4EA33400A18B2B /* SpoqaHanSansNeo-Medium.woff2 */,
				BCE489AF2A4EA33400A18B2B /* SpoqaHanSansNeo-Regular.eot */,
				BCE489A62A4EA33400A18B2B /* SpoqaHanSansNeo-Regular.otf */,
				BCE489A22A4EA33300A18B2B /* SpoqaHanSansNeo-Regular.woff */,
				BCE489A82A4EA33400A18B2B /* SpoqaHanSansNeo-Regular.woff2 */,
				BCE489B32A4EA33400A18B2B /* SpoqaHanSansNeo-Thin.eot */,
				BCE489B02A4EA33400A18B2B /* SpoqaHanSansNeo-Thin.otf */,
				BCE489AC2A4EA33400A18B2B /* SpoqaHanSansNeo-Thin.woff */,
				BCE489A72A4EA33400A18B2B /* SpoqaHanSansNeo-Thin.woff2 */,
				BCE489962A4EA32200A18B2B /* LICENSE */,
				BCE489982A4EA32300A18B2B /* SpoqaHanSansNeo-Bold.otf */,
				BCE489972A4EA32200A18B2B /* SpoqaHanSansNeo-Light.otf */,
				BCE489992A4EA32300A18B2B /* SpoqaHanSansNeo-Medium.otf */,
				BCE4899A2A4EA32300A18B2B /* SpoqaHanSansNeo-Regular.otf */,
				BCE4899B2A4EA32400A18B2B /* SpoqaHanSansNeo-Thin.otf */,
			);
			path = CustomFont;
			sourceTree = "<group>";
		};
		BCFB3EE22A9F90860043C26B /* Frameworks */ = {
			isa = PBXGroup;
			children = (
				BCFB3EE32A9F90860043C26B /* WidgetKit.framework */,
				BCFB3EE52A9F90860043C26B /* SwiftUI.framework */,
			);
			name = Frameworks;
			sourceTree = "<group>";
		};
		BCFB3EE72A9F90860043C26B /* WeatherWidget */ = {
			isa = PBXGroup;
			children = (
				BCFB3EE82A9F90860043C26B /* WeatherWidgetBundle.swift */,
				BCFB3EEE2A9F90870043C26B /* Info.plist */,
			);
			path = WeatherWidget;
			sourceTree = "<group>";
		};
/* End PBXGroup section */

/* Begin PBXNativeTarget section */
		BC76BABA2BAB048400DA19A8 /* MyDedicatedWeatherUnitTests */ = {
			isa = PBXNativeTarget;
			buildConfigurationList = BC76BAC12BAB048400DA19A8 /* Build configuration list for PBXNativeTarget "MyDedicatedWeatherUnitTests" */;
			buildPhases = (
				BC76BAB72BAB048400DA19A8 /* Sources */,
				BC76BAB82BAB048400DA19A8 /* Frameworks */,
				BC76BAB92BAB048400DA19A8 /* Resources */,
			);
			buildRules = (
			);
			dependencies = (
				BC76BAC02BAB048400DA19A8 /* PBXTargetDependency */,
			);
			name = MyDedicatedWeatherUnitTests;
			productName = MyDedicatedWeatherUnitTests;
			productReference = BC76BABB2BAB048400DA19A8 /* MyDedicatedWeatherUnitTests.xctest */;
			productType = "com.apple.product-type.bundle.unit-test";
		};
		BCA30F7529FE20390078D0B1 /* MyDedicatedWeatherApp */ = {
			isa = PBXNativeTarget;
			buildConfigurationList = BCA30F8429FE203B0078D0B1 /* Build configuration list for PBXNativeTarget "MyDedicatedWeatherApp" */;
			buildPhases = (
				BCA30F7229FE20390078D0B1 /* Sources */,
				BCA30F7329FE20390078D0B1 /* Frameworks */,
				BCA30F7429FE20390078D0B1 /* Resources */,
				BCFB3EF22A9F90870043C26B /* Embed Foundation Extensions */,
			);
			buildRules = (
			);
			dependencies = (
				BCFB3EF02A9F90870043C26B /* PBXTargetDependency */,
			);
			name = MyDedicatedWeatherApp;
			packageProductDependencies = (
				BC9DC8562C5FB1D0004B968D /* Core */,
				BC9DC8592C5FB1E2004B968D /* Data */,
				BC9DC85C2C5FB1EF004B968D /* Domain */,
				BC9DC85F2C5FB204004B968D /* CurrentWeatherFeature */,
				BC9DC8622C5FB214004B968D /* AdditionalLocationFeature */,
				BC5D13782C9594E30076F6C8 /* WeeklyWeatherFeature */,
				BC5D137C2C9597FF0076F6C8 /* SettingFeature */,
			);
			productName = MyDedicatedWeatherApp;
			productReference = BCA30F7629FE20390078D0B1 /* MyDedicatedWeatherApp.app */;
			productType = "com.apple.product-type.application";
		};
		BCFB3EE02A9F90860043C26B /* WeatherWidgetExtension */ = {
			isa = PBXNativeTarget;
			buildConfigurationList = BCFB3EF52A9F90870043C26B /* Build configuration list for PBXNativeTarget "WeatherWidgetExtension" */;
			buildPhases = (
				BCFB3EDD2A9F90860043C26B /* Sources */,
				BCFB3EDE2A9F90860043C26B /* Frameworks */,
				BCFB3EDF2A9F90860043C26B /* Resources */,
			);
			buildRules = (
			);
			dependencies = (
			);
			name = WeatherWidgetExtension;
			packageProductDependencies = (
				BC9C76D62C650F2800EFA0FE /* Data */,
				BC9C76D82C65106A00EFA0FE /* Domain */,
				BC71DEE62C72C4F200313D6F /* Core */,
				BC956E132C7A211800600330 /* Widget */,
			);
			productName = WeatherWidgetExtension;
			productReference = BCFB3EE12A9F90860043C26B /* WeatherWidgetExtension.appex */;
			productType = "com.apple.product-type.app-extension";
		};
/* End PBXNativeTarget section */

/* Begin PBXProject section */
		BCA30F6E29FE20390078D0B1 /* Project object */ = {
			isa = PBXProject;
			attributes = {
				BuildIndependentTargetsInParallel = 1;
				LastSwiftUpdateCheck = 1530;
				LastUpgradeCheck = 1420;
				TargetAttributes = {
					BC76BABA2BAB048400DA19A8 = {
						CreatedOnToolsVersion = 15.3;
						TestTargetID = BCA30F7529FE20390078D0B1;
					};
					BCA30F7529FE20390078D0B1 = {
						CreatedOnToolsVersion = 14.2;
					};
					BCFB3EE02A9F90860043C26B = {
						CreatedOnToolsVersion = 14.3.1;
					};
				};
			};
			buildConfigurationList = BCA30F7129FE20390078D0B1 /* Build configuration list for PBXProject "MyDedicatedWeatherApp" */;
			compatibilityVersion = "Xcode 14.0";
			developmentRegion = en;
			hasScannedForEncodings = 0;
			knownRegions = (
				en,
				Base,
			);
			mainGroup = BCA30F6D29FE20390078D0B1;
			packageReferences = (
				BC9DC8552C5FB1D0004B968D /* XCLocalSwiftPackageReference "MyDedicatedWeatherApp/Core" */,
				BC9DC8582C5FB1E2004B968D /* XCLocalSwiftPackageReference "MyDedicatedWeatherApp/Data" */,
				BC9DC85B2C5FB1EF004B968D /* XCLocalSwiftPackageReference "MyDedicatedWeatherApp/Domain" */,
				BC9DC85E2C5FB204004B968D /* XCLocalSwiftPackageReference "MyDedicatedWeatherApp/CurrentWeatherFeature" */,
				BC9DC8612C5FB214004B968D /* XCLocalSwiftPackageReference "MyDedicatedWeatherApp/AdditionalLocationFeature" */,
				BC5D13772C9594E30076F6C8 /* XCLocalSwiftPackageReference "MyDedicatedWeatherApp/WeeklyWeatherFeature" */,
				BC5D137B2C9597FF0076F6C8 /* XCLocalSwiftPackageReference "MyDedicatedWeatherApp/SettingFeature" */,
			);
			productRefGroup = BCA30F7729FE20390078D0B1 /* Products */;
			projectDirPath = "";
			projectRoot = "";
			targets = (
				BCA30F7529FE20390078D0B1 /* MyDedicatedWeatherApp */,
				BCFB3EE02A9F90860043C26B /* WeatherWidgetExtension */,
				BC76BABA2BAB048400DA19A8 /* MyDedicatedWeatherUnitTests */,
			);
		};
/* End PBXProject section */

/* Begin PBXResourcesBuildPhase section */
		BC76BAB92BAB048400DA19A8 /* Resources */ = {
			isa = PBXResourcesBuildPhase;
			buildActionMask = 2147483647;
			files = (
			);
			runOnlyForDeploymentPostprocessing = 0;
		};
		BCA30F7429FE20390078D0B1 /* Resources */ = {
			isa = PBXResourcesBuildPhase;
			buildActionMask = 2147483647;
			files = (
				BCB532132A75114100DC2B33 /* CloudManyNightLottie.json in Resources */,
				BCB532142A75114100DC2B33 /* SunnyLottie.json in Resources */,
				BCE4899F2A4EA32400A18B2B /* SpoqaHanSansNeo-Medium.otf in Resources */,
				BCAADFDD2CF7721D000CD396 /* BackgroundSunnyDayLottie.json in Resources */,
				BCE489C42A4EA33400A18B2B /* SpoqaHanSansNeo-Regular.eot in Resources */,
				BCB5321E2A75114100DC2B33 /* BlurLottie.json in Resources */,
				BCE4899C2A4EA32400A18B2B /* LICENSE in Resources */,
				BCAADFDA2CF7721D000CD396 /* BackgroundCloudyLottie.json in Resources */,
				BCB532192A75114100DC2B33 /* ThunderLottie.json in Resources */,
				BCB532172A75114100DC2B33 /* SunnyNightLottie.json in Resources */,
				BC5D13752C9588AA0076F6C8 /* Env.xcconfig in Resources */,
				BCB5321D2A75114100DC2B33 /* ThunderRainLottie.json in Resources */,
				BCB532182A75114100DC2B33 /* RainShowerLottie.json in Resources */,
				BC307E202A7935D60008800A /* LocationLottie.json in Resources */,
				BCE489B92A4EA33400A18B2B /* SpoqaHanSansNeo-Bold.woff in Resources */,
				BCE489C82A4EA33400A18B2B /* SpoqaHanSansNeo-Thin.eot in Resources */,
				BCAADFDC2CF7721D000CD396 /* BackgroundSnowLottie.json in Resources */,
				BCE4899D2A4EA32400A18B2B /* SpoqaHanSansNeo-Light.otf in Resources */,
				BCB532162A75114100DC2B33 /* RainShowerNightLottie.json in Resources */,
				BCE4899E2A4EA32400A18B2B /* SpoqaHanSansNeo-Bold.otf in Resources */,
				BCE489BF2A4EA33400A18B2B /* SpoqaHanSansNeo-Medium.woff in Resources */,
				BCE489A02A4EA32400A18B2B /* SpoqaHanSansNeo-Regular.otf in Resources */,
				BCB5321B2A75114100DC2B33 /* SnowLottie.json in Resources */,
				BCAADFDB2CF7721D000CD396 /* BackgroundSunnyNightLottie.json in Resources */,
				BCE489BD2A4EA33400A18B2B /* SpoqaHanSansNeo-Regular.woff2 in Resources */,
				BCB5321A2A75114100DC2B33 /* CloudManyLottie.json in Resources */,
				BC251F2B2A76A2F8004CE9CF /* LoadingLottie.json in Resources */,
				BCB532152A75114100DC2B33 /* LoadFailLottie.json in Resources */,
				BCE489C92A4EA33400A18B2B /* SpoqaHanSansNeo-Medium.eot in Resources */,
				BCE489C12A4EA33400A18B2B /* SpoqaHanSansNeo-Thin.woff in Resources */,
				BCE489C72A4EA33400A18B2B /* SpoqaHanSansNeo-Medium.woff2 in Resources */,
				BCAADFD92CF7721D000CD396 /* BackgroundRainyLottie.json in Resources */,
				BCE489BC2A4EA33400A18B2B /* SpoqaHanSansNeo-Thin.woff2 in Resources */,
				BC723C652B57D25A0086BAAB /* RainSnowLottie.json in Resources */,
				BCE489B72A4EA33400A18B2B /* SpoqaHanSansNeo-Regular.woff in Resources */,
				BCE489B82A4EA33400A18B2B /* SpoqaHanSansNeo-Bold.eot in Resources */,
				BCE489BA2A4EA33400A18B2B /* SpoqaHanSansNeo-Light.woff2 in Resources */,
				BCE489BE2A4EA33400A18B2B /* SpoqaHanSansNeo-Bold.woff2 in Resources */,
				BCA30F8129FE203B0078D0B1 /* Preview Assets.xcassets in Resources */,
				BCB5321C2A75114100DC2B33 /* SnowNightLottie.json in Resources */,
				BCA30F7E29FE203A0078D0B1 /* Assets.xcassets in Resources */,
				BCE489C62A4EA33400A18B2B /* SpoqaHanSansNeo-Light.eot in Resources */,
				BCE489C22A4EA33400A18B2B /* SpoqaHanSansNeo-Light.woff in Resources */,
				BCE489A12A4EA32400A18B2B /* SpoqaHanSansNeo-Thin.otf in Resources */,
				BCB5321F2A75114100DC2B33 /* RainManyLottie.json in Resources */,
			);
			runOnlyForDeploymentPostprocessing = 0;
		};
		BCFB3EDF2A9F90860043C26B /* Resources */ = {
			isa = PBXResourcesBuildPhase;
			buildActionMask = 2147483647;
			files = (
			);
			runOnlyForDeploymentPostprocessing = 0;
		};
/* End PBXResourcesBuildPhase section */

/* Begin PBXSourcesBuildPhase section */
		BC76BAB72BAB048400DA19A8 /* Sources */ = {
			isa = PBXSourcesBuildPhase;
			buildActionMask = 2147483647;
			files = (
				BC76BAD32BAB189E00DA19A8 /* VeryShortForecastUtilMock.swift in Sources */,
				BC76BABE2BAB048400DA19A8 /* VeryShortForecastUnitTests.swift in Sources */,
				BC76BACA2BAB071900DA19A8 /* VeryShortForecastServiceMock.swift in Sources */,
				BC76BACD2BAB087E00DA19A8 /* ApiRequesterMock.swift in Sources */,
				BC76BACF2BAB0D9300DA19A8 /* VeryShortForecastMockData.swift in Sources */,
			);
			runOnlyForDeploymentPostprocessing = 0;
		};
		BCA30F7229FE20390078D0B1 /* Sources */ = {
			isa = PBXSourcesBuildPhase;
			buildActionMask = 2147483647;
			files = (
				BC09F7E52D58916300F0EC6A /* DI.swift in Sources */,
				BCA30F7C29FE203A0078D0B1 /* MainTabView.swift in Sources */,
				BCA30F7A29FE203A0078D0B1 /* MyDedicatedWeatherAppApp.swift in Sources */,
				BC5EF9052AE6AF7300636A95 /* LaunchScreen.swift in Sources */,
			);
			runOnlyForDeploymentPostprocessing = 0;
		};
		BCFB3EDD2A9F90860043C26B /* Sources */ = {
			isa = PBXSourcesBuildPhase;
			buildActionMask = 2147483647;
			files = (
				BCFB3EE92A9F90860043C26B /* WeatherWidgetBundle.swift in Sources */,
			);
			runOnlyForDeploymentPostprocessing = 0;
		};
/* End PBXSourcesBuildPhase section */

/* Begin PBXTargetDependency section */
		BC76BAC02BAB048400DA19A8 /* PBXTargetDependency */ = {
			isa = PBXTargetDependency;
			target = BCA30F7529FE20390078D0B1 /* MyDedicatedWeatherApp */;
			targetProxy = BC76BABF2BAB048400DA19A8 /* PBXContainerItemProxy */;
		};
		BCFB3EF02A9F90870043C26B /* PBXTargetDependency */ = {
			isa = PBXTargetDependency;
			target = BCFB3EE02A9F90860043C26B /* WeatherWidgetExtension */;
			targetProxy = BCFB3EEF2A9F90870043C26B /* PBXContainerItemProxy */;
		};
/* End PBXTargetDependency section */

/* Begin XCBuildConfiguration section */
		BC76BAC22BAB048400DA19A8 /* Debug */ = {
			isa = XCBuildConfiguration;
			buildSettings = {
				ASSETCATALOG_COMPILER_GENERATE_SWIFT_ASSET_SYMBOL_EXTENSIONS = YES;
				BUNDLE_LOADER = "$(TEST_HOST)";
				CODE_SIGN_STYLE = Automatic;
				CURRENT_PROJECT_VERSION = 1;
				DEVELOPMENT_TEAM = 475T36V685;
				ENABLE_USER_SCRIPT_SANDBOXING = YES;
				GCC_C_LANGUAGE_STANDARD = gnu17;
				GENERATE_INFOPLIST_FILE = YES;
				IPHONEOS_DEPLOYMENT_TARGET = 17.4;
				LOCALIZATION_PREFERS_STRING_CATALOGS = YES;
				MARKETING_VERSION = 1.0;
				PRODUCT_BUNDLE_IDENTIFIER = kr.xoul.UnitTest.MyDedicatedWeatherUnitTests;
				PRODUCT_NAME = "$(TARGET_NAME)";
				SWIFT_ACTIVE_COMPILATION_CONDITIONS = "DEBUG $(inherited)";
				SWIFT_EMIT_LOC_STRINGS = NO;
				SWIFT_VERSION = 5.0;
				TARGETED_DEVICE_FAMILY = "1,2";
				TEST_HOST = "$(BUILT_PRODUCTS_DIR)/MyDedicatedWeatherApp.app/$(BUNDLE_EXECUTABLE_FOLDER_PATH)/MyDedicatedWeatherApp";
			};
			name = Debug;
		};
		BC76BAC32BAB048400DA19A8 /* Release */ = {
			isa = XCBuildConfiguration;
			buildSettings = {
				ASSETCATALOG_COMPILER_GENERATE_SWIFT_ASSET_SYMBOL_EXTENSIONS = YES;
				BUNDLE_LOADER = "$(TEST_HOST)";
				CODE_SIGN_STYLE = Automatic;
				CURRENT_PROJECT_VERSION = 1;
				DEVELOPMENT_TEAM = 475T36V685;
				ENABLE_USER_SCRIPT_SANDBOXING = YES;
				GCC_C_LANGUAGE_STANDARD = gnu17;
				GENERATE_INFOPLIST_FILE = YES;
				IPHONEOS_DEPLOYMENT_TARGET = 17.4;
				LOCALIZATION_PREFERS_STRING_CATALOGS = YES;
				MARKETING_VERSION = 1.0;
				PRODUCT_BUNDLE_IDENTIFIER = kr.xoul.UnitTest.MyDedicatedWeatherUnitTests;
				PRODUCT_NAME = "$(TARGET_NAME)";
				SWIFT_EMIT_LOC_STRINGS = NO;
				SWIFT_VERSION = 5.0;
				TARGETED_DEVICE_FAMILY = "1,2";
				TEST_HOST = "$(BUILT_PRODUCTS_DIR)/MyDedicatedWeatherApp.app/$(BUNDLE_EXECUTABLE_FOLDER_PATH)/MyDedicatedWeatherApp";
			};
			name = Release;
		};
		BCA30F8229FE203B0078D0B1 /* Debug */ = {
			isa = XCBuildConfiguration;
			buildSettings = {
				ALWAYS_SEARCH_USER_PATHS = NO;
				CLANG_ANALYZER_NONNULL = YES;
				CLANG_ANALYZER_NUMBER_OBJECT_CONVERSION = YES_AGGRESSIVE;
				CLANG_CXX_LANGUAGE_STANDARD = "gnu++20";
				CLANG_ENABLE_MODULES = YES;
				CLANG_ENABLE_OBJC_ARC = YES;
				CLANG_ENABLE_OBJC_WEAK = YES;
				CLANG_WARN_BLOCK_CAPTURE_AUTORELEASING = YES;
				CLANG_WARN_BOOL_CONVERSION = YES;
				CLANG_WARN_COMMA = YES;
				CLANG_WARN_CONSTANT_CONVERSION = YES;
				CLANG_WARN_DEPRECATED_OBJC_IMPLEMENTATIONS = YES;
				CLANG_WARN_DIRECT_OBJC_ISA_USAGE = YES_ERROR;
				CLANG_WARN_DOCUMENTATION_COMMENTS = YES;
				CLANG_WARN_EMPTY_BODY = YES;
				CLANG_WARN_ENUM_CONVERSION = YES;
				CLANG_WARN_INFINITE_RECURSION = YES;
				CLANG_WARN_INT_CONVERSION = YES;
				CLANG_WARN_NON_LITERAL_NULL_CONVERSION = YES;
				CLANG_WARN_OBJC_IMPLICIT_RETAIN_SELF = YES;
				CLANG_WARN_OBJC_LITERAL_CONVERSION = YES;
				CLANG_WARN_OBJC_ROOT_CLASS = YES_ERROR;
				CLANG_WARN_QUOTED_INCLUDE_IN_FRAMEWORK_HEADER = YES;
				CLANG_WARN_RANGE_LOOP_ANALYSIS = YES;
				CLANG_WARN_STRICT_PROTOTYPES = YES;
				CLANG_WARN_SUSPICIOUS_MOVE = YES;
				CLANG_WARN_UNGUARDED_AVAILABILITY = YES_AGGRESSIVE;
				CLANG_WARN_UNREACHABLE_CODE = YES;
				CLANG_WARN__DUPLICATE_METHOD_MATCH = YES;
				COPY_PHASE_STRIP = NO;
				DEBUG_INFORMATION_FORMAT = dwarf;
				ENABLE_STRICT_OBJC_MSGSEND = YES;
				ENABLE_TESTABILITY = YES;
				GCC_C_LANGUAGE_STANDARD = gnu11;
				GCC_DYNAMIC_NO_PIC = NO;
				GCC_NO_COMMON_BLOCKS = YES;
				GCC_OPTIMIZATION_LEVEL = 0;
				GCC_PREPROCESSOR_DEFINITIONS = (
					"DEBUG=1",
					"$(inherited)",
				);
				GCC_WARN_64_TO_32_BIT_CONVERSION = YES;
				GCC_WARN_ABOUT_RETURN_TYPE = YES_ERROR;
				GCC_WARN_UNDECLARED_SELECTOR = YES;
				GCC_WARN_UNINITIALIZED_AUTOS = YES_AGGRESSIVE;
				GCC_WARN_UNUSED_FUNCTION = YES;
				GCC_WARN_UNUSED_VARIABLE = YES;
				INFOPLIST_KEY_CFBundleDisplayName = "날씨모아";
				IPHONEOS_DEPLOYMENT_TARGET = 16.2;
				MTL_ENABLE_DEBUG_INFO = INCLUDE_SOURCE;
				MTL_FAST_MATH = YES;
				ONLY_ACTIVE_ARCH = YES;
				SDKROOT = iphoneos;
				SWIFT_ACTIVE_COMPILATION_CONDITIONS = DEBUG;
				SWIFT_OPTIMIZATION_LEVEL = "-Onone";
			};
			name = Debug;
		};
		BCA30F8329FE203B0078D0B1 /* Release */ = {
			isa = XCBuildConfiguration;
			buildSettings = {
				ALWAYS_SEARCH_USER_PATHS = NO;
				CLANG_ANALYZER_NONNULL = YES;
				CLANG_ANALYZER_NUMBER_OBJECT_CONVERSION = YES_AGGRESSIVE;
				CLANG_CXX_LANGUAGE_STANDARD = "gnu++20";
				CLANG_ENABLE_MODULES = YES;
				CLANG_ENABLE_OBJC_ARC = YES;
				CLANG_ENABLE_OBJC_WEAK = YES;
				CLANG_WARN_BLOCK_CAPTURE_AUTORELEASING = YES;
				CLANG_WARN_BOOL_CONVERSION = YES;
				CLANG_WARN_COMMA = YES;
				CLANG_WARN_CONSTANT_CONVERSION = YES;
				CLANG_WARN_DEPRECATED_OBJC_IMPLEMENTATIONS = YES;
				CLANG_WARN_DIRECT_OBJC_ISA_USAGE = YES_ERROR;
				CLANG_WARN_DOCUMENTATION_COMMENTS = YES;
				CLANG_WARN_EMPTY_BODY = YES;
				CLANG_WARN_ENUM_CONVERSION = YES;
				CLANG_WARN_INFINITE_RECURSION = YES;
				CLANG_WARN_INT_CONVERSION = YES;
				CLANG_WARN_NON_LITERAL_NULL_CONVERSION = YES;
				CLANG_WARN_OBJC_IMPLICIT_RETAIN_SELF = YES;
				CLANG_WARN_OBJC_LITERAL_CONVERSION = YES;
				CLANG_WARN_OBJC_ROOT_CLASS = YES_ERROR;
				CLANG_WARN_QUOTED_INCLUDE_IN_FRAMEWORK_HEADER = YES;
				CLANG_WARN_RANGE_LOOP_ANALYSIS = YES;
				CLANG_WARN_STRICT_PROTOTYPES = YES;
				CLANG_WARN_SUSPICIOUS_MOVE = YES;
				CLANG_WARN_UNGUARDED_AVAILABILITY = YES_AGGRESSIVE;
				CLANG_WARN_UNREACHABLE_CODE = YES;
				CLANG_WARN__DUPLICATE_METHOD_MATCH = YES;
				COPY_PHASE_STRIP = NO;
				DEBUG_INFORMATION_FORMAT = "dwarf-with-dsym";
				ENABLE_NS_ASSERTIONS = NO;
				ENABLE_STRICT_OBJC_MSGSEND = YES;
				GCC_C_LANGUAGE_STANDARD = gnu11;
				GCC_NO_COMMON_BLOCKS = YES;
				GCC_WARN_64_TO_32_BIT_CONVERSION = YES;
				GCC_WARN_ABOUT_RETURN_TYPE = YES_ERROR;
				GCC_WARN_UNDECLARED_SELECTOR = YES;
				GCC_WARN_UNINITIALIZED_AUTOS = YES_AGGRESSIVE;
				GCC_WARN_UNUSED_FUNCTION = YES;
				GCC_WARN_UNUSED_VARIABLE = YES;
				INFOPLIST_KEY_CFBundleDisplayName = "날씨모아";
				IPHONEOS_DEPLOYMENT_TARGET = 16.2;
				MTL_ENABLE_DEBUG_INFO = NO;
				MTL_FAST_MATH = YES;
				SDKROOT = iphoneos;
				SWIFT_COMPILATION_MODE = wholemodule;
				SWIFT_OPTIMIZATION_LEVEL = "-O";
				VALIDATE_PRODUCT = YES;
			};
			name = Release;
		};
		BCA30F8529FE203B0078D0B1 /* Debug */ = {
			isa = XCBuildConfiguration;
			baseConfigurationReference = BC5D13742C9588AA0076F6C8 /* Env.xcconfig */;
			buildSettings = {
				ALWAYS_EMBED_SWIFT_STANDARD_LIBRARIES = YES;
				ASSETCATALOG_COMPILER_APPICON_NAME = AppIcon;
				ASSETCATALOG_COMPILER_GLOBAL_ACCENT_COLOR_NAME = AccentColor;
				CODE_SIGN_ENTITLEMENTS = MyDedicatedWeatherApp/MyDedicatedWeatherApp.entitlements;
				CODE_SIGN_STYLE = Automatic;
				CURRENT_PROJECT_VERSION = 1;
				DEVELOPMENT_ASSET_PATHS = "\"MyDedicatedWeatherApp/Resources/Preview Content\"";
				DEVELOPMENT_TEAM = 475T36V685;
				ENABLE_PREVIEWS = YES;
				GENERATE_INFOPLIST_FILE = YES;
				INFOPLIST_FILE = MyDedicatedWeatherApp/Resources/Info.plist;
				INFOPLIST_KEY_CFBundleDisplayName = "날씨모아";
				INFOPLIST_KEY_NSLocationAlwaysAndWhenInUseUsageDescription = "내 위치 확인를 위해 권한이 필요합니다.";
				INFOPLIST_KEY_NSLocationWhenInUseUsageDescription = "내 위치 확인을 위해 권한이 필요합니다.";
				INFOPLIST_KEY_UIApplicationSceneManifest_Generation = YES;
				INFOPLIST_KEY_UIApplicationSupportsIndirectInputEvents = YES;
				INFOPLIST_KEY_UILaunchScreen_Generation = YES;
				INFOPLIST_KEY_UISupportedInterfaceOrientations_iPad = "UIInterfaceOrientationPortrait UIInterfaceOrientationPortraitUpsideDown UIInterfaceOrientationLandscapeLeft UIInterfaceOrientationLandscapeRight";
				INFOPLIST_KEY_UISupportedInterfaceOrientations_iPhone = "UIInterfaceOrientationPortrait UIInterfaceOrientationLandscapeLeft UIInterfaceOrientationLandscapeRight";
				IPHONEOS_DEPLOYMENT_TARGET = 15.0;
				LD_RUNPATH_SEARCH_PATHS = (
					"$(inherited)",
					"@executable_path/Frameworks",
				);
				MARKETING_VERSION = 1.0.0;
				PRODUCT_BUNDLE_IDENTIFIER = kr.xoul.MyDedicatedWeatherApp;
				PRODUCT_NAME = "$(TARGET_NAME)";
				SWIFT_EMIT_LOC_STRINGS = YES;
				SWIFT_VERSION = 5.0;
				TARGETED_DEVICE_FAMILY = "1,2";
			};
			name = Debug;
		};
		BCA30F8629FE203B0078D0B1 /* Release */ = {
			isa = XCBuildConfiguration;
			baseConfigurationReference = BC5D13742C9588AA0076F6C8 /* Env.xcconfig */;
			buildSettings = {
				ALWAYS_EMBED_SWIFT_STANDARD_LIBRARIES = YES;
				ASSETCATALOG_COMPILER_APPICON_NAME = AppIcon;
				ASSETCATALOG_COMPILER_GLOBAL_ACCENT_COLOR_NAME = AccentColor;
				CODE_SIGN_ENTITLEMENTS = MyDedicatedWeatherApp/MyDedicatedWeatherApp.entitlements;
				CODE_SIGN_STYLE = Automatic;
				CURRENT_PROJECT_VERSION = 1;
				DEVELOPMENT_ASSET_PATHS = "\"MyDedicatedWeatherApp/Resources/Preview Content\"";
				DEVELOPMENT_TEAM = 475T36V685;
				ENABLE_PREVIEWS = YES;
				GENERATE_INFOPLIST_FILE = YES;
				INFOPLIST_FILE = MyDedicatedWeatherApp/Resources/Info.plist;
				INFOPLIST_KEY_CFBundleDisplayName = "날씨모아";
				INFOPLIST_KEY_NSLocationAlwaysAndWhenInUseUsageDescription = "내 위치 확인를 위해 권한이 필요합니다.";
				INFOPLIST_KEY_NSLocationWhenInUseUsageDescription = "내 위치 확인을 위해 권한이 필요합니다.";
				INFOPLIST_KEY_UIApplicationSceneManifest_Generation = YES;
				INFOPLIST_KEY_UIApplicationSupportsIndirectInputEvents = YES;
				INFOPLIST_KEY_UILaunchScreen_Generation = YES;
				INFOPLIST_KEY_UISupportedInterfaceOrientations_iPad = "UIInterfaceOrientationPortrait UIInterfaceOrientationPortraitUpsideDown UIInterfaceOrientationLandscapeLeft UIInterfaceOrientationLandscapeRight";
				INFOPLIST_KEY_UISupportedInterfaceOrientations_iPhone = "UIInterfaceOrientationPortrait UIInterfaceOrientationLandscapeLeft UIInterfaceOrientationLandscapeRight";
				IPHONEOS_DEPLOYMENT_TARGET = 15.0;
				LD_RUNPATH_SEARCH_PATHS = (
					"$(inherited)",
					"@executable_path/Frameworks",
				);
				MARKETING_VERSION = 1.0.0;
				PRODUCT_BUNDLE_IDENTIFIER = kr.xoul.MyDedicatedWeatherApp;
				PRODUCT_NAME = "$(TARGET_NAME)";
				SWIFT_EMIT_LOC_STRINGS = YES;
				SWIFT_VERSION = 5.0;
				TARGETED_DEVICE_FAMILY = "1,2";
			};
			name = Release;
		};
		BCFB3EF32A9F90870043C26B /* Debug */ = {
			isa = XCBuildConfiguration;
			baseConfigurationReference = BC5D13742C9588AA0076F6C8 /* Env.xcconfig */;
			buildSettings = {
				ASSETCATALOG_COMPILER_GLOBAL_ACCENT_COLOR_NAME = AccentColor;
				ASSETCATALOG_COMPILER_WIDGET_BACKGROUND_COLOR_NAME = WidgetBackground;
				CODE_SIGN_ENTITLEMENTS = WeatherWidgetExtension.entitlements;
				CODE_SIGN_STYLE = Automatic;
				CURRENT_PROJECT_VERSION = 1;
				DEVELOPMENT_TEAM = 475T36V685;
				GENERATE_INFOPLIST_FILE = YES;
				INFOPLIST_FILE = WeatherWidget/Info.plist;
				INFOPLIST_KEY_CFBundleDisplayName = WeatherWidget;
				INFOPLIST_KEY_NSHumanReadableCopyright = "";
				IPHONEOS_DEPLOYMENT_TARGET = 15.0;
				LD_RUNPATH_SEARCH_PATHS = (
					"$(inherited)",
					"@executable_path/Frameworks",
					"@executable_path/../../Frameworks",
				);
				MARKETING_VERSION = 1.0;
				PRODUCT_BUNDLE_IDENTIFIER = kr.xoul.MyDedicatedWeatherApp.WeatherWidget;
				PRODUCT_NAME = "$(TARGET_NAME)";
				SKIP_INSTALL = YES;
				SWIFT_EMIT_LOC_STRINGS = YES;
				SWIFT_VERSION = 5.0;
				TARGETED_DEVICE_FAMILY = 1;
			};
			name = Debug;
		};
		BCFB3EF42A9F90870043C26B /* Release */ = {
			isa = XCBuildConfiguration;
			baseConfigurationReference = BC5D13742C9588AA0076F6C8 /* Env.xcconfig */;
			buildSettings = {
				ASSETCATALOG_COMPILER_GLOBAL_ACCENT_COLOR_NAME = AccentColor;
				ASSETCATALOG_COMPILER_WIDGET_BACKGROUND_COLOR_NAME = WidgetBackground;
				CODE_SIGN_ENTITLEMENTS = WeatherWidgetExtension.entitlements;
				CODE_SIGN_STYLE = Automatic;
				CURRENT_PROJECT_VERSION = 1;
				DEVELOPMENT_TEAM = 475T36V685;
				GENERATE_INFOPLIST_FILE = YES;
				INFOPLIST_FILE = WeatherWidget/Info.plist;
				INFOPLIST_KEY_CFBundleDisplayName = WeatherWidget;
				INFOPLIST_KEY_NSHumanReadableCopyright = "";
				IPHONEOS_DEPLOYMENT_TARGET = 15.0;
				LD_RUNPATH_SEARCH_PATHS = (
					"$(inherited)",
					"@executable_path/Frameworks",
					"@executable_path/../../Frameworks",
				);
				MARKETING_VERSION = 1.0;
				PRODUCT_BUNDLE_IDENTIFIER = kr.xoul.MyDedicatedWeatherApp.WeatherWidget;
				PRODUCT_NAME = "$(TARGET_NAME)";
				SKIP_INSTALL = YES;
				SWIFT_EMIT_LOC_STRINGS = YES;
				SWIFT_VERSION = 5.0;
				TARGETED_DEVICE_FAMILY = 1;
			};
			name = Release;
		};
/* End XCBuildConfiguration section */

/* Begin XCConfigurationList section */
		BC76BAC12BAB048400DA19A8 /* Build configuration list for PBXNativeTarget "MyDedicatedWeatherUnitTests" */ = {
			isa = XCConfigurationList;
			buildConfigurations = (
				BC76BAC22BAB048400DA19A8 /* Debug */,
				BC76BAC32BAB048400DA19A8 /* Release */,
			);
			defaultConfigurationIsVisible = 0;
			defaultConfigurationName = Release;
		};
		BCA30F7129FE20390078D0B1 /* Build configuration list for PBXProject "MyDedicatedWeatherApp" */ = {
			isa = XCConfigurationList;
			buildConfigurations = (
				BCA30F8229FE203B0078D0B1 /* Debug */,
				BCA30F8329FE203B0078D0B1 /* Release */,
			);
			defaultConfigurationIsVisible = 0;
			defaultConfigurationName = Release;
		};
		BCA30F8429FE203B0078D0B1 /* Build configuration list for PBXNativeTarget "MyDedicatedWeatherApp" */ = {
			isa = XCConfigurationList;
			buildConfigurations = (
				BCA30F8529FE203B0078D0B1 /* Debug */,
				BCA30F8629FE203B0078D0B1 /* Release */,
			);
			defaultConfigurationIsVisible = 0;
			defaultConfigurationName = Release;
		};
		BCFB3EF52A9F90870043C26B /* Build configuration list for PBXNativeTarget "WeatherWidgetExtension" */ = {
			isa = XCConfigurationList;
			buildConfigurations = (
				BCFB3EF32A9F90870043C26B /* Debug */,
				BCFB3EF42A9F90870043C26B /* Release */,
			);
			defaultConfigurationIsVisible = 0;
			defaultConfigurationName = Release;
		};
/* End XCConfigurationList section */

/* Begin XCLocalSwiftPackageReference section */
		BC5D13772C9594E30076F6C8 /* XCLocalSwiftPackageReference "MyDedicatedWeatherApp/WeeklyWeatherFeature" */ = {
			isa = XCLocalSwiftPackageReference;
			relativePath = MyDedicatedWeatherApp/WeeklyWeatherFeature;
		};
		BC5D137B2C9597FF0076F6C8 /* XCLocalSwiftPackageReference "MyDedicatedWeatherApp/SettingFeature" */ = {
			isa = XCLocalSwiftPackageReference;
			relativePath = MyDedicatedWeatherApp/SettingFeature;
		};
		BC9DC8552C5FB1D0004B968D /* XCLocalSwiftPackageReference "MyDedicatedWeatherApp/Core" */ = {
			isa = XCLocalSwiftPackageReference;
			relativePath = MyDedicatedWeatherApp/Core;
		};
		BC9DC8582C5FB1E2004B968D /* XCLocalSwiftPackageReference "MyDedicatedWeatherApp/Data" */ = {
			isa = XCLocalSwiftPackageReference;
			relativePath = MyDedicatedWeatherApp/Data;
		};
		BC9DC85B2C5FB1EF004B968D /* XCLocalSwiftPackageReference "MyDedicatedWeatherApp/Domain" */ = {
			isa = XCLocalSwiftPackageReference;
			relativePath = MyDedicatedWeatherApp/Domain;
		};
		BC9DC85E2C5FB204004B968D /* XCLocalSwiftPackageReference "MyDedicatedWeatherApp/CurrentWeatherFeature" */ = {
			isa = XCLocalSwiftPackageReference;
			relativePath = MyDedicatedWeatherApp/CurrentWeatherFeature;
		};
		BC9DC8612C5FB214004B968D /* XCLocalSwiftPackageReference "MyDedicatedWeatherApp/AdditionalLocationFeature" */ = {
			isa = XCLocalSwiftPackageReference;
			relativePath = MyDedicatedWeatherApp/AdditionalLocationFeature;
		};
/* End XCLocalSwiftPackageReference section */

/* Begin XCSwiftPackageProductDependency section */
		BC5D13782C9594E30076F6C8 /* WeeklyWeatherFeature */ = {
			isa = XCSwiftPackageProductDependency;
			productName = WeeklyWeatherFeature;
		};
		BC5D137C2C9597FF0076F6C8 /* SettingFeature */ = {
			isa = XCSwiftPackageProductDependency;
			productName = SettingFeature;
		};
		BC71DEE62C72C4F200313D6F /* Core */ = {
			isa = XCSwiftPackageProductDependency;
			productName = Core;
		};
		BC956E132C7A211800600330 /* Widget */ = {
			isa = XCSwiftPackageProductDependency;
			productName = Widget;
		};
		BC9C76D62C650F2800EFA0FE /* Data */ = {
			isa = XCSwiftPackageProductDependency;
			productName = Data;
		};
		BC9C76D82C65106A00EFA0FE /* Domain */ = {
			isa = XCSwiftPackageProductDependency;
			productName = Domain;
		};
		BC9DC8562C5FB1D0004B968D /* Core */ = {
			isa = XCSwiftPackageProductDependency;
			productName = Core;
		};
		BC9DC8592C5FB1E2004B968D /* Data */ = {
			isa = XCSwiftPackageProductDependency;
			productName = Data;
		};
		BC9DC85C2C5FB1EF004B968D /* Domain */ = {
			isa = XCSwiftPackageProductDependency;
			productName = Domain;
		};
		BC9DC85F2C5FB204004B968D /* CurrentWeatherFeature */ = {
			isa = XCSwiftPackageProductDependency;
			productName = CurrentWeatherFeature;
		};
		BC9DC8622C5FB214004B968D /* AdditionalLocationFeature */ = {
			isa = XCSwiftPackageProductDependency;
			productName = AdditionalLocationFeature;
		};
/* End XCSwiftPackageProductDependency section */
	};
	rootObject = BCA30F6E29FE20390078D0B1 /* Project object */;
}
