// !$*UTF8*$!
{
	archiveVersion = 1;
	classes = {
	};
	objectVersion = 56;
	objects = {

/* Begin PBXBuildFile section */
		BC137CA52A128221002D6667 /* Sunny.json in Resources */ = {isa = PBXBuildFile; fileRef = BC137CA42A128221002D6667 /* Sunny.json */; };
		BC137CAD2A1284F6002D6667 /* SunnyNight.json in Resources */ = {isa = PBXBuildFile; fileRef = BC137CAC2A1284F6002D6667 /* SunnyNight.json */; };
		BC137CAF2A128518002D6667 /* CloudMany.json in Resources */ = {isa = PBXBuildFile; fileRef = BC137CAE2A128518002D6667 /* CloudMany.json */; };
		BC137CB12A128546002D6667 /* Cloudy.json in Resources */ = {isa = PBXBuildFile; fileRef = BC137CB02A128546002D6667 /* Cloudy.json */; };
		BC137CB32A12885D002D6667 /* CloudManyNight.json in Resources */ = {isa = PBXBuildFile; fileRef = BC137CB22A12885D002D6667 /* CloudManyNight.json */; };
		BC137CB52A1288F3002D6667 /* Rain.json in Resources */ = {isa = PBXBuildFile; fileRef = BC137CB42A1288F3002D6667 /* Rain.json */; };
		BC137CB72A128913002D6667 /* RainNight.json in Resources */ = {isa = PBXBuildFile; fileRef = BC137CB62A128913002D6667 /* RainNight.json */; };
		BC137CB92A128959002D6667 /* Snow.json in Resources */ = {isa = PBXBuildFile; fileRef = BC137CB82A128959002D6667 /* Snow.json */; };
		BC137CBB2A128975002D6667 /* SnowNight.json in Resources */ = {isa = PBXBuildFile; fileRef = BC137CBA2A128975002D6667 /* SnowNight.json */; };
		BC37A6002A3ED7BC00C16278 /* DustForecastStationModel.swift in Sources */ = {isa = PBXBuildFile; fileRef = BC37A5FF2A3ED7BC00C16278 /* DustForecastStationModel.swift */; };
		BC37A6022A3ED7CD00C16278 /* DustForecastStationXYModel.swift in Sources */ = {isa = PBXBuildFile; fileRef = BC37A6012A3ED7CD00C16278 /* DustForecastStationXYModel.swift */; };
		BC37A6042A3F094E00C16278 /* CustomTypes.swift in Sources */ = {isa = PBXBuildFile; fileRef = BC37A6032A3F094E00C16278 /* CustomTypes.swift */; };
		BC65D50F2A0BDF1C00EFADD4 /* WeatherInformationsWithImgAndTimeAndTemperature.swift in Sources */ = {isa = PBXBuildFile; fileRef = BC65D50E2A0BDF1C00EFADD4 /* WeatherInformationsWithImgAndTimeAndTemperature.swift */; };
		BC6EF8BD2A10AAB30072A2DE /* Extension.swift in Sources */ = {isa = PBXBuildFile; fileRef = BC6EF8BC2A10AAB30072A2DE /* Extension.swift */; };
		BC6EF8BF2A10C0DC0072A2DE /* RealTimeFindDustForecastModel.swift in Sources */ = {isa = PBXBuildFile; fileRef = BC6EF8BE2A10C0DC0072A2DE /* RealTimeFindDustForecastModel.swift */; };
		BC7692372A431C69005F4D7B /* MainTabView.swift in Sources */ = {isa = PBXBuildFile; fileRef = BC7692362A431C69005F4D7B /* MainTabView.swift */; };
		BC76923A2A431CC8005F4D7B /* CustomBottomTabBarView.swift in Sources */ = {isa = PBXBuildFile; fileRef = BC7692392A431CC8005F4D7B /* CustomBottomTabBarView.swift */; };
		BC76923D2A4329DC005F4D7B /* CornerRadiusStyle.swift in Sources */ = {isa = PBXBuildFile; fileRef = BC76923C2A4329DC005F4D7B /* CornerRadiusStyle.swift */; };
		BC7D33E22A12788E00B1012F /* Lottie in Frameworks */ = {isa = PBXBuildFile; productRef = BC7D33E12A12788E00B1012F /* Lottie */; };
		BC7D33E52A127ABB00B1012F /* LottieView.swift in Sources */ = {isa = PBXBuildFile; fileRef = BC7D33E42A127ABB00B1012F /* LottieView.swift */; };
		BC85A94E2A02570E00C4CC48 /* VeryShortOrShortTermForecastModel.swift in Sources */ = {isa = PBXBuildFile; fileRef = BC85A94D2A02570E00C4CC48 /* VeryShortOrShortTermForecastModel.swift */; };
		BC91FD512A44836D00D3E665 /* Extensions.swift in Sources */ = {isa = PBXBuildFile; fileRef = BC91FD502A44836D00D3E665 /* Extensions.swift */; };
		BC91FD542A4483CA00D3E665 /* LoadingProgress.swift in Sources */ = {isa = PBXBuildFile; fileRef = BC91FD532A4483CA00D3E665 /* LoadingProgress.swift */; };
		BC96646C2A41F2C900D2433C /* WeatherInforamtionsWithImageAndDescriptionView.swift in Sources */ = {isa = PBXBuildFile; fileRef = BC96646B2A41F2C900D2433C /* WeatherInforamtionsWithImageAndDescriptionView.swift */; };
		BC96646E2A41F58300D2433C /* FineDustWithDescriptionAndBackgroundColorView.swift in Sources */ = {isa = PBXBuildFile; fileRef = BC96646D2A41F58300D2433C /* FineDustWithDescriptionAndBackgroundColorView.swift */; };
		BCA30F7A29FE203A0078D0B1 /* MyDedicatedWeatherAppApp.swift in Sources */ = {isa = PBXBuildFile; fileRef = BCA30F7929FE203A0078D0B1 /* MyDedicatedWeatherAppApp.swift */; };
		BCA30F7C29FE203A0078D0B1 /* ContentView.swift in Sources */ = {isa = PBXBuildFile; fileRef = BCA30F7B29FE203A0078D0B1 /* ContentView.swift */; };
		BCA30F7E29FE203A0078D0B1 /* Assets.xcassets in Resources */ = {isa = PBXBuildFile; fileRef = BCA30F7D29FE203A0078D0B1 /* Assets.xcassets */; };
		BCA30F8129FE203B0078D0B1 /* Preview Assets.xcassets in Resources */ = {isa = PBXBuildFile; fileRef = BCA30F8029FE203B0078D0B1 /* Preview Assets.xcassets */; };
		BCA30F8C29FE25280078D0B1 /* Alamofire in Frameworks */ = {isa = PBXBuildFile; productRef = BCA30F8B29FE25280078D0B1 /* Alamofire */; };
		BCA30F9129FE265B0078D0B1 /* Route.swift in Sources */ = {isa = PBXBuildFile; fileRef = BCA30F9029FE265B0078D0B1 /* Route.swift */; };
		BCA30F9329FE28F20078D0B1 /* MidTermForecastModel.swift in Sources */ = {isa = PBXBuildFile; fileRef = BCA30F9229FE28F20078D0B1 /* MidTermForecastModel.swift */; };
		BCA30F9529FE39BC0078D0B1 /* Env.swift in Sources */ = {isa = PBXBuildFile; fileRef = BCA30F9429FE39BC0078D0B1 /* Env.swift */; };
		BCA30F9729FE3A190078D0B1 /* Util.swift in Sources */ = {isa = PBXBuildFile; fileRef = BCA30F9629FE3A190078D0B1 /* Util.swift */; };
		BCA30F9A29FE49FE0078D0B1 /* OpenDataRes.swift in Sources */ = {isa = PBXBuildFile; fileRef = BCA30F9929FE49FE0078D0B1 /* OpenDataRes.swift */; };
		BCA30FA029FE6D690078D0B1 /* ErrorType.swift in Sources */ = {isa = PBXBuildFile; fileRef = BCA30F9F29FE6D690078D0B1 /* ErrorType.swift */; };
		BCA30FA229FE6FC30078D0B1 /* JsonRequest.swift in Sources */ = {isa = PBXBuildFile; fileRef = BCA30FA129FE6FC30078D0B1 /* JsonRequest.swift */; };
		BCA30FA529FE73C90078D0B1 /* HomeViewController.swift in Sources */ = {isa = PBXBuildFile; fileRef = BCA30FA429FE73C90078D0B1 /* HomeViewController.swift */; };
		BCA30FA729FE73D70078D0B1 /* HomeViewModel.swift in Sources */ = {isa = PBXBuildFile; fileRef = BCA30FA629FE73D70078D0B1 /* HomeViewModel.swift */; };
		BCA30FAA29FFDC580078D0B1 /* Dummy.swift in Sources */ = {isa = PBXBuildFile; fileRef = BCA30FA929FFDC580078D0B1 /* Dummy.swift */; };
		BCA30FAD29FFE3850078D0B1 /* HomeViewMinMaxTemperatureVC.swift in Sources */ = {isa = PBXBuildFile; fileRef = BCA30FAC29FFE3850078D0B1 /* HomeViewMinMaxTemperatureVC.swift */; };
		BCCD80682A07A59800501BEA /* LocationDataManagerVM.swift in Sources */ = {isa = PBXBuildFile; fileRef = BCCD80672A07A59800501BEA /* LocationDataManagerVM.swift */; };
/* End PBXBuildFile section */

/* Begin PBXFileReference section */
		BC137CA42A128221002D6667 /* Sunny.json */ = {isa = PBXFileReference; fileEncoding = 4; lastKnownFileType = text.json; name = Sunny.json; path = ../../../Downloads/Sunny.json; sourceTree = "<group>"; };
		BC137CA72A1282CD002D6667 /* Sunny.json */ = {isa = PBXFileReference; lastKnownFileType = text.json; path = Sunny.json; sourceTree = "<group>"; };
		BC137CAC2A1284F6002D6667 /* SunnyNight.json */ = {isa = PBXFileReference; fileEncoding = 4; lastKnownFileType = text.json; name = SunnyNight.json; path = ../../../../Downloads/SunnyNight.json; sourceTree = "<group>"; };
		BC137CAE2A128518002D6667 /* CloudMany.json */ = {isa = PBXFileReference; fileEncoding = 4; lastKnownFileType = text.json; name = CloudMany.json; path = ../../../../Downloads/CloudMany.json; sourceTree = "<group>"; };
		BC137CB02A128546002D6667 /* Cloudy.json */ = {isa = PBXFileReference; fileEncoding = 4; lastKnownFileType = text.json; name = Cloudy.json; path = ../../../../Downloads/Cloudy.json; sourceTree = "<group>"; };
		BC137CB22A12885D002D6667 /* CloudManyNight.json */ = {isa = PBXFileReference; fileEncoding = 4; lastKnownFileType = text.json; name = CloudManyNight.json; path = ../../../../Downloads/CloudManyNight.json; sourceTree = "<group>"; };
		BC137CB42A1288F3002D6667 /* Rain.json */ = {isa = PBXFileReference; fileEncoding = 4; lastKnownFileType = text.json; name = Rain.json; path = ../../../../Downloads/Rain.json; sourceTree = "<group>"; };
		BC137CB62A128913002D6667 /* RainNight.json */ = {isa = PBXFileReference; fileEncoding = 4; lastKnownFileType = text.json; name = RainNight.json; path = ../../../../Downloads/RainNight.json; sourceTree = "<group>"; };
		BC137CB82A128959002D6667 /* Snow.json */ = {isa = PBXFileReference; fileEncoding = 4; lastKnownFileType = text.json; name = Snow.json; path = ../../../../Downloads/Snow.json; sourceTree = "<group>"; };
		BC137CBA2A128975002D6667 /* SnowNight.json */ = {isa = PBXFileReference; fileEncoding = 4; lastKnownFileType = text.json; name = SnowNight.json; path = ../../../../Downloads/SnowNight.json; sourceTree = "<group>"; };
		BC37A5FF2A3ED7BC00C16278 /* DustForecastStationModel.swift */ = {isa = PBXFileReference; lastKnownFileType = sourcecode.swift; path = DustForecastStationModel.swift; sourceTree = "<group>"; };
		BC37A6012A3ED7CD00C16278 /* DustForecastStationXYModel.swift */ = {isa = PBXFileReference; lastKnownFileType = sourcecode.swift; path = DustForecastStationXYModel.swift; sourceTree = "<group>"; };
		BC37A6032A3F094E00C16278 /* CustomTypes.swift */ = {isa = PBXFileReference; lastKnownFileType = sourcecode.swift; path = CustomTypes.swift; sourceTree = "<group>"; };
		BC65D50E2A0BDF1C00EFADD4 /* WeatherInformationsWithImgAndTimeAndTemperature.swift */ = {isa = PBXFileReference; lastKnownFileType = sourcecode.swift; path = WeatherInformationsWithImgAndTimeAndTemperature.swift; sourceTree = "<group>"; };
		BC6EF8BC2A10AAB30072A2DE /* Extension.swift */ = {isa = PBXFileReference; lastKnownFileType = sourcecode.swift; path = Extension.swift; sourceTree = "<group>"; };
		BC6EF8BE2A10C0DC0072A2DE /* RealTimeFindDustForecastModel.swift */ = {isa = PBXFileReference; lastKnownFileType = sourcecode.swift; path = RealTimeFindDustForecastModel.swift; sourceTree = "<group>"; };
		BC7692362A431C69005F4D7B /* MainTabView.swift */ = {isa = PBXFileReference; lastKnownFileType = sourcecode.swift; path = MainTabView.swift; sourceTree = "<group>"; };
		BC7692392A431CC8005F4D7B /* CustomBottomTabBarView.swift */ = {isa = PBXFileReference; lastKnownFileType = sourcecode.swift; path = CustomBottomTabBarView.swift; sourceTree = "<group>"; };
		BC76923C2A4329DC005F4D7B /* CornerRadiusStyle.swift */ = {isa = PBXFileReference; lastKnownFileType = sourcecode.swift; path = CornerRadiusStyle.swift; sourceTree = "<group>"; };
		BC7D33E42A127ABB00B1012F /* LottieView.swift */ = {isa = PBXFileReference; lastKnownFileType = sourcecode.swift; path = LottieView.swift; sourceTree = "<group>"; };
		BC85A94D2A02570E00C4CC48 /* VeryShortOrShortTermForecastModel.swift */ = {isa = PBXFileReference; lastKnownFileType = sourcecode.swift; path = VeryShortOrShortTermForecastModel.swift; sourceTree = "<group>"; };
		BC91FD502A44836D00D3E665 /* Extensions.swift */ = {isa = PBXFileReference; lastKnownFileType = sourcecode.swift; path = Extensions.swift; sourceTree = "<group>"; };
		BC91FD532A4483CA00D3E665 /* LoadingProgress.swift */ = {isa = PBXFileReference; lastKnownFileType = sourcecode.swift; path = LoadingProgress.swift; sourceTree = "<group>"; };
		BC96646B2A41F2C900D2433C /* WeatherInforamtionsWithImageAndDescriptionView.swift */ = {isa = PBXFileReference; lastKnownFileType = sourcecode.swift; path = WeatherInforamtionsWithImageAndDescriptionView.swift; sourceTree = "<group>"; };
		BC96646D2A41F58300D2433C /* FineDustWithDescriptionAndBackgroundColorView.swift */ = {isa = PBXFileReference; lastKnownFileType = sourcecode.swift; path = FineDustWithDescriptionAndBackgroundColorView.swift; sourceTree = "<group>"; };
		BCA30F7629FE20390078D0B1 /* MyDedicatedWeatherApp.app */ = {isa = PBXFileReference; explicitFileType = wrapper.application; includeInIndex = 0; path = MyDedicatedWeatherApp.app; sourceTree = BUILT_PRODUCTS_DIR; };
		BCA30F7929FE203A0078D0B1 /* MyDedicatedWeatherAppApp.swift */ = {isa = PBXFileReference; lastKnownFileType = sourcecode.swift; path = MyDedicatedWeatherAppApp.swift; sourceTree = "<group>"; };
		BCA30F7B29FE203A0078D0B1 /* ContentView.swift */ = {isa = PBXFileReference; lastKnownFileType = sourcecode.swift; path = ContentView.swift; sourceTree = "<group>"; };
		BCA30F7D29FE203A0078D0B1 /* Assets.xcassets */ = {isa = PBXFileReference; lastKnownFileType = folder.assetcatalog; path = Assets.xcassets; sourceTree = "<group>"; };
		BCA30F8029FE203B0078D0B1 /* Preview Assets.xcassets */ = {isa = PBXFileReference; lastKnownFileType = folder.assetcatalog; path = "Preview Assets.xcassets"; sourceTree = "<group>"; };
		BCA30F9029FE265B0078D0B1 /* Route.swift */ = {isa = PBXFileReference; lastKnownFileType = sourcecode.swift; path = Route.swift; sourceTree = "<group>"; };
		BCA30F9229FE28F20078D0B1 /* MidTermForecastModel.swift */ = {isa = PBXFileReference; lastKnownFileType = sourcecode.swift; path = MidTermForecastModel.swift; sourceTree = "<group>"; };
		BCA30F9429FE39BC0078D0B1 /* Env.swift */ = {isa = PBXFileReference; lastKnownFileType = sourcecode.swift; path = Env.swift; sourceTree = "<group>"; };
		BCA30F9629FE3A190078D0B1 /* Util.swift */ = {isa = PBXFileReference; lastKnownFileType = sourcecode.swift; path = Util.swift; sourceTree = "<group>"; };
		BCA30F9929FE49FE0078D0B1 /* OpenDataRes.swift */ = {isa = PBXFileReference; lastKnownFileType = sourcecode.swift; path = OpenDataRes.swift; sourceTree = "<group>"; };
		BCA30F9F29FE6D690078D0B1 /* ErrorType.swift */ = {isa = PBXFileReference; lastKnownFileType = sourcecode.swift; path = ErrorType.swift; sourceTree = "<group>"; };
		BCA30FA129FE6FC30078D0B1 /* JsonRequest.swift */ = {isa = PBXFileReference; lastKnownFileType = sourcecode.swift; path = JsonRequest.swift; sourceTree = "<group>"; };
		BCA30FA429FE73C90078D0B1 /* HomeViewController.swift */ = {isa = PBXFileReference; lastKnownFileType = sourcecode.swift; path = HomeViewController.swift; sourceTree = "<group>"; };
		BCA30FA629FE73D70078D0B1 /* HomeViewModel.swift */ = {isa = PBXFileReference; lastKnownFileType = sourcecode.swift; path = HomeViewModel.swift; sourceTree = "<group>"; };
		BCA30FA829FE7D780078D0B1 /* Info.plist */ = {isa = PBXFileReference; lastKnownFileType = text.plist; path = Info.plist; sourceTree = "<group>"; };
		BCA30FA929FFDC580078D0B1 /* Dummy.swift */ = {isa = PBXFileReference; lastKnownFileType = sourcecode.swift; path = Dummy.swift; sourceTree = "<group>"; };
		BCA30FAC29FFE3850078D0B1 /* HomeViewMinMaxTemperatureVC.swift */ = {isa = PBXFileReference; lastKnownFileType = sourcecode.swift; path = HomeViewMinMaxTemperatureVC.swift; sourceTree = "<group>"; };
		BCCD80672A07A59800501BEA /* LocationDataManagerVM.swift */ = {isa = PBXFileReference; lastKnownFileType = sourcecode.swift; path = LocationDataManagerVM.swift; sourceTree = "<group>"; };
/* End PBXFileReference section */

/* Begin PBXFrameworksBuildPhase section */
		BCA30F7329FE20390078D0B1 /* Frameworks */ = {
			isa = PBXFrameworksBuildPhase;
			buildActionMask = 2147483647;
			files = (
				BCA30F8C29FE25280078D0B1 /* Alamofire in Frameworks */,
				BC7D33E22A12788E00B1012F /* Lottie in Frameworks */,
			);
			runOnlyForDeploymentPostprocessing = 0;
		};
/* End PBXFrameworksBuildPhase section */

/* Begin PBXGroup section */
		BC137CA62A1282A9002D6667 /* LottieAnimation */ = {
			isa = PBXGroup;
			children = (
				BC137CBA2A128975002D6667 /* SnowNight.json */,
				BC137CB82A128959002D6667 /* Snow.json */,
				BC137CB62A128913002D6667 /* RainNight.json */,
				BC137CB42A1288F3002D6667 /* Rain.json */,
				BC137CB02A128546002D6667 /* Cloudy.json */,
				BC137CAE2A128518002D6667 /* CloudMany.json */,
				BC137CB22A12885D002D6667 /* CloudManyNight.json */,
				BC137CAC2A1284F6002D6667 /* SunnyNight.json */,
				BC137CA72A1282CD002D6667 /* Sunny.json */,
			);
			path = LottieAnimation;
			sourceTree = "<group>";
		};
		BC7692382A431C94005F4D7B /* TabBar */ = {
			isa = PBXGroup;
			children = (
				BC7692392A431CC8005F4D7B /* CustomBottomTabBarView.swift */,
			);
			path = TabBar;
			sourceTree = "<group>";
		};
		BC76923B2A4329BF005F4D7B /* Modifier */ = {
			isa = PBXGroup;
			children = (
				BC76923C2A4329DC005F4D7B /* CornerRadiusStyle.swift */,
			);
			path = Modifier;
			sourceTree = "<group>";
		};
		BC7D33E32A127A7300B1012F /* ViewRepresentable */ = {
			isa = PBXGroup;
			children = (
				BC7D33E42A127ABB00B1012F /* LottieView.swift */,
			);
			path = ViewRepresentable;
			sourceTree = "<group>";
		};
		BC91FD522A44839900D3E665 /* ViewModifier */ = {
			isa = PBXGroup;
			children = (
				BC91FD532A4483CA00D3E665 /* LoadingProgress.swift */,
			);
			path = ViewModifier;
			sourceTree = "<group>";
		};
		BC9664692A41EB4900D2433C /* ViewController */ = {
			isa = PBXGroup;
			children = (
				BCA30FA429FE73C90078D0B1 /* HomeViewController.swift */,
			);
			path = ViewController;
			sourceTree = "<group>";
		};
		BC96646A2A41ED0600D2433C /* HomeView */ = {
			isa = PBXGroup;
			children = (
				BCA30FAC29FFE3850078D0B1 /* HomeViewMinMaxTemperatureVC.swift */,
				BC65D50E2A0BDF1C00EFADD4 /* WeatherInformationsWithImgAndTimeAndTemperature.swift */,
				BC96646B2A41F2C900D2433C /* WeatherInforamtionsWithImageAndDescriptionView.swift */,
				BC96646D2A41F58300D2433C /* FineDustWithDescriptionAndBackgroundColorView.swift */,
			);
			path = HomeView;
			sourceTree = "<group>";
		};
		BCA30F6D29FE20390078D0B1 = {
			isa = PBXGroup;
			children = (
				BCA30F7829FE203A0078D0B1 /* MyDedicatedWeatherApp */,
				BCA30F7729FE20390078D0B1 /* Products */,
			);
			sourceTree = "<group>";
		};
		BCA30F7729FE20390078D0B1 /* Products */ = {
			isa = PBXGroup;
			children = (
				BCA30F7629FE20390078D0B1 /* MyDedicatedWeatherApp.app */,
			);
			name = Products;
			sourceTree = "<group>";
		};
		BCA30F7829FE203A0078D0B1 /* MyDedicatedWeatherApp */ = {
			isa = PBXGroup;
			children = (
				BCA30FA829FE7D780078D0B1 /* Info.plist */,
				BCA30F8F29FE26500078D0B1 /* Common */,
				BCA30F8929FE20800078D0B1 /* Service */,
				BCA30F8829FE20790078D0B1 /* Model */,
				BCA30F8729FE205D0078D0B1 /* View */,
				BCA30FA329FE72DF0078D0B1 /* ViewModel */,
				BCA30F7929FE203A0078D0B1 /* MyDedicatedWeatherAppApp.swift */,
				BCA30F7B29FE203A0078D0B1 /* ContentView.swift */,
				BCA30F7D29FE203A0078D0B1 /* Assets.xcassets */,
				BC137CA62A1282A9002D6667 /* LottieAnimation */,
				BCA30F7F29FE203B0078D0B1 /* Preview Content */,
				BCA30F9429FE39BC0078D0B1 /* Env.swift */,
				BC137CA42A128221002D6667 /* Sunny.json */,
			);
			path = MyDedicatedWeatherApp;
			sourceTree = "<group>";
		};
		BCA30F7F29FE203B0078D0B1 /* Preview Content */ = {
			isa = PBXGroup;
			children = (
				BCA30F8029FE203B0078D0B1 /* Preview Assets.xcassets */,
			);
			path = "Preview Content";
			sourceTree = "<group>";
		};
		BCA30F8729FE205D0078D0B1 /* View */ = {
			isa = PBXGroup;
			children = (
				BC7692362A431C69005F4D7B /* MainTabView.swift */,
				BC9664692A41EB4900D2433C /* ViewController */,
				BCA30FAB29FFE35B0078D0B1 /* ViewComponent */,
			);
			path = View;
			sourceTree = "<group>";
		};
		BCA30F8829FE20790078D0B1 /* Model */ = {
			isa = PBXGroup;
			children = (
				BCA30F9829FE49DA0078D0B1 /* OpenDataModel */,
			);
			path = Model;
			sourceTree = "<group>";
		};
		BCA30F8929FE20800078D0B1 /* Service */ = {
			isa = PBXGroup;
			children = (
				BCA30FA129FE6FC30078D0B1 /* JsonRequest.swift */,
			);
			path = Service;
			sourceTree = "<group>";
		};
		BCA30F8F29FE26500078D0B1 /* Common */ = {
			isa = PBXGroup;
			children = (
				BCA30F9029FE265B0078D0B1 /* Route.swift */,
				BCA30F9629FE3A190078D0B1 /* Util.swift */,
				BCA30F9F29FE6D690078D0B1 /* ErrorType.swift */,
				BCA30FA929FFDC580078D0B1 /* Dummy.swift */,
				BC6EF8BC2A10AAB30072A2DE /* Extension.swift */,
				BC37A6032A3F094E00C16278 /* CustomTypes.swift */,
				BC91FD502A44836D00D3E665 /* Extensions.swift */,
			);
			path = Common;
			sourceTree = "<group>";
		};
		BCA30F9829FE49DA0078D0B1 /* OpenDataModel */ = {
			isa = PBXGroup;
			children = (
				BCA30F9229FE28F20078D0B1 /* MidTermForecastModel.swift */,
				BC85A94D2A02570E00C4CC48 /* VeryShortOrShortTermForecastModel.swift */,
				BCA30F9929FE49FE0078D0B1 /* OpenDataRes.swift */,
				BC6EF8BE2A10C0DC0072A2DE /* RealTimeFindDustForecastModel.swift */,
				BC37A5FF2A3ED7BC00C16278 /* DustForecastStationModel.swift */,
				BC37A6012A3ED7CD00C16278 /* DustForecastStationXYModel.swift */,
			);
			path = OpenDataModel;
			sourceTree = "<group>";
		};
		BCA30FA329FE72DF0078D0B1 /* ViewModel */ = {
			isa = PBXGroup;
			children = (
				BCA30FA629FE73D70078D0B1 /* HomeViewModel.swift */,
				BCCD80672A07A59800501BEA /* LocationDataManagerVM.swift */,
			);
			path = ViewModel;
			sourceTree = "<group>";
		};
		BCA30FAB29FFE35B0078D0B1 /* ViewComponent */ = {
			isa = PBXGroup;
			children = (
				BC91FD522A44839900D3E665 /* ViewModifier */,
				BC7D33E32A127A7300B1012F /* ViewRepresentable */,
				BC76923B2A4329BF005F4D7B /* Modifier */,
				BC7692382A431C94005F4D7B /* TabBar */,
				BC96646A2A41ED0600D2433C /* HomeView */,
			);
			path = ViewComponent;
			sourceTree = "<group>";
		};
/* End PBXGroup section */

/* Begin PBXNativeTarget section */
		BCA30F7529FE20390078D0B1 /* MyDedicatedWeatherApp */ = {
			isa = PBXNativeTarget;
			buildConfigurationList = BCA30F8429FE203B0078D0B1 /* Build configuration list for PBXNativeTarget "MyDedicatedWeatherApp" */;
			buildPhases = (
				BCA30F7229FE20390078D0B1 /* Sources */,
				BCA30F7329FE20390078D0B1 /* Frameworks */,
				BCA30F7429FE20390078D0B1 /* Resources */,
			);
			buildRules = (
			);
			dependencies = (
			);
			name = MyDedicatedWeatherApp;
			packageProductDependencies = (
				BCA30F8B29FE25280078D0B1 /* Alamofire */,
				BC7D33E12A12788E00B1012F /* Lottie */,
			);
			productName = MyDedicatedWeatherApp;
			productReference = BCA30F7629FE20390078D0B1 /* MyDedicatedWeatherApp.app */;
			productType = "com.apple.product-type.application";
		};
/* End PBXNativeTarget section */

/* Begin PBXProject section */
		BCA30F6E29FE20390078D0B1 /* Project object */ = {
			isa = PBXProject;
			attributes = {
				BuildIndependentTargetsInParallel = 1;
				LastSwiftUpdateCheck = 1420;
				LastUpgradeCheck = 1420;
				TargetAttributes = {
					BCA30F7529FE20390078D0B1 = {
						CreatedOnToolsVersion = 14.2;
					};
				};
			};
			buildConfigurationList = BCA30F7129FE20390078D0B1 /* Build configuration list for PBXProject "MyDedicatedWeatherApp" */;
			compatibilityVersion = "Xcode 14.0";
			developmentRegion = en;
			hasScannedForEncodings = 0;
			knownRegions = (
				en,
				Base,
			);
			mainGroup = BCA30F6D29FE20390078D0B1;
			packageReferences = (
				BCA30F8A29FE25280078D0B1 /* XCRemoteSwiftPackageReference "Alamofire" */,
				BC7D33E02A12788E00B1012F /* XCRemoteSwiftPackageReference "lottie-ios" */,
			);
			productRefGroup = BCA30F7729FE20390078D0B1 /* Products */;
			projectDirPath = "";
			projectRoot = "";
			targets = (
				BCA30F7529FE20390078D0B1 /* MyDedicatedWeatherApp */,
			);
		};
/* End PBXProject section */

/* Begin PBXResourcesBuildPhase section */
		BCA30F7429FE20390078D0B1 /* Resources */ = {
			isa = PBXResourcesBuildPhase;
			buildActionMask = 2147483647;
			files = (
				BC137CAD2A1284F6002D6667 /* SunnyNight.json in Resources */,
				BC137CB72A128913002D6667 /* RainNight.json in Resources */,
				BC137CA52A128221002D6667 /* Sunny.json in Resources */,
				BC137CBB2A128975002D6667 /* SnowNight.json in Resources */,
				BC137CB32A12885D002D6667 /* CloudManyNight.json in Resources */,
				BC137CB12A128546002D6667 /* Cloudy.json in Resources */,
				BC137CB92A128959002D6667 /* Snow.json in Resources */,
				BCA30F8129FE203B0078D0B1 /* Preview Assets.xcassets in Resources */,
				BCA30F7E29FE203A0078D0B1 /* Assets.xcassets in Resources */,
				BC137CAF2A128518002D6667 /* CloudMany.json in Resources */,
				BC137CB52A1288F3002D6667 /* Rain.json in Resources */,
			);
			runOnlyForDeploymentPostprocessing = 0;
		};
/* End PBXResourcesBuildPhase section */

/* Begin PBXSourcesBuildPhase section */
		BCA30F7229FE20390078D0B1 /* Sources */ = {
			isa = PBXSourcesBuildPhase;
			buildActionMask = 2147483647;
			files = (
				BCA30F9129FE265B0078D0B1 /* Route.swift in Sources */,
				BC7D33E52A127ABB00B1012F /* LottieView.swift in Sources */,
				BCA30F9A29FE49FE0078D0B1 /* OpenDataRes.swift in Sources */,
				BCA30F7C29FE203A0078D0B1 /* ContentView.swift in Sources */,
				BCA30F9529FE39BC0078D0B1 /* Env.swift in Sources */,
				BCCD80682A07A59800501BEA /* LocationDataManagerVM.swift in Sources */,
				BCA30FA529FE73C90078D0B1 /* HomeViewController.swift in Sources */,
				BCA30F9729FE3A190078D0B1 /* Util.swift in Sources */,
				BC76923D2A4329DC005F4D7B /* CornerRadiusStyle.swift in Sources */,
				BCA30FA729FE73D70078D0B1 /* HomeViewModel.swift in Sources */,
				BCA30FAD29FFE3850078D0B1 /* HomeViewMinMaxTemperatureVC.swift in Sources */,
				BC37A6042A3F094E00C16278 /* CustomTypes.swift in Sources */,
				BC96646C2A41F2C900D2433C /* WeatherInforamtionsWithImageAndDescriptionView.swift in Sources */,
				BC65D50F2A0BDF1C00EFADD4 /* WeatherInformationsWithImgAndTimeAndTemperature.swift in Sources */,
				BC96646E2A41F58300D2433C /* FineDustWithDescriptionAndBackgroundColorView.swift in Sources */,
				BC6EF8BD2A10AAB30072A2DE /* Extension.swift in Sources */,
				BCA30FA029FE6D690078D0B1 /* ErrorType.swift in Sources */,
				BCA30FA229FE6FC30078D0B1 /* JsonRequest.swift in Sources */,
				BC6EF8BF2A10C0DC0072A2DE /* RealTimeFindDustForecastModel.swift in Sources */,
				BC85A94E2A02570E00C4CC48 /* VeryShortOrShortTermForecastModel.swift in Sources */,
				BC7692372A431C69005F4D7B /* MainTabView.swift in Sources */,
				BC37A6002A3ED7BC00C16278 /* DustForecastStationModel.swift in Sources */,
				BCA30F7A29FE203A0078D0B1 /* MyDedicatedWeatherAppApp.swift in Sources */,
				BC76923A2A431CC8005F4D7B /* CustomBottomTabBarView.swift in Sources */,
				BCA30FAA29FFDC580078D0B1 /* Dummy.swift in Sources */,
				BCA30F9329FE28F20078D0B1 /* MidTermForecastModel.swift in Sources */,
				BC91FD542A4483CA00D3E665 /* LoadingProgress.swift in Sources */,
				BC37A6022A3ED7CD00C16278 /* DustForecastStationXYModel.swift in Sources */,
				BC91FD512A44836D00D3E665 /* Extensions.swift in Sources */,
			);
			runOnlyForDeploymentPostprocessing = 0;
		};
/* End PBXSourcesBuildPhase section */

/* Begin XCBuildConfiguration section */
		BCA30F8229FE203B0078D0B1 /* Debug */ = {
			isa = XCBuildConfiguration;
			buildSettings = {
				ALWAYS_SEARCH_USER_PATHS = NO;
				CLANG_ANALYZER_NONNULL = YES;
				CLANG_ANALYZER_NUMBER_OBJECT_CONVERSION = YES_AGGRESSIVE;
				CLANG_CXX_LANGUAGE_STANDARD = "gnu++20";
				CLANG_ENABLE_MODULES = YES;
				CLANG_ENABLE_OBJC_ARC = YES;
				CLANG_ENABLE_OBJC_WEAK = YES;
				CLANG_WARN_BLOCK_CAPTURE_AUTORELEASING = YES;
				CLANG_WARN_BOOL_CONVERSION = YES;
				CLANG_WARN_COMMA = YES;
				CLANG_WARN_CONSTANT_CONVERSION = YES;
				CLANG_WARN_DEPRECATED_OBJC_IMPLEMENTATIONS = YES;
				CLANG_WARN_DIRECT_OBJC_ISA_USAGE = YES_ERROR;
				CLANG_WARN_DOCUMENTATION_COMMENTS = YES;
				CLANG_WARN_EMPTY_BODY = YES;
				CLANG_WARN_ENUM_CONVERSION = YES;
				CLANG_WARN_INFINITE_RECURSION = YES;
				CLANG_WARN_INT_CONVERSION = YES;
				CLANG_WARN_NON_LITERAL_NULL_CONVERSION = YES;
				CLANG_WARN_OBJC_IMPLICIT_RETAIN_SELF = YES;
				CLANG_WARN_OBJC_LITERAL_CONVERSION = YES;
				CLANG_WARN_OBJC_ROOT_CLASS = YES_ERROR;
				CLANG_WARN_QUOTED_INCLUDE_IN_FRAMEWORK_HEADER = YES;
				CLANG_WARN_RANGE_LOOP_ANALYSIS = YES;
				CLANG_WARN_STRICT_PROTOTYPES = YES;
				CLANG_WARN_SUSPICIOUS_MOVE = YES;
				CLANG_WARN_UNGUARDED_AVAILABILITY = YES_AGGRESSIVE;
				CLANG_WARN_UNREACHABLE_CODE = YES;
				CLANG_WARN__DUPLICATE_METHOD_MATCH = YES;
				COPY_PHASE_STRIP = NO;
				DEBUG_INFORMATION_FORMAT = dwarf;
				ENABLE_STRICT_OBJC_MSGSEND = YES;
				ENABLE_TESTABILITY = YES;
				GCC_C_LANGUAGE_STANDARD = gnu11;
				GCC_DYNAMIC_NO_PIC = NO;
				GCC_NO_COMMON_BLOCKS = YES;
				GCC_OPTIMIZATION_LEVEL = 0;
				GCC_PREPROCESSOR_DEFINITIONS = (
					"DEBUG=1",
					"$(inherited)",
				);
				GCC_WARN_64_TO_32_BIT_CONVERSION = YES;
				GCC_WARN_ABOUT_RETURN_TYPE = YES_ERROR;
				GCC_WARN_UNDECLARED_SELECTOR = YES;
				GCC_WARN_UNINITIALIZED_AUTOS = YES_AGGRESSIVE;
				GCC_WARN_UNUSED_FUNCTION = YES;
				GCC_WARN_UNUSED_VARIABLE = YES;
				IPHONEOS_DEPLOYMENT_TARGET = 16.2;
				MTL_ENABLE_DEBUG_INFO = INCLUDE_SOURCE;
				MTL_FAST_MATH = YES;
				ONLY_ACTIVE_ARCH = YES;
				SDKROOT = iphoneos;
				SWIFT_ACTIVE_COMPILATION_CONDITIONS = DEBUG;
				SWIFT_OPTIMIZATION_LEVEL = "-Onone";
			};
			name = Debug;
		};
		BCA30F8329FE203B0078D0B1 /* Release */ = {
			isa = XCBuildConfiguration;
			buildSettings = {
				ALWAYS_SEARCH_USER_PATHS = NO;
				CLANG_ANALYZER_NONNULL = YES;
				CLANG_ANALYZER_NUMBER_OBJECT_CONVERSION = YES_AGGRESSIVE;
				CLANG_CXX_LANGUAGE_STANDARD = "gnu++20";
				CLANG_ENABLE_MODULES = YES;
				CLANG_ENABLE_OBJC_ARC = YES;
				CLANG_ENABLE_OBJC_WEAK = YES;
				CLANG_WARN_BLOCK_CAPTURE_AUTORELEASING = YES;
				CLANG_WARN_BOOL_CONVERSION = YES;
				CLANG_WARN_COMMA = YES;
				CLANG_WARN_CONSTANT_CONVERSION = YES;
				CLANG_WARN_DEPRECATED_OBJC_IMPLEMENTATIONS = YES;
				CLANG_WARN_DIRECT_OBJC_ISA_USAGE = YES_ERROR;
				CLANG_WARN_DOCUMENTATION_COMMENTS = YES;
				CLANG_WARN_EMPTY_BODY = YES;
				CLANG_WARN_ENUM_CONVERSION = YES;
				CLANG_WARN_INFINITE_RECURSION = YES;
				CLANG_WARN_INT_CONVERSION = YES;
				CLANG_WARN_NON_LITERAL_NULL_CONVERSION = YES;
				CLANG_WARN_OBJC_IMPLICIT_RETAIN_SELF = YES;
				CLANG_WARN_OBJC_LITERAL_CONVERSION = YES;
				CLANG_WARN_OBJC_ROOT_CLASS = YES_ERROR;
				CLANG_WARN_QUOTED_INCLUDE_IN_FRAMEWORK_HEADER = YES;
				CLANG_WARN_RANGE_LOOP_ANALYSIS = YES;
				CLANG_WARN_STRICT_PROTOTYPES = YES;
				CLANG_WARN_SUSPICIOUS_MOVE = YES;
				CLANG_WARN_UNGUARDED_AVAILABILITY = YES_AGGRESSIVE;
				CLANG_WARN_UNREACHABLE_CODE = YES;
				CLANG_WARN__DUPLICATE_METHOD_MATCH = YES;
				COPY_PHASE_STRIP = NO;
				DEBUG_INFORMATION_FORMAT = "dwarf-with-dsym";
				ENABLE_NS_ASSERTIONS = NO;
				ENABLE_STRICT_OBJC_MSGSEND = YES;
				GCC_C_LANGUAGE_STANDARD = gnu11;
				GCC_NO_COMMON_BLOCKS = YES;
				GCC_WARN_64_TO_32_BIT_CONVERSION = YES;
				GCC_WARN_ABOUT_RETURN_TYPE = YES_ERROR;
				GCC_WARN_UNDECLARED_SELECTOR = YES;
				GCC_WARN_UNINITIALIZED_AUTOS = YES_AGGRESSIVE;
				GCC_WARN_UNUSED_FUNCTION = YES;
				GCC_WARN_UNUSED_VARIABLE = YES;
				IPHONEOS_DEPLOYMENT_TARGET = 16.2;
				MTL_ENABLE_DEBUG_INFO = NO;
				MTL_FAST_MATH = YES;
				SDKROOT = iphoneos;
				SWIFT_COMPILATION_MODE = wholemodule;
				SWIFT_OPTIMIZATION_LEVEL = "-O";
				VALIDATE_PRODUCT = YES;
			};
			name = Release;
		};
		BCA30F8529FE203B0078D0B1 /* Debug */ = {
			isa = XCBuildConfiguration;
			buildSettings = {
				ASSETCATALOG_COMPILER_APPICON_NAME = AppIcon;
				ASSETCATALOG_COMPILER_GLOBAL_ACCENT_COLOR_NAME = AccentColor;
				CODE_SIGN_STYLE = Automatic;
				CURRENT_PROJECT_VERSION = 1;
				DEVELOPMENT_ASSET_PATHS = "\"MyDedicatedWeatherApp/Preview Content\"";
				DEVELOPMENT_TEAM = 475T36V685;
				ENABLE_PREVIEWS = YES;
				GENERATE_INFOPLIST_FILE = YES;
				INFOPLIST_FILE = MyDedicatedWeatherApp/Info.plist;
				INFOPLIST_KEY_NSLocationAlwaysAndWhenInUseUsageDescription = "내 위치 확인를 위해 권한이 필요합니다.";
				INFOPLIST_KEY_NSLocationWhenInUseUsageDescription = "내 위치 확인을 위해 권한이 필요합니다.";
				INFOPLIST_KEY_UIApplicationSceneManifest_Generation = YES;
				INFOPLIST_KEY_UIApplicationSupportsIndirectInputEvents = YES;
				INFOPLIST_KEY_UILaunchScreen_Generation = YES;
				INFOPLIST_KEY_UISupportedInterfaceOrientations_iPad = "UIInterfaceOrientationPortrait UIInterfaceOrientationPortraitUpsideDown UIInterfaceOrientationLandscapeLeft UIInterfaceOrientationLandscapeRight";
				INFOPLIST_KEY_UISupportedInterfaceOrientations_iPhone = "UIInterfaceOrientationPortrait UIInterfaceOrientationLandscapeLeft UIInterfaceOrientationLandscapeRight";
				IPHONEOS_DEPLOYMENT_TARGET = 15.0;
				LD_RUNPATH_SEARCH_PATHS = (
					"$(inherited)",
					"@executable_path/Frameworks",
				);
				MARKETING_VERSION = 1.0;
				PRODUCT_BUNDLE_IDENTIFIER = kr.xoul.MyDedicatedWeatherApp;
				PRODUCT_NAME = "$(TARGET_NAME)";
				SWIFT_EMIT_LOC_STRINGS = YES;
				SWIFT_VERSION = 5.0;
				TARGETED_DEVICE_FAMILY = "1,2";
			};
			name = Debug;
		};
		BCA30F8629FE203B0078D0B1 /* Release */ = {
			isa = XCBuildConfiguration;
			buildSettings = {
				ASSETCATALOG_COMPILER_APPICON_NAME = AppIcon;
				ASSETCATALOG_COMPILER_GLOBAL_ACCENT_COLOR_NAME = AccentColor;
				CODE_SIGN_STYLE = Automatic;
				CURRENT_PROJECT_VERSION = 1;
				DEVELOPMENT_ASSET_PATHS = "\"MyDedicatedWeatherApp/Preview Content\"";
				DEVELOPMENT_TEAM = 475T36V685;
				ENABLE_PREVIEWS = YES;
				GENERATE_INFOPLIST_FILE = YES;
				INFOPLIST_FILE = MyDedicatedWeatherApp/Info.plist;
				INFOPLIST_KEY_NSLocationAlwaysAndWhenInUseUsageDescription = "내 위치 확인를 위해 권한이 필요합니다.";
				INFOPLIST_KEY_NSLocationWhenInUseUsageDescription = "내 위치 확인을 위해 권한이 필요합니다.";
				INFOPLIST_KEY_UIApplicationSceneManifest_Generation = YES;
				INFOPLIST_KEY_UIApplicationSupportsIndirectInputEvents = YES;
				INFOPLIST_KEY_UILaunchScreen_Generation = YES;
				INFOPLIST_KEY_UISupportedInterfaceOrientations_iPad = "UIInterfaceOrientationPortrait UIInterfaceOrientationPortraitUpsideDown UIInterfaceOrientationLandscapeLeft UIInterfaceOrientationLandscapeRight";
				INFOPLIST_KEY_UISupportedInterfaceOrientations_iPhone = "UIInterfaceOrientationPortrait UIInterfaceOrientationLandscapeLeft UIInterfaceOrientationLandscapeRight";
				IPHONEOS_DEPLOYMENT_TARGET = 15.0;
				LD_RUNPATH_SEARCH_PATHS = (
					"$(inherited)",
					"@executable_path/Frameworks",
				);
				MARKETING_VERSION = 1.0;
				PRODUCT_BUNDLE_IDENTIFIER = kr.xoul.MyDedicatedWeatherApp;
				PRODUCT_NAME = "$(TARGET_NAME)";
				SWIFT_EMIT_LOC_STRINGS = YES;
				SWIFT_VERSION = 5.0;
				TARGETED_DEVICE_FAMILY = "1,2";
			};
			name = Release;
		};
/* End XCBuildConfiguration section */

/* Begin XCConfigurationList section */
		BCA30F7129FE20390078D0B1 /* Build configuration list for PBXProject "MyDedicatedWeatherApp" */ = {
			isa = XCConfigurationList;
			buildConfigurations = (
				BCA30F8229FE203B0078D0B1 /* Debug */,
				BCA30F8329FE203B0078D0B1 /* Release */,
			);
			defaultConfigurationIsVisible = 0;
			defaultConfigurationName = Release;
		};
		BCA30F8429FE203B0078D0B1 /* Build configuration list for PBXNativeTarget "MyDedicatedWeatherApp" */ = {
			isa = XCConfigurationList;
			buildConfigurations = (
				BCA30F8529FE203B0078D0B1 /* Debug */,
				BCA30F8629FE203B0078D0B1 /* Release */,
			);
			defaultConfigurationIsVisible = 0;
			defaultConfigurationName = Release;
		};
/* End XCConfigurationList section */

/* Begin XCRemoteSwiftPackageReference section */
		BC7D33E02A12788E00B1012F /* XCRemoteSwiftPackageReference "lottie-ios" */ = {
			isa = XCRemoteSwiftPackageReference;
			repositoryURL = "https://github.com/airbnb/lottie-ios";
			requirement = {
				kind = upToNextMajorVersion;
				minimumVersion = 4.2.0;
			};
		};
		BCA30F8A29FE25280078D0B1 /* XCRemoteSwiftPackageReference "Alamofire" */ = {
			isa = XCRemoteSwiftPackageReference;
			repositoryURL = "https://github.com/Alamofire/Alamofire.git";
			requirement = {
				kind = upToNextMajorVersion;
				minimumVersion = 5.6.1;
			};
		};
/* End XCRemoteSwiftPackageReference section */

/* Begin XCSwiftPackageProductDependency section */
		BC7D33E12A12788E00B1012F /* Lottie */ = {
			isa = XCSwiftPackageProductDependency;
			package = BC7D33E02A12788E00B1012F /* XCRemoteSwiftPackageReference "lottie-ios" */;
			productName = Lottie;
		};
		BCA30F8B29FE25280078D0B1 /* Alamofire */ = {
			isa = XCSwiftPackageProductDependency;
			package = BCA30F8A29FE25280078D0B1 /* XCRemoteSwiftPackageReference "Alamofire" */;
			productName = Alamofire;
		};
/* End XCSwiftPackageProductDependency section */
	};
	rootObject = BCA30F6E29FE20390078D0B1 /* Project object */;
}
