// !$*UTF8*$!
{
	archiveVersion = 1;
	classes = {
	};
	objectVersion = 56;
	objects = {

/* Begin PBXBuildFile section */
		BC251F292A76A18F004CE9CF /* LoadingProgressLottie.swift in Sources */ = {isa = PBXBuildFile; fileRef = BC251F282A76A18F004CE9CF /* LoadingProgressLottie.swift */; };
		BC251F2B2A76A2F8004CE9CF /* LoadingLottie.json in Resources */ = {isa = PBXBuildFile; fileRef = BC251F2A2A76A2F8004CE9CF /* LoadingLottie.json */; };
		BC307E1E2A7934B60008800A /* BackgroundRainyLottie.json in Resources */ = {isa = PBXBuildFile; fileRef = BC307E1D2A7934B60008800A /* BackgroundRainyLottie.json */; };
		BC307E202A7935D60008800A /* LocationLottie.json in Resources */ = {isa = PBXBuildFile; fileRef = BC307E1F2A7935D60008800A /* LocationLottie.json */; };
		BC307E222A79371F0008800A /* BackgroundSnowLottie.json in Resources */ = {isa = PBXBuildFile; fileRef = BC307E212A79371F0008800A /* BackgroundSnowLottie.json */; };
		BC307E252A7940950008800A /* OnChangeAtTodayViewController.swift in Sources */ = {isa = PBXBuildFile; fileRef = BC307E242A7940950008800A /* OnChangeAtTodayViewController.swift */; };
		BC307E2B2A794A760008800A /* BackgroundSunnyDayLottie.json in Resources */ = {isa = PBXBuildFile; fileRef = BC307E2A2A794A760008800A /* BackgroundSunnyDayLottie.json */; };
		BC37A6002A3ED7BC00C16278 /* DustForecastStationBase.swift in Sources */ = {isa = PBXBuildFile; fileRef = BC37A5FF2A3ED7BC00C16278 /* DustForecastStationBase.swift */; };
		BC37A6022A3ED7CD00C16278 /* DustForecastStationXYBase.swift in Sources */ = {isa = PBXBuildFile; fileRef = BC37A6012A3ED7CD00C16278 /* DustForecastStationXYBase.swift */; };
		BC37A6042A3F094E00C16278 /* CustomTypes.swift in Sources */ = {isa = PBXBuildFile; fileRef = BC37A6032A3F094E00C16278 /* CustomTypes.swift */; };
		BC4975892A83E01600FD5D87 /* MidTermForecastSkyStateBase.swift in Sources */ = {isa = PBXBuildFile; fileRef = BC4975882A83E01600FD5D87 /* MidTermForecastSkyStateBase.swift */; };
		BC4DDA282A72B4F1000376C0 /* TodayViewControllerBackground.swift in Sources */ = {isa = PBXBuildFile; fileRef = BC4DDA272A72B4F1000376C0 /* TodayViewControllerBackground.swift */; };
		BC4DDA2F2A72B9B8000376C0 /* LineDivider.swift in Sources */ = {isa = PBXBuildFile; fileRef = BC4DDA2E2A72B9B8000376C0 /* LineDivider.swift */; };
		BC4DDA312A72BA4F000376C0 /* TodayWeatherItemScrollView.swift in Sources */ = {isa = PBXBuildFile; fileRef = BC4DDA302A72BA4F000376C0 /* TodayWeatherItemScrollView.swift */; };
		BC4DDA332A72BD40000376C0 /* LeftOrRightAnimationView.swift in Sources */ = {isa = PBXBuildFile; fileRef = BC4DDA322A72BD40000376C0 /* LeftOrRightAnimationView.swift */; };
		BC4DDA362A72C3DE000376C0 /* TodaySunriseSunsetView.swift in Sources */ = {isa = PBXBuildFile; fileRef = BC4DDA352A72C3DE000376C0 /* TodaySunriseSunsetView.swift */; };
		BC4DDA382A72C4D5000376C0 /* CurrentLocationAndDateView.swift in Sources */ = {isa = PBXBuildFile; fileRef = BC4DDA372A72C4D5000376C0 /* CurrentLocationAndDateView.swift */; };
		BC4DDA3A2A72C69E000376C0 /* CurrentTempAndMinMaxTempView.swift in Sources */ = {isa = PBXBuildFile; fileRef = BC4DDA392A72C69E000376C0 /* CurrentTempAndMinMaxTempView.swift */; };
		BC4DDA3C2A72C86D000376C0 /* CurrentWeatherInfItemPagerView.swift in Sources */ = {isa = PBXBuildFile; fileRef = BC4DDA3B2A72C86D000376C0 /* CurrentWeatherInfItemPagerView.swift */; };
		BC5386522A6EC18500D8E085 /* WeekViewController.swift in Sources */ = {isa = PBXBuildFile; fileRef = BC5386512A6EC18500D8E085 /* WeekViewController.swift */; };
		BC5386542A6EC19700D8E085 /* WeekViewModel.swift in Sources */ = {isa = PBXBuildFile; fileRef = BC5386532A6EC19700D8E085 /* WeekViewModel.swift */; };
		BC6EF8BD2A10AAB30072A2DE /* Extensions.swift in Sources */ = {isa = PBXBuildFile; fileRef = BC6EF8BC2A10AAB30072A2DE /* Extensions.swift */; };
		BC6EF8BF2A10C0DC0072A2DE /* RealTimeFindDustForecastBase.swift in Sources */ = {isa = PBXBuildFile; fileRef = BC6EF8BE2A10C0DC0072A2DE /* RealTimeFindDustForecastBase.swift */; };
		BC7692372A431C69005F4D7B /* MainTabView.swift in Sources */ = {isa = PBXBuildFile; fileRef = BC7692362A431C69005F4D7B /* MainTabView.swift */; };
		BC76923A2A431CC8005F4D7B /* CustomBottomTabBarView.swift in Sources */ = {isa = PBXBuildFile; fileRef = BC7692392A431CC8005F4D7B /* CustomBottomTabBarView.swift */; };
		BC76923D2A4329DC005F4D7B /* CornerRadiusStyle.swift in Sources */ = {isa = PBXBuildFile; fileRef = BC76923C2A4329DC005F4D7B /* CornerRadiusStyle.swift */; };
		BC78251B2A5EE15900930FD6 /* SwiftUIPager in Frameworks */ = {isa = PBXBuildFile; productRef = BC78251A2A5EE15900930FD6 /* SwiftUIPager */; };
		BC78EFE92A7A922900DC3352 /* BackgroundSunnyNightLottie.json in Resources */ = {isa = PBXBuildFile; fileRef = BC78EFE82A7A922900DC3352 /* BackgroundSunnyNightLottie.json */; };
		BC78EFEB2A7A92B700DC3352 /* BackgroundCloudyLottie.json in Resources */ = {isa = PBXBuildFile; fileRef = BC78EFEA2A7A92B700DC3352 /* BackgroundCloudyLottie.json */; };
		BC7D33E22A12788E00B1012F /* Lottie in Frameworks */ = {isa = PBXBuildFile; productRef = BC7D33E12A12788E00B1012F /* Lottie */; };
		BC7D33E52A127ABB00B1012F /* LottieView.swift in Sources */ = {isa = PBXBuildFile; fileRef = BC7D33E42A127ABB00B1012F /* LottieView.swift */; };
		BC85A94E2A02570E00C4CC48 /* VeryShortOrShortTermForecastBase.swift in Sources */ = {isa = PBXBuildFile; fileRef = BC85A94D2A02570E00C4CC48 /* VeryShortOrShortTermForecastBase.swift */; };
		BC86DB1C2A877F85004631D3 /* WeekWeatherItemView.swift in Sources */ = {isa = PBXBuildFile; fileRef = BC86DB1B2A877F85004631D3 /* WeekWeatherItemView.swift */; };
		BC91FD542A4483CA00D3E665 /* LoadingProgress.swift in Sources */ = {isa = PBXBuildFile; fileRef = BC91FD532A4483CA00D3E665 /* LoadingProgress.swift */; };
		BCA2C1B72A603B6900BBEBE2 /* GetHeight.swift in Sources */ = {isa = PBXBuildFile; fileRef = BCA2C1B62A603B6900BBEBE2 /* GetHeight.swift */; };
		BCA30F7A29FE203A0078D0B1 /* MyDedicatedWeatherAppApp.swift in Sources */ = {isa = PBXBuildFile; fileRef = BCA30F7929FE203A0078D0B1 /* MyDedicatedWeatherAppApp.swift */; };
		BCA30F7C29FE203A0078D0B1 /* ContentView.swift in Sources */ = {isa = PBXBuildFile; fileRef = BCA30F7B29FE203A0078D0B1 /* ContentView.swift */; };
		BCA30F7E29FE203A0078D0B1 /* Assets.xcassets in Resources */ = {isa = PBXBuildFile; fileRef = BCA30F7D29FE203A0078D0B1 /* Assets.xcassets */; };
		BCA30F8129FE203B0078D0B1 /* Preview Assets.xcassets in Resources */ = {isa = PBXBuildFile; fileRef = BCA30F8029FE203B0078D0B1 /* Preview Assets.xcassets */; };
		BCA30F8C29FE25280078D0B1 /* Alamofire in Frameworks */ = {isa = PBXBuildFile; productRef = BCA30F8B29FE25280078D0B1 /* Alamofire */; };
		BCA30F9129FE265B0078D0B1 /* Route.swift in Sources */ = {isa = PBXBuildFile; fileRef = BCA30F9029FE265B0078D0B1 /* Route.swift */; };
		BCA30F9329FE28F20078D0B1 /* MidTermForecastTemperatureBase.swift in Sources */ = {isa = PBXBuildFile; fileRef = BCA30F9229FE28F20078D0B1 /* MidTermForecastTemperatureBase.swift */; };
		BCA30F9529FE39BC0078D0B1 /* Env.swift in Sources */ = {isa = PBXBuildFile; fileRef = BCA30F9429FE39BC0078D0B1 /* Env.swift */; };
		BCA30F9729FE3A190078D0B1 /* CommonUtil.swift in Sources */ = {isa = PBXBuildFile; fileRef = BCA30F9629FE3A190078D0B1 /* CommonUtil.swift */; };
		BCA30F9A29FE49FE0078D0B1 /* OpenDataRes.swift in Sources */ = {isa = PBXBuildFile; fileRef = BCA30F9929FE49FE0078D0B1 /* OpenDataRes.swift */; };
		BCA30FA029FE6D690078D0B1 /* ErrorType.swift in Sources */ = {isa = PBXBuildFile; fileRef = BCA30F9F29FE6D690078D0B1 /* ErrorType.swift */; };
		BCA30FA229FE6FC30078D0B1 /* JsonRequest.swift in Sources */ = {isa = PBXBuildFile; fileRef = BCA30FA129FE6FC30078D0B1 /* JsonRequest.swift */; };
		BCA30FA529FE73C90078D0B1 /* TodayViewController.swift in Sources */ = {isa = PBXBuildFile; fileRef = BCA30FA429FE73C90078D0B1 /* TodayViewController.swift */; };
		BCA30FA729FE73D70078D0B1 /* TodayViewModel.swift in Sources */ = {isa = PBXBuildFile; fileRef = BCA30FA629FE73D70078D0B1 /* TodayViewModel.swift */; };
		BCA30FAA29FFDC580078D0B1 /* Dummy.swift in Sources */ = {isa = PBXBuildFile; fileRef = BCA30FA929FFDC580078D0B1 /* Dummy.swift */; };
		BCB16E2D2A4C717D00AACFF0 /* Validate.swift in Sources */ = {isa = PBXBuildFile; fileRef = BCB16E2C2A4C717D00AACFF0 /* Validate.swift */; };
		BCB16E302A4DC66300AACFF0 /* KakaoAddressBase.swift in Sources */ = {isa = PBXBuildFile; fileRef = BCB16E2F2A4DC66300AACFF0 /* KakaoAddressBase.swift */; };
		BCB532132A75114100DC2B33 /* CloudManyNightLottie.json in Resources */ = {isa = PBXBuildFile; fileRef = BCB532062A75114100DC2B33 /* CloudManyNightLottie.json */; };
		BCB532142A75114100DC2B33 /* SunnyLottie.json in Resources */ = {isa = PBXBuildFile; fileRef = BCB532072A75114100DC2B33 /* SunnyLottie.json */; };
		BCB532152A75114100DC2B33 /* LoadFailLottie.json in Resources */ = {isa = PBXBuildFile; fileRef = BCB532082A75114100DC2B33 /* LoadFailLottie.json */; };
		BCB532162A75114100DC2B33 /* RainShowerNightLottie.json in Resources */ = {isa = PBXBuildFile; fileRef = BCB532092A75114100DC2B33 /* RainShowerNightLottie.json */; };
		BCB532172A75114100DC2B33 /* SunnyNightLottie.json in Resources */ = {isa = PBXBuildFile; fileRef = BCB5320A2A75114100DC2B33 /* SunnyNightLottie.json */; };
		BCB532182A75114100DC2B33 /* RainShowerLottie.json in Resources */ = {isa = PBXBuildFile; fileRef = BCB5320B2A75114100DC2B33 /* RainShowerLottie.json */; };
		BCB532192A75114100DC2B33 /* ThunderLottie.json in Resources */ = {isa = PBXBuildFile; fileRef = BCB5320C2A75114100DC2B33 /* ThunderLottie.json */; };
		BCB5321A2A75114100DC2B33 /* CloudManyLottie.json in Resources */ = {isa = PBXBuildFile; fileRef = BCB5320D2A75114100DC2B33 /* CloudManyLottie.json */; };
		BCB5321B2A75114100DC2B33 /* SnowLottie.json in Resources */ = {isa = PBXBuildFile; fileRef = BCB5320E2A75114100DC2B33 /* SnowLottie.json */; };
		BCB5321C2A75114100DC2B33 /* SnowNightLottie.json in Resources */ = {isa = PBXBuildFile; fileRef = BCB5320F2A75114100DC2B33 /* SnowNightLottie.json */; };
		BCB5321D2A75114100DC2B33 /* ThunderRainLottie.json in Resources */ = {isa = PBXBuildFile; fileRef = BCB532102A75114100DC2B33 /* ThunderRainLottie.json */; };
		BCB5321E2A75114100DC2B33 /* BlurLottie.json in Resources */ = {isa = PBXBuildFile; fileRef = BCB532112A75114100DC2B33 /* BlurLottie.json */; };
		BCB5321F2A75114100DC2B33 /* RainManyLottie.json in Resources */ = {isa = PBXBuildFile; fileRef = BCB532122A75114100DC2B33 /* RainManyLottie.json */; };
		BCBA40102A7C01B400B6EFD2 /* ShortTermForecastUtil.swift in Sources */ = {isa = PBXBuildFile; fileRef = BCBA400F2A7C01B400B6EFD2 /* ShortTermForecastUtil.swift */; };
		BCBA40122A7C01C300B6EFD2 /* VeryShortTermForecastUtil.swift in Sources */ = {isa = PBXBuildFile; fileRef = BCBA40112A7C01C300B6EFD2 /* VeryShortTermForecastUtil.swift */; };
		BCBA40142A7C022100B6EFD2 /* MidTermForecastUtil.swift in Sources */ = {isa = PBXBuildFile; fileRef = BCBA40132A7C022100B6EFD2 /* MidTermForecastUtil.swift */; };
		BCBA40162A7C032400B6EFD2 /* CommonForecastUtil.swift in Sources */ = {isa = PBXBuildFile; fileRef = BCBA40152A7C032400B6EFD2 /* CommonForecastUtil.swift */; };
		BCBA40192A7C06EE00B6EFD2 /* FineDustLookUpUtil.swift in Sources */ = {isa = PBXBuildFile; fileRef = BCBA40182A7C06EE00B6EFD2 /* FineDustLookUpUtil.swift */; };
		BCBE178B2A5302D300541AEB /* TodayWeatherItemView.swift in Sources */ = {isa = PBXBuildFile; fileRef = BCBE178A2A5302D300541AEB /* TodayWeatherItemView.swift */; };
		BCCA26272A514609005BB1B5 /* SunOrMoonRiseBase.swift in Sources */ = {isa = PBXBuildFile; fileRef = BCCA26262A514609005BB1B5 /* SunOrMoonRiseBase.swift */; };
		BCCA26292A51481B005BB1B5 /* SunOrMoonRiseServiceByXML.swift in Sources */ = {isa = PBXBuildFile; fileRef = BCCA26282A51481B005BB1B5 /* SunOrMoonRiseServiceByXML.swift */; };
		BCCD80682A07A59800501BEA /* LocationDataManagerVM.swift in Sources */ = {isa = PBXBuildFile; fileRef = BCCD80672A07A59800501BEA /* LocationDataManagerVM.swift */; };
		BCE4899C2A4EA32400A18B2B /* LICENSE in Resources */ = {isa = PBXBuildFile; fileRef = BCE489962A4EA32200A18B2B /* LICENSE */; };
		BCE4899D2A4EA32400A18B2B /* SpoqaHanSansNeo-Light.otf in Resources */ = {isa = PBXBuildFile; fileRef = BCE489972A4EA32200A18B2B /* SpoqaHanSansNeo-Light.otf */; };
		BCE4899E2A4EA32400A18B2B /* SpoqaHanSansNeo-Bold.otf in Resources */ = {isa = PBXBuildFile; fileRef = BCE489982A4EA32300A18B2B /* SpoqaHanSansNeo-Bold.otf */; };
		BCE4899F2A4EA32400A18B2B /* SpoqaHanSansNeo-Medium.otf in Resources */ = {isa = PBXBuildFile; fileRef = BCE489992A4EA32300A18B2B /* SpoqaHanSansNeo-Medium.otf */; };
		BCE489A02A4EA32400A18B2B /* SpoqaHanSansNeo-Regular.otf in Resources */ = {isa = PBXBuildFile; fileRef = BCE4899A2A4EA32300A18B2B /* SpoqaHanSansNeo-Regular.otf */; };
		BCE489A12A4EA32400A18B2B /* SpoqaHanSansNeo-Thin.otf in Resources */ = {isa = PBXBuildFile; fileRef = BCE4899B2A4EA32400A18B2B /* SpoqaHanSansNeo-Thin.otf */; };
		BCE489B72A4EA33400A18B2B /* SpoqaHanSansNeo-Regular.woff in Resources */ = {isa = PBXBuildFile; fileRef = BCE489A22A4EA33300A18B2B /* SpoqaHanSansNeo-Regular.woff */; };
		BCE489B82A4EA33400A18B2B /* SpoqaHanSansNeo-Bold.eot in Resources */ = {isa = PBXBuildFile; fileRef = BCE489A32A4EA33300A18B2B /* SpoqaHanSansNeo-Bold.eot */; };
		BCE489B92A4EA33400A18B2B /* SpoqaHanSansNeo-Bold.woff in Resources */ = {isa = PBXBuildFile; fileRef = BCE489A42A4EA33400A18B2B /* SpoqaHanSansNeo-Bold.woff */; };
		BCE489BA2A4EA33400A18B2B /* SpoqaHanSansNeo-Light.woff2 in Resources */ = {isa = PBXBuildFile; fileRef = BCE489A52A4EA33400A18B2B /* SpoqaHanSansNeo-Light.woff2 */; };
		BCE489BC2A4EA33400A18B2B /* SpoqaHanSansNeo-Thin.woff2 in Resources */ = {isa = PBXBuildFile; fileRef = BCE489A72A4EA33400A18B2B /* SpoqaHanSansNeo-Thin.woff2 */; };
		BCE489BD2A4EA33400A18B2B /* SpoqaHanSansNeo-Regular.woff2 in Resources */ = {isa = PBXBuildFile; fileRef = BCE489A82A4EA33400A18B2B /* SpoqaHanSansNeo-Regular.woff2 */; };
		BCE489BE2A4EA33400A18B2B /* SpoqaHanSansNeo-Bold.woff2 in Resources */ = {isa = PBXBuildFile; fileRef = BCE489A92A4EA33400A18B2B /* SpoqaHanSansNeo-Bold.woff2 */; };
		BCE489BF2A4EA33400A18B2B /* SpoqaHanSansNeo-Medium.woff in Resources */ = {isa = PBXBuildFile; fileRef = BCE489AA2A4EA33400A18B2B /* SpoqaHanSansNeo-Medium.woff */; };
		BCE489C12A4EA33400A18B2B /* SpoqaHanSansNeo-Thin.woff in Resources */ = {isa = PBXBuildFile; fileRef = BCE489AC2A4EA33400A18B2B /* SpoqaHanSansNeo-Thin.woff */; };
		BCE489C22A4EA33400A18B2B /* SpoqaHanSansNeo-Light.woff in Resources */ = {isa = PBXBuildFile; fileRef = BCE489AD2A4EA33400A18B2B /* SpoqaHanSansNeo-Light.woff */; };
		BCE489C42A4EA33400A18B2B /* SpoqaHanSansNeo-Regular.eot in Resources */ = {isa = PBXBuildFile; fileRef = BCE489AF2A4EA33400A18B2B /* SpoqaHanSansNeo-Regular.eot */; };
		BCE489C62A4EA33400A18B2B /* SpoqaHanSansNeo-Light.eot in Resources */ = {isa = PBXBuildFile; fileRef = BCE489B12A4EA33400A18B2B /* SpoqaHanSansNeo-Light.eot */; };
		BCE489C72A4EA33400A18B2B /* SpoqaHanSansNeo-Medium.woff2 in Resources */ = {isa = PBXBuildFile; fileRef = BCE489B22A4EA33400A18B2B /* SpoqaHanSansNeo-Medium.woff2 */; };
		BCE489C82A4EA33400A18B2B /* SpoqaHanSansNeo-Thin.eot in Resources */ = {isa = PBXBuildFile; fileRef = BCE489B32A4EA33400A18B2B /* SpoqaHanSansNeo-Thin.eot */; };
		BCE489C92A4EA33400A18B2B /* SpoqaHanSansNeo-Medium.eot in Resources */ = {isa = PBXBuildFile; fileRef = BCE489B42A4EA33400A18B2B /* SpoqaHanSansNeo-Medium.eot */; };
		BCE489CD2A4EA4CE00A18B2B /* SpoqaHanSansNeoFont.swift in Sources */ = {isa = PBXBuildFile; fileRef = BCE489CC2A4EA4CE00A18B2B /* SpoqaHanSansNeoFont.swift */; };
		BCE489CF2A4EA78000A18B2B /* CustomColor.swift in Sources */ = {isa = PBXBuildFile; fileRef = BCE489CE2A4EA78000A18B2B /* CustomColor.swift */; };
		BCE489D12A4EAD5F00A18B2B /* CurrentWeatherInformationItemView.swift in Sources */ = {isa = PBXBuildFile; fileRef = BCE489D02A4EAD5F00A18B2B /* CurrentWeatherInformationItemView.swift */; };
/* End PBXBuildFile section */

/* Begin PBXFileReference section */
		BC251F282A76A18F004CE9CF /* LoadingProgressLottie.swift */ = {isa = PBXFileReference; lastKnownFileType = sourcecode.swift; path = LoadingProgressLottie.swift; sourceTree = "<group>"; };
		BC251F2A2A76A2F8004CE9CF /* LoadingLottie.json */ = {isa = PBXFileReference; fileEncoding = 4; lastKnownFileType = text.json; path = LoadingLottie.json; sourceTree = "<group>"; };
		BC307E1D2A7934B60008800A /* BackgroundRainyLottie.json */ = {isa = PBXFileReference; fileEncoding = 4; lastKnownFileType = text.json; path = BackgroundRainyLottie.json; sourceTree = "<group>"; };
		BC307E1F2A7935D60008800A /* LocationLottie.json */ = {isa = PBXFileReference; fileEncoding = 4; lastKnownFileType = text.json; path = LocationLottie.json; sourceTree = "<group>"; };
		BC307E212A79371F0008800A /* BackgroundSnowLottie.json */ = {isa = PBXFileReference; fileEncoding = 4; lastKnownFileType = text.json; path = BackgroundSnowLottie.json; sourceTree = "<group>"; };
		BC307E242A7940950008800A /* OnChangeAtTodayViewController.swift */ = {isa = PBXFileReference; lastKnownFileType = sourcecode.swift; path = OnChangeAtTodayViewController.swift; sourceTree = "<group>"; };
		BC307E2A2A794A760008800A /* BackgroundSunnyDayLottie.json */ = {isa = PBXFileReference; fileEncoding = 4; lastKnownFileType = text.json; path = BackgroundSunnyDayLottie.json; sourceTree = "<group>"; };
		BC37A5FF2A3ED7BC00C16278 /* DustForecastStationBase.swift */ = {isa = PBXFileReference; lastKnownFileType = sourcecode.swift; path = DustForecastStationBase.swift; sourceTree = "<group>"; };
		BC37A6012A3ED7CD00C16278 /* DustForecastStationXYBase.swift */ = {isa = PBXFileReference; lastKnownFileType = sourcecode.swift; path = DustForecastStationXYBase.swift; sourceTree = "<group>"; };
		BC37A6032A3F094E00C16278 /* CustomTypes.swift */ = {isa = PBXFileReference; lastKnownFileType = sourcecode.swift; path = CustomTypes.swift; sourceTree = "<group>"; };
		BC4975882A83E01600FD5D87 /* MidTermForecastSkyStateBase.swift */ = {isa = PBXFileReference; lastKnownFileType = sourcecode.swift; path = MidTermForecastSkyStateBase.swift; sourceTree = "<group>"; };
		BC4DDA272A72B4F1000376C0 /* TodayViewControllerBackground.swift */ = {isa = PBXFileReference; lastKnownFileType = sourcecode.swift; path = TodayViewControllerBackground.swift; sourceTree = "<group>"; };
		BC4DDA2E2A72B9B8000376C0 /* LineDivider.swift */ = {isa = PBXFileReference; lastKnownFileType = sourcecode.swift; path = LineDivider.swift; sourceTree = "<group>"; };
		BC4DDA302A72BA4F000376C0 /* TodayWeatherItemScrollView.swift */ = {isa = PBXFileReference; lastKnownFileType = sourcecode.swift; path = TodayWeatherItemScrollView.swift; sourceTree = "<group>"; };
		BC4DDA322A72BD40000376C0 /* LeftOrRightAnimationView.swift */ = {isa = PBXFileReference; lastKnownFileType = sourcecode.swift; path = LeftOrRightAnimationView.swift; sourceTree = "<group>"; };
		BC4DDA352A72C3DE000376C0 /* TodaySunriseSunsetView.swift */ = {isa = PBXFileReference; lastKnownFileType = sourcecode.swift; path = TodaySunriseSunsetView.swift; sourceTree = "<group>"; };
		BC4DDA372A72C4D5000376C0 /* CurrentLocationAndDateView.swift */ = {isa = PBXFileReference; lastKnownFileType = sourcecode.swift; path = CurrentLocationAndDateView.swift; sourceTree = "<group>"; };
		BC4DDA392A72C69E000376C0 /* CurrentTempAndMinMaxTempView.swift */ = {isa = PBXFileReference; lastKnownFileType = sourcecode.swift; path = CurrentTempAndMinMaxTempView.swift; sourceTree = "<group>"; };
		BC4DDA3B2A72C86D000376C0 /* CurrentWeatherInfItemPagerView.swift */ = {isa = PBXFileReference; lastKnownFileType = sourcecode.swift; path = CurrentWeatherInfItemPagerView.swift; sourceTree = "<group>"; };
		BC5386512A6EC18500D8E085 /* WeekViewController.swift */ = {isa = PBXFileReference; lastKnownFileType = sourcecode.swift; path = WeekViewController.swift; sourceTree = "<group>"; };
		BC5386532A6EC19700D8E085 /* WeekViewModel.swift */ = {isa = PBXFileReference; lastKnownFileType = sourcecode.swift; path = WeekViewModel.swift; sourceTree = "<group>"; };
		BC6EF8BC2A10AAB30072A2DE /* Extensions.swift */ = {isa = PBXFileReference; lastKnownFileType = sourcecode.swift; path = Extensions.swift; sourceTree = "<group>"; };
		BC6EF8BE2A10C0DC0072A2DE /* RealTimeFindDustForecastBase.swift */ = {isa = PBXFileReference; lastKnownFileType = sourcecode.swift; path = RealTimeFindDustForecastBase.swift; sourceTree = "<group>"; };
		BC7692362A431C69005F4D7B /* MainTabView.swift */ = {isa = PBXFileReference; lastKnownFileType = sourcecode.swift; path = MainTabView.swift; sourceTree = "<group>"; };
		BC7692392A431CC8005F4D7B /* CustomBottomTabBarView.swift */ = {isa = PBXFileReference; lastKnownFileType = sourcecode.swift; path = CustomBottomTabBarView.swift; sourceTree = "<group>"; };
		BC76923C2A4329DC005F4D7B /* CornerRadiusStyle.swift */ = {isa = PBXFileReference; lastKnownFileType = sourcecode.swift; path = CornerRadiusStyle.swift; sourceTree = "<group>"; };
		BC78EFE82A7A922900DC3352 /* BackgroundSunnyNightLottie.json */ = {isa = PBXFileReference; fileEncoding = 4; lastKnownFileType = text.json; path = BackgroundSunnyNightLottie.json; sourceTree = "<group>"; };
		BC78EFEA2A7A92B700DC3352 /* BackgroundCloudyLottie.json */ = {isa = PBXFileReference; fileEncoding = 4; lastKnownFileType = text.json; path = BackgroundCloudyLottie.json; sourceTree = "<group>"; };
		BC7D33E42A127ABB00B1012F /* LottieView.swift */ = {isa = PBXFileReference; lastKnownFileType = sourcecode.swift; path = LottieView.swift; sourceTree = "<group>"; };
		BC85A94D2A02570E00C4CC48 /* VeryShortOrShortTermForecastBase.swift */ = {isa = PBXFileReference; lastKnownFileType = sourcecode.swift; path = VeryShortOrShortTermForecastBase.swift; sourceTree = "<group>"; };
		BC86DB1B2A877F85004631D3 /* WeekWeatherItemView.swift */ = {isa = PBXFileReference; lastKnownFileType = sourcecode.swift; path = WeekWeatherItemView.swift; sourceTree = "<group>"; };
		BC91FD532A4483CA00D3E665 /* LoadingProgress.swift */ = {isa = PBXFileReference; lastKnownFileType = sourcecode.swift; path = LoadingProgress.swift; sourceTree = "<group>"; };
		BCA2C1B62A603B6900BBEBE2 /* GetHeight.swift */ = {isa = PBXFileReference; lastKnownFileType = sourcecode.swift; path = GetHeight.swift; sourceTree = "<group>"; };
		BCA30F7629FE20390078D0B1 /* MyDedicatedWeatherApp.app */ = {isa = PBXFileReference; explicitFileType = wrapper.application; includeInIndex = 0; path = MyDedicatedWeatherApp.app; sourceTree = BUILT_PRODUCTS_DIR; };
		BCA30F7929FE203A0078D0B1 /* MyDedicatedWeatherAppApp.swift */ = {isa = PBXFileReference; lastKnownFileType = sourcecode.swift; path = MyDedicatedWeatherAppApp.swift; sourceTree = "<group>"; };
		BCA30F7B29FE203A0078D0B1 /* ContentView.swift */ = {isa = PBXFileReference; lastKnownFileType = sourcecode.swift; path = ContentView.swift; sourceTree = "<group>"; };
		BCA30F7D29FE203A0078D0B1 /* Assets.xcassets */ = {isa = PBXFileReference; lastKnownFileType = folder.assetcatalog; path = Assets.xcassets; sourceTree = "<group>"; };
		BCA30F8029FE203B0078D0B1 /* Preview Assets.xcassets */ = {isa = PBXFileReference; lastKnownFileType = folder.assetcatalog; path = "Preview Assets.xcassets"; sourceTree = "<group>"; };
		BCA30F9029FE265B0078D0B1 /* Route.swift */ = {isa = PBXFileReference; lastKnownFileType = sourcecode.swift; path = Route.swift; sourceTree = "<group>"; };
		BCA30F9229FE28F20078D0B1 /* MidTermForecastTemperatureBase.swift */ = {isa = PBXFileReference; lastKnownFileType = sourcecode.swift; path = MidTermForecastTemperatureBase.swift; sourceTree = "<group>"; };
		BCA30F9429FE39BC0078D0B1 /* Env.swift */ = {isa = PBXFileReference; lastKnownFileType = sourcecode.swift; path = Env.swift; sourceTree = "<group>"; };
		BCA30F9629FE3A190078D0B1 /* CommonUtil.swift */ = {isa = PBXFileReference; lastKnownFileType = sourcecode.swift; path = CommonUtil.swift; sourceTree = "<group>"; };
		BCA30F9929FE49FE0078D0B1 /* OpenDataRes.swift */ = {isa = PBXFileReference; lastKnownFileType = sourcecode.swift; path = OpenDataRes.swift; sourceTree = "<group>"; };
		BCA30F9F29FE6D690078D0B1 /* ErrorType.swift */ = {isa = PBXFileReference; lastKnownFileType = sourcecode.swift; path = ErrorType.swift; sourceTree = "<group>"; };
		BCA30FA129FE6FC30078D0B1 /* JsonRequest.swift */ = {isa = PBXFileReference; lastKnownFileType = sourcecode.swift; path = JsonRequest.swift; sourceTree = "<group>"; };
		BCA30FA429FE73C90078D0B1 /* TodayViewController.swift */ = {isa = PBXFileReference; lastKnownFileType = sourcecode.swift; path = TodayViewController.swift; sourceTree = "<group>"; };
		BCA30FA629FE73D70078D0B1 /* TodayViewModel.swift */ = {isa = PBXFileReference; lastKnownFileType = sourcecode.swift; path = TodayViewModel.swift; sourceTree = "<group>"; };
		BCA30FA829FE7D780078D0B1 /* Info.plist */ = {isa = PBXFileReference; lastKnownFileType = text.plist; path = Info.plist; sourceTree = "<group>"; };
		BCA30FA929FFDC580078D0B1 /* Dummy.swift */ = {isa = PBXFileReference; lastKnownFileType = sourcecode.swift; path = Dummy.swift; sourceTree = "<group>"; };
		BCB16E2C2A4C717D00AACFF0 /* Validate.swift */ = {isa = PBXFileReference; lastKnownFileType = sourcecode.swift; path = Validate.swift; sourceTree = "<group>"; };
		BCB16E2F2A4DC66300AACFF0 /* KakaoAddressBase.swift */ = {isa = PBXFileReference; lastKnownFileType = sourcecode.swift; path = KakaoAddressBase.swift; sourceTree = "<group>"; };
		BCB532062A75114100DC2B33 /* CloudManyNightLottie.json */ = {isa = PBXFileReference; fileEncoding = 4; lastKnownFileType = text.json; path = CloudManyNightLottie.json; sourceTree = "<group>"; };
		BCB532072A75114100DC2B33 /* SunnyLottie.json */ = {isa = PBXFileReference; fileEncoding = 4; lastKnownFileType = text.json; path = SunnyLottie.json; sourceTree = "<group>"; };
		BCB532082A75114100DC2B33 /* LoadFailLottie.json */ = {isa = PBXFileReference; fileEncoding = 4; lastKnownFileType = text.json; path = LoadFailLottie.json; sourceTree = "<group>"; };
		BCB532092A75114100DC2B33 /* RainShowerNightLottie.json */ = {isa = PBXFileReference; fileEncoding = 4; lastKnownFileType = text.json; path = RainShowerNightLottie.json; sourceTree = "<group>"; };
		BCB5320A2A75114100DC2B33 /* SunnyNightLottie.json */ = {isa = PBXFileReference; fileEncoding = 4; lastKnownFileType = text.json; path = SunnyNightLottie.json; sourceTree = "<group>"; };
		BCB5320B2A75114100DC2B33 /* RainShowerLottie.json */ = {isa = PBXFileReference; fileEncoding = 4; lastKnownFileType = text.json; path = RainShowerLottie.json; sourceTree = "<group>"; };
		BCB5320C2A75114100DC2B33 /* ThunderLottie.json */ = {isa = PBXFileReference; fileEncoding = 4; lastKnownFileType = text.json; path = ThunderLottie.json; sourceTree = "<group>"; };
		BCB5320D2A75114100DC2B33 /* CloudManyLottie.json */ = {isa = PBXFileReference; fileEncoding = 4; lastKnownFileType = text.json; path = CloudManyLottie.json; sourceTree = "<group>"; };
		BCB5320E2A75114100DC2B33 /* SnowLottie.json */ = {isa = PBXFileReference; fileEncoding = 4; lastKnownFileType = text.json; path = SnowLottie.json; sourceTree = "<group>"; };
		BCB5320F2A75114100DC2B33 /* SnowNightLottie.json */ = {isa = PBXFileReference; fileEncoding = 4; lastKnownFileType = text.json; path = SnowNightLottie.json; sourceTree = "<group>"; };
		BCB532102A75114100DC2B33 /* ThunderRainLottie.json */ = {isa = PBXFileReference; fileEncoding = 4; lastKnownFileType = text.json; path = ThunderRainLottie.json; sourceTree = "<group>"; };
		BCB532112A75114100DC2B33 /* BlurLottie.json */ = {isa = PBXFileReference; fileEncoding = 4; lastKnownFileType = text.json; path = BlurLottie.json; sourceTree = "<group>"; };
		BCB532122A75114100DC2B33 /* RainManyLottie.json */ = {isa = PBXFileReference; fileEncoding = 4; lastKnownFileType = text.json; path = RainManyLottie.json; sourceTree = "<group>"; };
		BCBA400F2A7C01B400B6EFD2 /* ShortTermForecastUtil.swift */ = {isa = PBXFileReference; lastKnownFileType = sourcecode.swift; path = ShortTermForecastUtil.swift; sourceTree = "<group>"; };
		BCBA40112A7C01C300B6EFD2 /* VeryShortTermForecastUtil.swift */ = {isa = PBXFileReference; lastKnownFileType = sourcecode.swift; path = VeryShortTermForecastUtil.swift; sourceTree = "<group>"; };
		BCBA40132A7C022100B6EFD2 /* MidTermForecastUtil.swift */ = {isa = PBXFileReference; lastKnownFileType = sourcecode.swift; path = MidTermForecastUtil.swift; sourceTree = "<group>"; };
		BCBA40152A7C032400B6EFD2 /* CommonForecastUtil.swift */ = {isa = PBXFileReference; lastKnownFileType = sourcecode.swift; path = CommonForecastUtil.swift; sourceTree = "<group>"; };
		BCBA40182A7C06EE00B6EFD2 /* FineDustLookUpUtil.swift */ = {isa = PBXFileReference; lastKnownFileType = sourcecode.swift; path = FineDustLookUpUtil.swift; sourceTree = "<group>"; };
		BCBE178A2A5302D300541AEB /* TodayWeatherItemView.swift */ = {isa = PBXFileReference; lastKnownFileType = sourcecode.swift; path = TodayWeatherItemView.swift; sourceTree = "<group>"; };
		BCCA26262A514609005BB1B5 /* SunOrMoonRiseBase.swift */ = {isa = PBXFileReference; lastKnownFileType = sourcecode.swift; path = SunOrMoonRiseBase.swift; sourceTree = "<group>"; };
		BCCA26282A51481B005BB1B5 /* SunOrMoonRiseServiceByXML.swift */ = {isa = PBXFileReference; lastKnownFileType = sourcecode.swift; path = SunOrMoonRiseServiceByXML.swift; sourceTree = "<group>"; };
		BCCD80672A07A59800501BEA /* LocationDataManagerVM.swift */ = {isa = PBXFileReference; lastKnownFileType = sourcecode.swift; path = LocationDataManagerVM.swift; sourceTree = "<group>"; };
		BCE489962A4EA32200A18B2B /* LICENSE */ = {isa = PBXFileReference; fileEncoding = 4; lastKnownFileType = text; path = LICENSE; sourceTree = "<group>"; };
		BCE489972A4EA32200A18B2B /* SpoqaHanSansNeo-Light.otf */ = {isa = PBXFileReference; lastKnownFileType = file; path = "SpoqaHanSansNeo-Light.otf"; sourceTree = "<group>"; };
		BCE489982A4EA32300A18B2B /* SpoqaHanSansNeo-Bold.otf */ = {isa = PBXFileReference; lastKnownFileType = file; path = "SpoqaHanSansNeo-Bold.otf"; sourceTree = "<group>"; };
		BCE489992A4EA32300A18B2B /* SpoqaHanSansNeo-Medium.otf */ = {isa = PBXFileReference; lastKnownFileType = file; path = "SpoqaHanSansNeo-Medium.otf"; sourceTree = "<group>"; };
		BCE4899A2A4EA32300A18B2B /* SpoqaHanSansNeo-Regular.otf */ = {isa = PBXFileReference; lastKnownFileType = file; path = "SpoqaHanSansNeo-Regular.otf"; sourceTree = "<group>"; };
		BCE4899B2A4EA32400A18B2B /* SpoqaHanSansNeo-Thin.otf */ = {isa = PBXFileReference; lastKnownFileType = file; path = "SpoqaHanSansNeo-Thin.otf"; sourceTree = "<group>"; };
		BCE489A22A4EA33300A18B2B /* SpoqaHanSansNeo-Regular.woff */ = {isa = PBXFileReference; lastKnownFileType = file; path = "SpoqaHanSansNeo-Regular.woff"; sourceTree = "<group>"; };
		BCE489A32A4EA33300A18B2B /* SpoqaHanSansNeo-Bold.eot */ = {isa = PBXFileReference; lastKnownFileType = file; path = "SpoqaHanSansNeo-Bold.eot"; sourceTree = "<group>"; };
		BCE489A42A4EA33400A18B2B /* SpoqaHanSansNeo-Bold.woff */ = {isa = PBXFileReference; lastKnownFileType = file; path = "SpoqaHanSansNeo-Bold.woff"; sourceTree = "<group>"; };
		BCE489A52A4EA33400A18B2B /* SpoqaHanSansNeo-Light.woff2 */ = {isa = PBXFileReference; lastKnownFileType = file; path = "SpoqaHanSansNeo-Light.woff2"; sourceTree = "<group>"; };
		BCE489A62A4EA33400A18B2B /* SpoqaHanSansNeo-Regular.otf */ = {isa = PBXFileReference; lastKnownFileType = file; name = "SpoqaHanSansNeo-Regular.otf"; path = "../../../../Downloads/SpoqaHanSansNeo_OTF_subset/SpoqaHanSansNeo-Regular.otf"; sourceTree = "<group>"; };
		BCE489A72A4EA33400A18B2B /* SpoqaHanSansNeo-Thin.woff2 */ = {isa = PBXFileReference; lastKnownFileType = file; path = "SpoqaHanSansNeo-Thin.woff2"; sourceTree = "<group>"; };
		BCE489A82A4EA33400A18B2B /* SpoqaHanSansNeo-Regular.woff2 */ = {isa = PBXFileReference; lastKnownFileType = file; path = "SpoqaHanSansNeo-Regular.woff2"; sourceTree = "<group>"; };
		BCE489A92A4EA33400A18B2B /* SpoqaHanSansNeo-Bold.woff2 */ = {isa = PBXFileReference; lastKnownFileType = file; path = "SpoqaHanSansNeo-Bold.woff2"; sourceTree = "<group>"; };
		BCE489AA2A4EA33400A18B2B /* SpoqaHanSansNeo-Medium.woff */ = {isa = PBXFileReference; lastKnownFileType = file; path = "SpoqaHanSansNeo-Medium.woff"; sourceTree = "<group>"; };
		BCE489AB2A4EA33400A18B2B /* SpoqaHanSansNeo-Bold.otf */ = {isa = PBXFileReference; lastKnownFileType = file; name = "SpoqaHanSansNeo-Bold.otf"; path = "../../../../Downloads/SpoqaHanSansNeo_OTF_subset/SpoqaHanSansNeo-Bold.otf"; sourceTree = "<group>"; };
		BCE489AC2A4EA33400A18B2B /* SpoqaHanSansNeo-Thin.woff */ = {isa = PBXFileReference; lastKnownFileType = file; path = "SpoqaHanSansNeo-Thin.woff"; sourceTree = "<group>"; };
		BCE489AD2A4EA33400A18B2B /* SpoqaHanSansNeo-Light.woff */ = {isa = PBXFileReference; lastKnownFileType = file; path = "SpoqaHanSansNeo-Light.woff"; sourceTree = "<group>"; };
		BCE489AE2A4EA33400A18B2B /* SpoqaHanSansNeo-Light.otf */ = {isa = PBXFileReference; lastKnownFileType = file; name = "SpoqaHanSansNeo-Light.otf"; path = "../../../../Downloads/SpoqaHanSansNeo_OTF_subset/SpoqaHanSansNeo-Light.otf"; sourceTree = "<group>"; };
		BCE489AF2A4EA33400A18B2B /* SpoqaHanSansNeo-Regular.eot */ = {isa = PBXFileReference; lastKnownFileType = file; path = "SpoqaHanSansNeo-Regular.eot"; sourceTree = "<group>"; };
		BCE489B02A4EA33400A18B2B /* SpoqaHanSansNeo-Thin.otf */ = {isa = PBXFileReference; lastKnownFileType = file; name = "SpoqaHanSansNeo-Thin.otf"; path = "../../../../Downloads/SpoqaHanSansNeo_OTF_subset/SpoqaHanSansNeo-Thin.otf"; sourceTree = "<group>"; };
		BCE489B12A4EA33400A18B2B /* SpoqaHanSansNeo-Light.eot */ = {isa = PBXFileReference; lastKnownFileType = file; path = "SpoqaHanSansNeo-Light.eot"; sourceTree = "<group>"; };
		BCE489B22A4EA33400A18B2B /* SpoqaHanSansNeo-Medium.woff2 */ = {isa = PBXFileReference; lastKnownFileType = file; path = "SpoqaHanSansNeo-Medium.woff2"; sourceTree = "<group>"; };
		BCE489B32A4EA33400A18B2B /* SpoqaHanSansNeo-Thin.eot */ = {isa = PBXFileReference; lastKnownFileType = file; path = "SpoqaHanSansNeo-Thin.eot"; sourceTree = "<group>"; };
		BCE489B42A4EA33400A18B2B /* SpoqaHanSansNeo-Medium.eot */ = {isa = PBXFileReference; lastKnownFileType = file; path = "SpoqaHanSansNeo-Medium.eot"; sourceTree = "<group>"; };
		BCE489B52A4EA33400A18B2B /* LICENSE */ = {isa = PBXFileReference; fileEncoding = 4; lastKnownFileType = text; name = LICENSE; path = ../../../../Downloads/SpoqaHanSansNeo_OTF_subset/LICENSE; sourceTree = "<group>"; };
		BCE489B62A4EA33400A18B2B /* SpoqaHanSansNeo-Medium.otf */ = {isa = PBXFileReference; lastKnownFileType = file; name = "SpoqaHanSansNeo-Medium.otf"; path = "../../../../Downloads/SpoqaHanSansNeo_OTF_subset/SpoqaHanSansNeo-Medium.otf"; sourceTree = "<group>"; };
		BCE489CC2A4EA4CE00A18B2B /* SpoqaHanSansNeoFont.swift */ = {isa = PBXFileReference; lastKnownFileType = sourcecode.swift; path = SpoqaHanSansNeoFont.swift; sourceTree = "<group>"; };
		BCE489CE2A4EA78000A18B2B /* CustomColor.swift */ = {isa = PBXFileReference; lastKnownFileType = sourcecode.swift; path = CustomColor.swift; sourceTree = "<group>"; };
		BCE489D02A4EAD5F00A18B2B /* CurrentWeatherInformationItemView.swift */ = {isa = PBXFileReference; lastKnownFileType = sourcecode.swift; path = CurrentWeatherInformationItemView.swift; sourceTree = "<group>"; };
/* End PBXFileReference section */

/* Begin PBXFrameworksBuildPhase section */
		BCA30F7329FE20390078D0B1 /* Frameworks */ = {
			isa = PBXFrameworksBuildPhase;
			buildActionMask = 2147483647;
			files = (
				BCA30F8C29FE25280078D0B1 /* Alamofire in Frameworks */,
				BC7D33E22A12788E00B1012F /* Lottie in Frameworks */,
				BC78251B2A5EE15900930FD6 /* SwiftUIPager in Frameworks */,
			);
			runOnlyForDeploymentPostprocessing = 0;
		};
/* End PBXFrameworksBuildPhase section */

/* Begin PBXGroup section */
		BC137CA62A1282A9002D6667 /* LottieAnimation */ = {
			isa = PBXGroup;
			children = (
				BC78EFEC2A7A9F3600DC3352 /* BackgroundLottie */,
				BC307E1F2A7935D60008800A /* LocationLottie.json */,
				BC251F2A2A76A2F8004CE9CF /* LoadingLottie.json */,
				BCB532112A75114100DC2B33 /* BlurLottie.json */,
				BCB5320D2A75114100DC2B33 /* CloudManyLottie.json */,
				BCB532062A75114100DC2B33 /* CloudManyNightLottie.json */,
				BCB532082A75114100DC2B33 /* LoadFailLottie.json */,
				BCB532122A75114100DC2B33 /* RainManyLottie.json */,
				BCB5320B2A75114100DC2B33 /* RainShowerLottie.json */,
				BCB532092A75114100DC2B33 /* RainShowerNightLottie.json */,
				BCB5320E2A75114100DC2B33 /* SnowLottie.json */,
				BCB5320F2A75114100DC2B33 /* SnowNightLottie.json */,
				BCB532072A75114100DC2B33 /* SunnyLottie.json */,
				BCB5320A2A75114100DC2B33 /* SunnyNightLottie.json */,
				BCB5320C2A75114100DC2B33 /* ThunderLottie.json */,
				BCB532102A75114100DC2B33 /* ThunderRainLottie.json */,
			);
			path = LottieAnimation;
			sourceTree = "<group>";
		};
		BC307E232A79406B0008800A /* OnChange */ = {
			isa = PBXGroup;
			children = (
				BC307E242A7940950008800A /* OnChangeAtTodayViewController.swift */,
			);
			path = OnChange;
			sourceTree = "<group>";
		};
		BC4DDA262A72B4DD000376C0 /* Background */ = {
			isa = PBXGroup;
			children = (
				BC4DDA272A72B4F1000376C0 /* TodayViewControllerBackground.swift */,
			);
			path = Background;
			sourceTree = "<group>";
		};
		BC4DDA2D2A72B9A0000376C0 /* Divider */ = {
			isa = PBXGroup;
			children = (
				BC4DDA2E2A72B9B8000376C0 /* LineDivider.swift */,
			);
			path = Divider;
			sourceTree = "<group>";
		};
		BC4DDA342A72BF48000376C0 /* TabView */ = {
			isa = PBXGroup;
			children = (
				BC96646A2A41ED0600D2433C /* TodayView */,
				BC86DB1A2A877F42004631D3 /* WeekView */,
			);
			path = TabView;
			sourceTree = "<group>";
		};
		BC5386502A6EC15600D8E085 /* WeekView */ = {
			isa = PBXGroup;
			children = (
			);
			path = WeekView;
			sourceTree = "<group>";
		};
		BC7692382A431C94005F4D7B /* TabBar */ = {
			isa = PBXGroup;
			children = (
				BC7692392A431CC8005F4D7B /* CustomBottomTabBarView.swift */,
			);
			path = TabBar;
			sourceTree = "<group>";
		};
		BC76923B2A4329BF005F4D7B /* Modifier */ = {
			isa = PBXGroup;
			children = (
				BC76923C2A4329DC005F4D7B /* CornerRadiusStyle.swift */,
			);
			path = Modifier;
			sourceTree = "<group>";
		};
		BC78EFEC2A7A9F3600DC3352 /* BackgroundLottie */ = {
			isa = PBXGroup;
			children = (
				BC307E2A2A794A760008800A /* BackgroundSunnyDayLottie.json */,
				BC78EFE82A7A922900DC3352 /* BackgroundSunnyNightLottie.json */,
				BC78EFEA2A7A92B700DC3352 /* BackgroundCloudyLottie.json */,
				BC307E1D2A7934B60008800A /* BackgroundRainyLottie.json */,
				BC307E212A79371F0008800A /* BackgroundSnowLottie.json */,
			);
			path = BackgroundLottie;
			sourceTree = "<group>";
		};
		BC7D33E32A127A7300B1012F /* ViewRepresentable */ = {
			isa = PBXGroup;
			children = (
				BC7D33E42A127ABB00B1012F /* LottieView.swift */,
			);
			path = ViewRepresentable;
			sourceTree = "<group>";
		};
		BC86DB1A2A877F42004631D3 /* WeekView */ = {
			isa = PBXGroup;
			children = (
				BC86DB1B2A877F85004631D3 /* WeekWeatherItemView.swift */,
			);
			path = WeekView;
			sourceTree = "<group>";
		};
		BC91FD522A44839900D3E665 /* ViewModifier */ = {
			isa = PBXGroup;
			children = (
				BC307E232A79406B0008800A /* OnChange */,
				BC4DDA262A72B4DD000376C0 /* Background */,
				BCA2C1B52A603B5900BBEBE2 /* Loading */,
				BCA2C1B42A603B4B00BBEBE2 /* Font */,
				BCA2C1B32A603B3C00BBEBE2 /* GeometryReader */,
			);
			path = ViewModifier;
			sourceTree = "<group>";
		};
		BC9664692A41EB4900D2433C /* ViewController */ = {
			isa = PBXGroup;
			children = (
				BCA30FA429FE73C90078D0B1 /* TodayViewController.swift */,
				BC5386512A6EC18500D8E085 /* WeekViewController.swift */,
			);
			path = ViewController;
			sourceTree = "<group>";
		};
		BC96646A2A41ED0600D2433C /* TodayView */ = {
			isa = PBXGroup;
			children = (
				BCE489D02A4EAD5F00A18B2B /* CurrentWeatherInformationItemView.swift */,
				BC4DDA3B2A72C86D000376C0 /* CurrentWeatherInfItemPagerView.swift */,
				BC4DDA302A72BA4F000376C0 /* TodayWeatherItemScrollView.swift */,
				BCBE178A2A5302D300541AEB /* TodayWeatherItemView.swift */,
				BC4DDA322A72BD40000376C0 /* LeftOrRightAnimationView.swift */,
				BC4DDA352A72C3DE000376C0 /* TodaySunriseSunsetView.swift */,
				BC4DDA372A72C4D5000376C0 /* CurrentLocationAndDateView.swift */,
				BC4DDA392A72C69E000376C0 /* CurrentTempAndMinMaxTempView.swift */,
			);
			path = TodayView;
			sourceTree = "<group>";
		};
		BCA2C1B32A603B3C00BBEBE2 /* GeometryReader */ = {
			isa = PBXGroup;
			children = (
				BCA2C1B62A603B6900BBEBE2 /* GetHeight.swift */,
			);
			path = GeometryReader;
			sourceTree = "<group>";
		};
		BCA2C1B42A603B4B00BBEBE2 /* Font */ = {
			isa = PBXGroup;
			children = (
				BCE489CC2A4EA4CE00A18B2B /* SpoqaHanSansNeoFont.swift */,
			);
			path = Font;
			sourceTree = "<group>";
		};
		BCA2C1B52A603B5900BBEBE2 /* Loading */ = {
			isa = PBXGroup;
			children = (
				BC91FD532A4483CA00D3E665 /* LoadingProgress.swift */,
				BC251F282A76A18F004CE9CF /* LoadingProgressLottie.swift */,
			);
			path = Loading;
			sourceTree = "<group>";
		};
		BCA30F6D29FE20390078D0B1 = {
			isa = PBXGroup;
			children = (
				BCA30F7829FE203A0078D0B1 /* MyDedicatedWeatherApp */,
				BCA30F7729FE20390078D0B1 /* Products */,
			);
			sourceTree = "<group>";
		};
		BCA30F7729FE20390078D0B1 /* Products */ = {
			isa = PBXGroup;
			children = (
				BCA30F7629FE20390078D0B1 /* MyDedicatedWeatherApp.app */,
			);
			name = Products;
			sourceTree = "<group>";
		};
		BCA30F7829FE203A0078D0B1 /* MyDedicatedWeatherApp */ = {
			isa = PBXGroup;
			children = (
				BCBA400C2A7BFF4800B6EFD2 /* Util */,
				BCE489952A4EA2F900A18B2B /* CustomFont */,
				BCA30FA829FE7D780078D0B1 /* Info.plist */,
				BCA30F8F29FE26500078D0B1 /* Common */,
				BCA30F8929FE20800078D0B1 /* Service */,
				BCA30F8829FE20790078D0B1 /* Model */,
				BCA30F8729FE205D0078D0B1 /* View */,
				BCA30FA329FE72DF0078D0B1 /* ViewModel */,
				BCA30F7929FE203A0078D0B1 /* MyDedicatedWeatherAppApp.swift */,
				BCA30F7B29FE203A0078D0B1 /* ContentView.swift */,
				BCA30F7D29FE203A0078D0B1 /* Assets.xcassets */,
				BC137CA62A1282A9002D6667 /* LottieAnimation */,
				BCA30F7F29FE203B0078D0B1 /* Preview Content */,
				BCA30F9429FE39BC0078D0B1 /* Env.swift */,
			);
			path = MyDedicatedWeatherApp;
			sourceTree = "<group>";
		};
		BCA30F7F29FE203B0078D0B1 /* Preview Content */ = {
			isa = PBXGroup;
			children = (
				BCA30F8029FE203B0078D0B1 /* Preview Assets.xcassets */,
			);
			path = "Preview Content";
			sourceTree = "<group>";
		};
		BCA30F8729FE205D0078D0B1 /* View */ = {
			isa = PBXGroup;
			children = (
				BC7692362A431C69005F4D7B /* MainTabView.swift */,
				BC9664692A41EB4900D2433C /* ViewController */,
				BCA30FAB29FFE35B0078D0B1 /* ViewComponent */,
			);
			path = View;
			sourceTree = "<group>";
		};
		BCA30F8829FE20790078D0B1 /* Model */ = {
			isa = PBXGroup;
			children = (
				BCB16E2E2A4DC64B00AACFF0 /* KaKao */,
				BCA30F9829FE49DA0078D0B1 /* OpenData */,
			);
			path = Model;
			sourceTree = "<group>";
		};
		BCA30F8929FE20800078D0B1 /* Service */ = {
			isa = PBXGroup;
			children = (
				BCA30FA129FE6FC30078D0B1 /* JsonRequest.swift */,
				BCCA26282A51481B005BB1B5 /* SunOrMoonRiseServiceByXML.swift */,
			);
			path = Service;
			sourceTree = "<group>";
		};
		BCA30F8F29FE26500078D0B1 /* Common */ = {
			isa = PBXGroup;
			children = (
				BCA30F9029FE265B0078D0B1 /* Route.swift */,
				BCA30F9F29FE6D690078D0B1 /* ErrorType.swift */,
				BCA30FA929FFDC580078D0B1 /* Dummy.swift */,
				BC6EF8BC2A10AAB30072A2DE /* Extensions.swift */,
				BC37A6032A3F094E00C16278 /* CustomTypes.swift */,
				BCB16E2C2A4C717D00AACFF0 /* Validate.swift */,
				BCE489CE2A4EA78000A18B2B /* CustomColor.swift */,
			);
			path = Common;
			sourceTree = "<group>";
		};
		BCA30F9829FE49DA0078D0B1 /* OpenData */ = {
			isa = PBXGroup;
			children = (
				BCA30F9929FE49FE0078D0B1 /* OpenDataRes.swift */,
				BC4975882A83E01600FD5D87 /* MidTermForecastSkyStateBase.swift */,
				BCA30F9229FE28F20078D0B1 /* MidTermForecastTemperatureBase.swift */,
				BC85A94D2A02570E00C4CC48 /* VeryShortOrShortTermForecastBase.swift */,
				BC6EF8BE2A10C0DC0072A2DE /* RealTimeFindDustForecastBase.swift */,
				BC37A5FF2A3ED7BC00C16278 /* DustForecastStationBase.swift */,
				BC37A6012A3ED7CD00C16278 /* DustForecastStationXYBase.swift */,
				BCCA26262A514609005BB1B5 /* SunOrMoonRiseBase.swift */,
			);
			path = OpenData;
			sourceTree = "<group>";
		};
		BCA30FA329FE72DF0078D0B1 /* ViewModel */ = {
			isa = PBXGroup;
			children = (
				BCA30FA629FE73D70078D0B1 /* TodayViewModel.swift */,
				BCCD80672A07A59800501BEA /* LocationDataManagerVM.swift */,
				BC5386532A6EC19700D8E085 /* WeekViewModel.swift */,
			);
			path = ViewModel;
			sourceTree = "<group>";
		};
		BCA30FAB29FFE35B0078D0B1 /* ViewComponent */ = {
			isa = PBXGroup;
			children = (
				BC4DDA342A72BF48000376C0 /* TabView */,
				BC4DDA2D2A72B9A0000376C0 /* Divider */,
				BC5386502A6EC15600D8E085 /* WeekView */,
				BC91FD522A44839900D3E665 /* ViewModifier */,
				BC7D33E32A127A7300B1012F /* ViewRepresentable */,
				BC76923B2A4329BF005F4D7B /* Modifier */,
				BC7692382A431C94005F4D7B /* TabBar */,
			);
			path = ViewComponent;
			sourceTree = "<group>";
		};
		BCB16E2E2A4DC64B00AACFF0 /* KaKao */ = {
			isa = PBXGroup;
			children = (
				BCB16E2F2A4DC66300AACFF0 /* KakaoAddressBase.swift */,
			);
			path = KaKao;
			sourceTree = "<group>";
		};
		BCBA400C2A7BFF4800B6EFD2 /* Util */ = {
			isa = PBXGroup;
			children = (
				BCBA40172A7C033D00B6EFD2 /* Forecast */,
				BCA30F9629FE3A190078D0B1 /* CommonUtil.swift */,
			);
			path = Util;
			sourceTree = "<group>";
		};
		BCBA40172A7C033D00B6EFD2 /* Forecast */ = {
			isa = PBXGroup;
			children = (
				BCBA40112A7C01C300B6EFD2 /* VeryShortTermForecastUtil.swift */,
				BCBA400F2A7C01B400B6EFD2 /* ShortTermForecastUtil.swift */,
				BCBA40132A7C022100B6EFD2 /* MidTermForecastUtil.swift */,
				BCBA40152A7C032400B6EFD2 /* CommonForecastUtil.swift */,
				BCBA40182A7C06EE00B6EFD2 /* FineDustLookUpUtil.swift */,
			);
			path = Forecast;
			sourceTree = "<group>";
		};
		BCE489952A4EA2F900A18B2B /* CustomFont */ = {
			isa = PBXGroup;
			children = (
				BCE489B52A4EA33400A18B2B /* LICENSE */,
				BCE489A32A4EA33300A18B2B /* SpoqaHanSansNeo-Bold.eot */,
				BCE489AB2A4EA33400A18B2B /* SpoqaHanSansNeo-Bold.otf */,
				BCE489A42A4EA33400A18B2B /* SpoqaHanSansNeo-Bold.woff */,
				BCE489A92A4EA33400A18B2B /* SpoqaHanSansNeo-Bold.woff2 */,
				BCE489B12A4EA33400A18B2B /* SpoqaHanSansNeo-Light.eot */,
				BCE489AE2A4EA33400A18B2B /* SpoqaHanSansNeo-Light.otf */,
				BCE489AD2A4EA33400A18B2B /* SpoqaHanSansNeo-Light.woff */,
				BCE489A52A4EA33400A18B2B /* SpoqaHanSansNeo-Light.woff2 */,
				BCE489B42A4EA33400A18B2B /* SpoqaHanSansNeo-Medium.eot */,
				BCE489B62A4EA33400A18B2B /* SpoqaHanSansNeo-Medium.otf */,
				BCE489AA2A4EA33400A18B2B /* SpoqaHanSansNeo-Medium.woff */,
				BCE489B22A4EA33400A18B2B /* SpoqaHanSansNeo-Medium.woff2 */,
				BCE489AF2A4EA33400A18B2B /* SpoqaHanSansNeo-Regular.eot */,
				BCE489A62A4EA33400A18B2B /* SpoqaHanSansNeo-Regular.otf */,
				BCE489A22A4EA33300A18B2B /* SpoqaHanSansNeo-Regular.woff */,
				BCE489A82A4EA33400A18B2B /* SpoqaHanSansNeo-Regular.woff2 */,
				BCE489B32A4EA33400A18B2B /* SpoqaHanSansNeo-Thin.eot */,
				BCE489B02A4EA33400A18B2B /* SpoqaHanSansNeo-Thin.otf */,
				BCE489AC2A4EA33400A18B2B /* SpoqaHanSansNeo-Thin.woff */,
				BCE489A72A4EA33400A18B2B /* SpoqaHanSansNeo-Thin.woff2 */,
				BCE489962A4EA32200A18B2B /* LICENSE */,
				BCE489982A4EA32300A18B2B /* SpoqaHanSansNeo-Bold.otf */,
				BCE489972A4EA32200A18B2B /* SpoqaHanSansNeo-Light.otf */,
				BCE489992A4EA32300A18B2B /* SpoqaHanSansNeo-Medium.otf */,
				BCE4899A2A4EA32300A18B2B /* SpoqaHanSansNeo-Regular.otf */,
				BCE4899B2A4EA32400A18B2B /* SpoqaHanSansNeo-Thin.otf */,
			);
			path = CustomFont;
			sourceTree = "<group>";
		};
/* End PBXGroup section */

/* Begin PBXNativeTarget section */
		BCA30F7529FE20390078D0B1 /* MyDedicatedWeatherApp */ = {
			isa = PBXNativeTarget;
			buildConfigurationList = BCA30F8429FE203B0078D0B1 /* Build configuration list for PBXNativeTarget "MyDedicatedWeatherApp" */;
			buildPhases = (
				BCA30F7229FE20390078D0B1 /* Sources */,
				BCA30F7329FE20390078D0B1 /* Frameworks */,
				BCA30F7429FE20390078D0B1 /* Resources */,
			);
			buildRules = (
			);
			dependencies = (
			);
			name = MyDedicatedWeatherApp;
			packageProductDependencies = (
				BCA30F8B29FE25280078D0B1 /* Alamofire */,
				BC7D33E12A12788E00B1012F /* Lottie */,
				BC78251A2A5EE15900930FD6 /* SwiftUIPager */,
			);
			productName = MyDedicatedWeatherApp;
			productReference = BCA30F7629FE20390078D0B1 /* MyDedicatedWeatherApp.app */;
			productType = "com.apple.product-type.application";
		};
/* End PBXNativeTarget section */

/* Begin PBXProject section */
		BCA30F6E29FE20390078D0B1 /* Project object */ = {
			isa = PBXProject;
			attributes = {
				BuildIndependentTargetsInParallel = 1;
				LastSwiftUpdateCheck = 1420;
				LastUpgradeCheck = 1420;
				TargetAttributes = {
					BCA30F7529FE20390078D0B1 = {
						CreatedOnToolsVersion = 14.2;
					};
				};
			};
			buildConfigurationList = BCA30F7129FE20390078D0B1 /* Build configuration list for PBXProject "MyDedicatedWeatherApp" */;
			compatibilityVersion = "Xcode 14.0";
			developmentRegion = en;
			hasScannedForEncodings = 0;
			knownRegions = (
				en,
				Base,
			);
			mainGroup = BCA30F6D29FE20390078D0B1;
			packageReferences = (
				BCA30F8A29FE25280078D0B1 /* XCRemoteSwiftPackageReference "Alamofire" */,
				BC7D33E02A12788E00B1012F /* XCRemoteSwiftPackageReference "lottie-ios" */,
				BC7825192A5EE15900930FD6 /* XCRemoteSwiftPackageReference "SwiftUIPager" */,
			);
			productRefGroup = BCA30F7729FE20390078D0B1 /* Products */;
			projectDirPath = "";
			projectRoot = "";
			targets = (
				BCA30F7529FE20390078D0B1 /* MyDedicatedWeatherApp */,
			);
		};
/* End PBXProject section */

/* Begin PBXResourcesBuildPhase section */
		BCA30F7429FE20390078D0B1 /* Resources */ = {
			isa = PBXResourcesBuildPhase;
			buildActionMask = 2147483647;
			files = (
				BCB532132A75114100DC2B33 /* CloudManyNightLottie.json in Resources */,
				BCB532142A75114100DC2B33 /* SunnyLottie.json in Resources */,
				BCE4899F2A4EA32400A18B2B /* SpoqaHanSansNeo-Medium.otf in Resources */,
				BCE489C42A4EA33400A18B2B /* SpoqaHanSansNeo-Regular.eot in Resources */,
				BCB5321E2A75114100DC2B33 /* BlurLottie.json in Resources */,
				BCE4899C2A4EA32400A18B2B /* LICENSE in Resources */,
				BCB532192A75114100DC2B33 /* ThunderLottie.json in Resources */,
				BCB532172A75114100DC2B33 /* SunnyNightLottie.json in Resources */,
				BCB5321D2A75114100DC2B33 /* ThunderRainLottie.json in Resources */,
				BCB532182A75114100DC2B33 /* RainShowerLottie.json in Resources */,
				BC307E202A7935D60008800A /* LocationLottie.json in Resources */,
				BCE489B92A4EA33400A18B2B /* SpoqaHanSansNeo-Bold.woff in Resources */,
				BCE489C82A4EA33400A18B2B /* SpoqaHanSansNeo-Thin.eot in Resources */,
				BC78EFEB2A7A92B700DC3352 /* BackgroundCloudyLottie.json in Resources */,
				BCE4899D2A4EA32400A18B2B /* SpoqaHanSansNeo-Light.otf in Resources */,
				BCB532162A75114100DC2B33 /* RainShowerNightLottie.json in Resources */,
				BCE4899E2A4EA32400A18B2B /* SpoqaHanSansNeo-Bold.otf in Resources */,
				BCE489BF2A4EA33400A18B2B /* SpoqaHanSansNeo-Medium.woff in Resources */,
				BCE489A02A4EA32400A18B2B /* SpoqaHanSansNeo-Regular.otf in Resources */,
				BCB5321B2A75114100DC2B33 /* SnowLottie.json in Resources */,
				BC78EFE92A7A922900DC3352 /* BackgroundSunnyNightLottie.json in Resources */,
				BCE489BD2A4EA33400A18B2B /* SpoqaHanSansNeo-Regular.woff2 in Resources */,
				BCB5321A2A75114100DC2B33 /* CloudManyLottie.json in Resources */,
				BC251F2B2A76A2F8004CE9CF /* LoadingLottie.json in Resources */,
				BCB532152A75114100DC2B33 /* LoadFailLottie.json in Resources */,
				BCE489C92A4EA33400A18B2B /* SpoqaHanSansNeo-Medium.eot in Resources */,
				BCE489C12A4EA33400A18B2B /* SpoqaHanSansNeo-Thin.woff in Resources */,
				BCE489C72A4EA33400A18B2B /* SpoqaHanSansNeo-Medium.woff2 in Resources */,
				BCE489BC2A4EA33400A18B2B /* SpoqaHanSansNeo-Thin.woff2 in Resources */,
				BC307E1E2A7934B60008800A /* BackgroundRainyLottie.json in Resources */,
				BCE489B72A4EA33400A18B2B /* SpoqaHanSansNeo-Regular.woff in Resources */,
				BCE489B82A4EA33400A18B2B /* SpoqaHanSansNeo-Bold.eot in Resources */,
				BCE489BA2A4EA33400A18B2B /* SpoqaHanSansNeo-Light.woff2 in Resources */,
				BCE489BE2A4EA33400A18B2B /* SpoqaHanSansNeo-Bold.woff2 in Resources */,
				BC307E2B2A794A760008800A /* BackgroundSunnyDayLottie.json in Resources */,
				BCA30F8129FE203B0078D0B1 /* Preview Assets.xcassets in Resources */,
				BC307E222A79371F0008800A /* BackgroundSnowLottie.json in Resources */,
				BCB5321C2A75114100DC2B33 /* SnowNightLottie.json in Resources */,
				BCA30F7E29FE203A0078D0B1 /* Assets.xcassets in Resources */,
				BCE489C62A4EA33400A18B2B /* SpoqaHanSansNeo-Light.eot in Resources */,
				BCE489C22A4EA33400A18B2B /* SpoqaHanSansNeo-Light.woff in Resources */,
				BCE489A12A4EA32400A18B2B /* SpoqaHanSansNeo-Thin.otf in Resources */,
				BCB5321F2A75114100DC2B33 /* RainManyLottie.json in Resources */,
			);
			runOnlyForDeploymentPostprocessing = 0;
		};
/* End PBXResourcesBuildPhase section */

/* Begin PBXSourcesBuildPhase section */
		BCA30F7229FE20390078D0B1 /* Sources */ = {
			isa = PBXSourcesBuildPhase;
			buildActionMask = 2147483647;
			files = (
				BCA30F9129FE265B0078D0B1 /* Route.swift in Sources */,
				BC7D33E52A127ABB00B1012F /* LottieView.swift in Sources */,
				BCBE178B2A5302D300541AEB /* TodayWeatherItemView.swift in Sources */,
				BCE489CF2A4EA78000A18B2B /* CustomColor.swift in Sources */,
				BCA30F9A29FE49FE0078D0B1 /* OpenDataRes.swift in Sources */,
				BCB16E2D2A4C717D00AACFF0 /* Validate.swift in Sources */,
				BCA30F7C29FE203A0078D0B1 /* ContentView.swift in Sources */,
				BC86DB1C2A877F85004631D3 /* WeekWeatherItemView.swift in Sources */,
				BC4DDA312A72BA4F000376C0 /* TodayWeatherItemScrollView.swift in Sources */,
				BC307E252A7940950008800A /* OnChangeAtTodayViewController.swift in Sources */,
				BC4DDA2F2A72B9B8000376C0 /* LineDivider.swift in Sources */,
				BCB16E302A4DC66300AACFF0 /* KakaoAddressBase.swift in Sources */,
				BC251F292A76A18F004CE9CF /* LoadingProgressLottie.swift in Sources */,
				BCA30F9529FE39BC0078D0B1 /* Env.swift in Sources */,
				BCA2C1B72A603B6900BBEBE2 /* GetHeight.swift in Sources */,
				BCCD80682A07A59800501BEA /* LocationDataManagerVM.swift in Sources */,
				BCBA40102A7C01B400B6EFD2 /* ShortTermForecastUtil.swift in Sources */,
				BCA30FA529FE73C90078D0B1 /* TodayViewController.swift in Sources */,
				BCA30F9729FE3A190078D0B1 /* CommonUtil.swift in Sources */,
				BC76923D2A4329DC005F4D7B /* CornerRadiusStyle.swift in Sources */,
				BCA30FA729FE73D70078D0B1 /* TodayViewModel.swift in Sources */,
				BCCA26292A51481B005BB1B5 /* SunOrMoonRiseServiceByXML.swift in Sources */,
				BC37A6042A3F094E00C16278 /* CustomTypes.swift in Sources */,
				BC6EF8BD2A10AAB30072A2DE /* Extensions.swift in Sources */,
				BC4DDA382A72C4D5000376C0 /* CurrentLocationAndDateView.swift in Sources */,
				BCA30FA029FE6D690078D0B1 /* ErrorType.swift in Sources */,
				BCA30FA229FE6FC30078D0B1 /* JsonRequest.swift in Sources */,
				BC6EF8BF2A10C0DC0072A2DE /* RealTimeFindDustForecastBase.swift in Sources */,
				BC85A94E2A02570E00C4CC48 /* VeryShortOrShortTermForecastBase.swift in Sources */,
				BC7692372A431C69005F4D7B /* MainTabView.swift in Sources */,
				BC37A6002A3ED7BC00C16278 /* DustForecastStationBase.swift in Sources */,
				BCA30F7A29FE203A0078D0B1 /* MyDedicatedWeatherAppApp.swift in Sources */,
				BC76923A2A431CC8005F4D7B /* CustomBottomTabBarView.swift in Sources */,
				BCA30FAA29FFDC580078D0B1 /* Dummy.swift in Sources */,
				BCBA40162A7C032400B6EFD2 /* CommonForecastUtil.swift in Sources */,
				BCA30F9329FE28F20078D0B1 /* MidTermForecastTemperatureBase.swift in Sources */,
				BC4DDA362A72C3DE000376C0 /* TodaySunriseSunsetView.swift in Sources */,
				BC4975892A83E01600FD5D87 /* MidTermForecastSkyStateBase.swift in Sources */,
				BCBA40192A7C06EE00B6EFD2 /* FineDustLookUpUtil.swift in Sources */,
				BC4DDA332A72BD40000376C0 /* LeftOrRightAnimationView.swift in Sources */,
				BC91FD542A4483CA00D3E665 /* LoadingProgress.swift in Sources */,
				BC4DDA3C2A72C86D000376C0 /* CurrentWeatherInfItemPagerView.swift in Sources */,
				BCE489CD2A4EA4CE00A18B2B /* SpoqaHanSansNeoFont.swift in Sources */,
				BC5386542A6EC19700D8E085 /* WeekViewModel.swift in Sources */,
				BC37A6022A3ED7CD00C16278 /* DustForecastStationXYBase.swift in Sources */,
				BC4DDA282A72B4F1000376C0 /* TodayViewControllerBackground.swift in Sources */,
				BCE489D12A4EAD5F00A18B2B /* CurrentWeatherInformationItemView.swift in Sources */,
				BC4DDA3A2A72C69E000376C0 /* CurrentTempAndMinMaxTempView.swift in Sources */,
				BCBA40122A7C01C300B6EFD2 /* VeryShortTermForecastUtil.swift in Sources */,
				BC5386522A6EC18500D8E085 /* WeekViewController.swift in Sources */,
				BCBA40142A7C022100B6EFD2 /* MidTermForecastUtil.swift in Sources */,
				BCCA26272A514609005BB1B5 /* SunOrMoonRiseBase.swift in Sources */,
			);
			runOnlyForDeploymentPostprocessing = 0;
		};
/* End PBXSourcesBuildPhase section */

/* Begin XCBuildConfiguration section */
		BCA30F8229FE203B0078D0B1 /* Debug */ = {
			isa = XCBuildConfiguration;
			buildSettings = {
				ALWAYS_SEARCH_USER_PATHS = NO;
				CLANG_ANALYZER_NONNULL = YES;
				CLANG_ANALYZER_NUMBER_OBJECT_CONVERSION = YES_AGGRESSIVE;
				CLANG_CXX_LANGUAGE_STANDARD = "gnu++20";
				CLANG_ENABLE_MODULES = YES;
				CLANG_ENABLE_OBJC_ARC = YES;
				CLANG_ENABLE_OBJC_WEAK = YES;
				CLANG_WARN_BLOCK_CAPTURE_AUTORELEASING = YES;
				CLANG_WARN_BOOL_CONVERSION = YES;
				CLANG_WARN_COMMA = YES;
				CLANG_WARN_CONSTANT_CONVERSION = YES;
				CLANG_WARN_DEPRECATED_OBJC_IMPLEMENTATIONS = YES;
				CLANG_WARN_DIRECT_OBJC_ISA_USAGE = YES_ERROR;
				CLANG_WARN_DOCUMENTATION_COMMENTS = YES;
				CLANG_WARN_EMPTY_BODY = YES;
				CLANG_WARN_ENUM_CONVERSION = YES;
				CLANG_WARN_INFINITE_RECURSION = YES;
				CLANG_WARN_INT_CONVERSION = YES;
				CLANG_WARN_NON_LITERAL_NULL_CONVERSION = YES;
				CLANG_WARN_OBJC_IMPLICIT_RETAIN_SELF = YES;
				CLANG_WARN_OBJC_LITERAL_CONVERSION = YES;
				CLANG_WARN_OBJC_ROOT_CLASS = YES_ERROR;
				CLANG_WARN_QUOTED_INCLUDE_IN_FRAMEWORK_HEADER = YES;
				CLANG_WARN_RANGE_LOOP_ANALYSIS = YES;
				CLANG_WARN_STRICT_PROTOTYPES = YES;
				CLANG_WARN_SUSPICIOUS_MOVE = YES;
				CLANG_WARN_UNGUARDED_AVAILABILITY = YES_AGGRESSIVE;
				CLANG_WARN_UNREACHABLE_CODE = YES;
				CLANG_WARN__DUPLICATE_METHOD_MATCH = YES;
				COPY_PHASE_STRIP = NO;
				DEBUG_INFORMATION_FORMAT = dwarf;
				ENABLE_STRICT_OBJC_MSGSEND = YES;
				ENABLE_TESTABILITY = YES;
				GCC_C_LANGUAGE_STANDARD = gnu11;
				GCC_DYNAMIC_NO_PIC = NO;
				GCC_NO_COMMON_BLOCKS = YES;
				GCC_OPTIMIZATION_LEVEL = 0;
				GCC_PREPROCESSOR_DEFINITIONS = (
					"DEBUG=1",
					"$(inherited)",
				);
				GCC_WARN_64_TO_32_BIT_CONVERSION = YES;
				GCC_WARN_ABOUT_RETURN_TYPE = YES_ERROR;
				GCC_WARN_UNDECLARED_SELECTOR = YES;
				GCC_WARN_UNINITIALIZED_AUTOS = YES_AGGRESSIVE;
				GCC_WARN_UNUSED_FUNCTION = YES;
				GCC_WARN_UNUSED_VARIABLE = YES;
				IPHONEOS_DEPLOYMENT_TARGET = 16.2;
				MTL_ENABLE_DEBUG_INFO = INCLUDE_SOURCE;
				MTL_FAST_MATH = YES;
				ONLY_ACTIVE_ARCH = YES;
				SDKROOT = iphoneos;
				SWIFT_ACTIVE_COMPILATION_CONDITIONS = DEBUG;
				SWIFT_OPTIMIZATION_LEVEL = "-Onone";
			};
			name = Debug;
		};
		BCA30F8329FE203B0078D0B1 /* Release */ = {
			isa = XCBuildConfiguration;
			buildSettings = {
				ALWAYS_SEARCH_USER_PATHS = NO;
				CLANG_ANALYZER_NONNULL = YES;
				CLANG_ANALYZER_NUMBER_OBJECT_CONVERSION = YES_AGGRESSIVE;
				CLANG_CXX_LANGUAGE_STANDARD = "gnu++20";
				CLANG_ENABLE_MODULES = YES;
				CLANG_ENABLE_OBJC_ARC = YES;
				CLANG_ENABLE_OBJC_WEAK = YES;
				CLANG_WARN_BLOCK_CAPTURE_AUTORELEASING = YES;
				CLANG_WARN_BOOL_CONVERSION = YES;
				CLANG_WARN_COMMA = YES;
				CLANG_WARN_CONSTANT_CONVERSION = YES;
				CLANG_WARN_DEPRECATED_OBJC_IMPLEMENTATIONS = YES;
				CLANG_WARN_DIRECT_OBJC_ISA_USAGE = YES_ERROR;
				CLANG_WARN_DOCUMENTATION_COMMENTS = YES;
				CLANG_WARN_EMPTY_BODY = YES;
				CLANG_WARN_ENUM_CONVERSION = YES;
				CLANG_WARN_INFINITE_RECURSION = YES;
				CLANG_WARN_INT_CONVERSION = YES;
				CLANG_WARN_NON_LITERAL_NULL_CONVERSION = YES;
				CLANG_WARN_OBJC_IMPLICIT_RETAIN_SELF = YES;
				CLANG_WARN_OBJC_LITERAL_CONVERSION = YES;
				CLANG_WARN_OBJC_ROOT_CLASS = YES_ERROR;
				CLANG_WARN_QUOTED_INCLUDE_IN_FRAMEWORK_HEADER = YES;
				CLANG_WARN_RANGE_LOOP_ANALYSIS = YES;
				CLANG_WARN_STRICT_PROTOTYPES = YES;
				CLANG_WARN_SUSPICIOUS_MOVE = YES;
				CLANG_WARN_UNGUARDED_AVAILABILITY = YES_AGGRESSIVE;
				CLANG_WARN_UNREACHABLE_CODE = YES;
				CLANG_WARN__DUPLICATE_METHOD_MATCH = YES;
				COPY_PHASE_STRIP = NO;
				DEBUG_INFORMATION_FORMAT = "dwarf-with-dsym";
				ENABLE_NS_ASSERTIONS = NO;
				ENABLE_STRICT_OBJC_MSGSEND = YES;
				GCC_C_LANGUAGE_STANDARD = gnu11;
				GCC_NO_COMMON_BLOCKS = YES;
				GCC_WARN_64_TO_32_BIT_CONVERSION = YES;
				GCC_WARN_ABOUT_RETURN_TYPE = YES_ERROR;
				GCC_WARN_UNDECLARED_SELECTOR = YES;
				GCC_WARN_UNINITIALIZED_AUTOS = YES_AGGRESSIVE;
				GCC_WARN_UNUSED_FUNCTION = YES;
				GCC_WARN_UNUSED_VARIABLE = YES;
				IPHONEOS_DEPLOYMENT_TARGET = 16.2;
				MTL_ENABLE_DEBUG_INFO = NO;
				MTL_FAST_MATH = YES;
				SDKROOT = iphoneos;
				SWIFT_COMPILATION_MODE = wholemodule;
				SWIFT_OPTIMIZATION_LEVEL = "-O";
				VALIDATE_PRODUCT = YES;
			};
			name = Release;
		};
		BCA30F8529FE203B0078D0B1 /* Debug */ = {
			isa = XCBuildConfiguration;
			buildSettings = {
				ASSETCATALOG_COMPILER_APPICON_NAME = AppIcon;
				ASSETCATALOG_COMPILER_GLOBAL_ACCENT_COLOR_NAME = AccentColor;
				CODE_SIGN_STYLE = Automatic;
				CURRENT_PROJECT_VERSION = 1;
				DEVELOPMENT_ASSET_PATHS = "\"MyDedicatedWeatherApp/Preview Content\"";
				DEVELOPMENT_TEAM = 475T36V685;
				ENABLE_PREVIEWS = YES;
				GENERATE_INFOPLIST_FILE = YES;
				INFOPLIST_FILE = MyDedicatedWeatherApp/Info.plist;
				INFOPLIST_KEY_NSLocationAlwaysAndWhenInUseUsageDescription = "내 위치 확인를 위해 권한이 필요합니다.";
				INFOPLIST_KEY_NSLocationWhenInUseUsageDescription = "내 위치 확인을 위해 권한이 필요합니다.";
				INFOPLIST_KEY_UIApplicationSceneManifest_Generation = YES;
				INFOPLIST_KEY_UIApplicationSupportsIndirectInputEvents = YES;
				INFOPLIST_KEY_UILaunchScreen_Generation = YES;
				INFOPLIST_KEY_UISupportedInterfaceOrientations_iPad = "UIInterfaceOrientationPortrait UIInterfaceOrientationPortraitUpsideDown UIInterfaceOrientationLandscapeLeft UIInterfaceOrientationLandscapeRight";
				INFOPLIST_KEY_UISupportedInterfaceOrientations_iPhone = "UIInterfaceOrientationPortrait UIInterfaceOrientationLandscapeLeft UIInterfaceOrientationLandscapeRight";
				IPHONEOS_DEPLOYMENT_TARGET = 15.0;
				LD_RUNPATH_SEARCH_PATHS = (
					"$(inherited)",
					"@executable_path/Frameworks",
				);
				MARKETING_VERSION = 1.0;
				PRODUCT_BUNDLE_IDENTIFIER = kr.xoul.MyDedicatedWeatherApp;
				PRODUCT_NAME = "$(TARGET_NAME)";
				SWIFT_EMIT_LOC_STRINGS = YES;
				SWIFT_VERSION = 5.0;
				TARGETED_DEVICE_FAMILY = "1,2";
			};
			name = Debug;
		};
		BCA30F8629FE203B0078D0B1 /* Release */ = {
			isa = XCBuildConfiguration;
			buildSettings = {
				ASSETCATALOG_COMPILER_APPICON_NAME = AppIcon;
				ASSETCATALOG_COMPILER_GLOBAL_ACCENT_COLOR_NAME = AccentColor;
				CODE_SIGN_STYLE = Automatic;
				CURRENT_PROJECT_VERSION = 1;
				DEVELOPMENT_ASSET_PATHS = "\"MyDedicatedWeatherApp/Preview Content\"";
				DEVELOPMENT_TEAM = 475T36V685;
				ENABLE_PREVIEWS = YES;
				GENERATE_INFOPLIST_FILE = YES;
				INFOPLIST_FILE = MyDedicatedWeatherApp/Info.plist;
				INFOPLIST_KEY_NSLocationAlwaysAndWhenInUseUsageDescription = "내 위치 확인를 위해 권한이 필요합니다.";
				INFOPLIST_KEY_NSLocationWhenInUseUsageDescription = "내 위치 확인을 위해 권한이 필요합니다.";
				INFOPLIST_KEY_UIApplicationSceneManifest_Generation = YES;
				INFOPLIST_KEY_UIApplicationSupportsIndirectInputEvents = YES;
				INFOPLIST_KEY_UILaunchScreen_Generation = YES;
				INFOPLIST_KEY_UISupportedInterfaceOrientations_iPad = "UIInterfaceOrientationPortrait UIInterfaceOrientationPortraitUpsideDown UIInterfaceOrientationLandscapeLeft UIInterfaceOrientationLandscapeRight";
				INFOPLIST_KEY_UISupportedInterfaceOrientations_iPhone = "UIInterfaceOrientationPortrait UIInterfaceOrientationLandscapeLeft UIInterfaceOrientationLandscapeRight";
				IPHONEOS_DEPLOYMENT_TARGET = 15.0;
				LD_RUNPATH_SEARCH_PATHS = (
					"$(inherited)",
					"@executable_path/Frameworks",
				);
				MARKETING_VERSION = 1.0;
				PRODUCT_BUNDLE_IDENTIFIER = kr.xoul.MyDedicatedWeatherApp;
				PRODUCT_NAME = "$(TARGET_NAME)";
				SWIFT_EMIT_LOC_STRINGS = YES;
				SWIFT_VERSION = 5.0;
				TARGETED_DEVICE_FAMILY = "1,2";
			};
			name = Release;
		};
/* End XCBuildConfiguration section */

/* Begin XCConfigurationList section */
		BCA30F7129FE20390078D0B1 /* Build configuration list for PBXProject "MyDedicatedWeatherApp" */ = {
			isa = XCConfigurationList;
			buildConfigurations = (
				BCA30F8229FE203B0078D0B1 /* Debug */,
				BCA30F8329FE203B0078D0B1 /* Release */,
			);
			defaultConfigurationIsVisible = 0;
			defaultConfigurationName = Release;
		};
		BCA30F8429FE203B0078D0B1 /* Build configuration list for PBXNativeTarget "MyDedicatedWeatherApp" */ = {
			isa = XCConfigurationList;
			buildConfigurations = (
				BCA30F8529FE203B0078D0B1 /* Debug */,
				BCA30F8629FE203B0078D0B1 /* Release */,
			);
			defaultConfigurationIsVisible = 0;
			defaultConfigurationName = Release;
		};
/* End XCConfigurationList section */

/* Begin XCRemoteSwiftPackageReference section */
		BC7825192A5EE15900930FD6 /* XCRemoteSwiftPackageReference "SwiftUIPager" */ = {
			isa = XCRemoteSwiftPackageReference;
			repositoryURL = "https://github.com/fermoya/SwiftUIPager.git";
			requirement = {
				kind = upToNextMajorVersion;
				minimumVersion = 2.0.0;
			};
		};
		BC7D33E02A12788E00B1012F /* XCRemoteSwiftPackageReference "lottie-ios" */ = {
			isa = XCRemoteSwiftPackageReference;
			repositoryURL = "https://github.com/airbnb/lottie-ios";
			requirement = {
				kind = upToNextMajorVersion;
				minimumVersion = 4.2.0;
			};
		};
		BCA30F8A29FE25280078D0B1 /* XCRemoteSwiftPackageReference "Alamofire" */ = {
			isa = XCRemoteSwiftPackageReference;
			repositoryURL = "https://github.com/Alamofire/Alamofire.git";
			requirement = {
				kind = upToNextMajorVersion;
				minimumVersion = 5.6.1;
			};
		};
/* End XCRemoteSwiftPackageReference section */

/* Begin XCSwiftPackageProductDependency section */
		BC78251A2A5EE15900930FD6 /* SwiftUIPager */ = {
			isa = XCSwiftPackageProductDependency;
			package = BC7825192A5EE15900930FD6 /* XCRemoteSwiftPackageReference "SwiftUIPager" */;
			productName = SwiftUIPager;
		};
		BC7D33E12A12788E00B1012F /* Lottie */ = {
			isa = XCSwiftPackageProductDependency;
			package = BC7D33E02A12788E00B1012F /* XCRemoteSwiftPackageReference "lottie-ios" */;
			productName = Lottie;
		};
		BCA30F8B29FE25280078D0B1 /* Alamofire */ = {
			isa = XCSwiftPackageProductDependency;
			package = BCA30F8A29FE25280078D0B1 /* XCRemoteSwiftPackageReference "Alamofire" */;
			productName = Alamofire;
		};
/* End XCSwiftPackageProductDependency section */
	};
	rootObject = BCA30F6E29FE20390078D0B1 /* Project object */;
}
